
Microsoft Visual Studio Solution File, Format Version 12.00
# Visual Studio Version 16
VisualStudioVersion = 16.0.30114.105
MinimumVisualStudioVersion = 10.0.40219.1
Project("{FAE04EC0-301F-11D3-BF4B-00C04F79EFBC}") = "Day16.Logic", "Day16.Logic\Day16.Logic.csproj", "{ABA73389-B0F5-48AA-BB8C-076177B21459}"
EndProject
Project("{FAE04EC0-301F-11D3-BF4B-00C04F79EFBC}") = "Day16.UnitTests", "Day16.UnitTests\Day16.UnitTests.csproj", "{047C5503-6343-403A-BCF2-EAC4B0E7C62F}"
EndProject
Global
	GlobalSection(SolutionConfigurationPlatforms) = preSolution
		Debug|Any CPU = Debug|Any CPU
		Debug|x64 = Debug|x64
		Debug|x86 = Debug|x86
		Release|Any CPU = Release|Any CPU
		Release|x64 = Release|x64
		Release|x86 = Release|x86
	EndGlobalSection
	GlobalSection(SolutionProperties) = preSolution
		HideSolutionNode = FALSE
	EndGlobalSection
	GlobalSection(ProjectConfigurationPlatforms) = postSolution
		{ABA73389-B0F5-48AA-BB8C-076177B21459}.Debug|Any CPU.ActiveCfg = Debug|Any CPU
		{ABA73389-B0F5-48AA-BB8C-076177B21459}.Debug|Any CPU.Build.0 = Debug|Any CPU
		{ABA73389-B0F5-48AA-BB8C-076177B21459}.Debug|x64.ActiveCfg = Debug|Any CPU
		{ABA73389-B0F5-48AA-BB8C-076177B21459}.Debug|x64.Build.0 = Debug|Any CPU
		{ABA73389-B0F5-48AA-BB8C-076177B21459}.Debug|x86.ActiveCfg = Debug|Any CPU
		{ABA73389-B0F5-48AA-BB8C-076177B21459}.Debug|x86.Build.0 = Debug|Any CPU
		{ABA73389-B0F5-48AA-BB8C-076177B21459}.Release|Any CPU.ActiveCfg = Release|Any CPU
		{ABA73389-B0F5-48AA-BB8C-076177B21459}.Release|Any CPU.Build.0 = Release|Any CPU
		{ABA73389-B0F5-48AA-BB8C-076177B21459}.Release|x64.ActiveCfg = Release|Any CPU
		{ABA73389-B0F5-48AA-BB8C-076177B21459}.Release|x64.Build.0 = Release|Any CPU
		{ABA73389-B0F5-48AA-BB8C-076177B21459}.Release|x86.ActiveCfg = Release|Any CPU
		{ABA73389-B0F5-48AA-BB8C-076177B21459}.Release|x86.Build.0 = Release|Any CPU
		{047C5503-6343-403A-BCF2-EAC4B0E7C62F}.Debug|Any CPU.ActiveCfg = Debug|Any CPU
		{047C5503-6343-403A-BCF2-EAC4B0E7C62F}.Debug|Any CPU.Build.0 = Debug|Any CPU
		{047C5503-6343-403A-BCF2-EAC4B0E7C62F}.Debug|x64.ActiveCfg = Debug|Any CPU
		{047C5503-6343-403A-BCF2-EAC4B0E7C62F}.Debug|x64.Build.0 = Debug|Any CPU
		{047C5503-6343-403A-BCF2-EAC4B0E7C62F}.Debug|x86.ActiveCfg = Debug|Any CPU
		{047C5503-6343-403A-BCF2-EAC4B0E7C62F}.Debug|x86.Build.0 = Debug|Any CPU
		{047C5503-6343-403A-BCF2-EAC4B0E7C62F}.Release|Any CPU.ActiveCfg = Release|Any CPU
		{047C5503-6343-403A-BCF2-EAC4B0E7C62F}.Release|Any CPU.Build.0 = Release|Any CPU
		{047C5503-6343-403A-BCF2-EAC4B0E7C62F}.Release|x64.ActiveCfg = Release|Any CPU
		{047C5503-6343-403A-BCF2-EAC4B0E7C62F}.Release|x64.Build.0 = Release|Any CPU
		{047C5503-6343-403A-BCF2-EAC4B0E7C62F}.Release|x86.ActiveCfg = Release|Any CPU
		{047C5503-6343-403A-BCF2-EAC4B0E7C62F}.Release|x86.Build.0 = Release|Any CPU
	EndGlobalSection
EndGlobal
