
Microsoft Visual Studio Solution File, Format Version 12.00
# Visual Studio Version 16
VisualStudioVersion = 16.0.30114.105
MinimumVisualStudioVersion = 10.0.40219.1
Project("{FAE04EC0-301F-11D3-BF4B-00C04F79EFBC}") = "FindTheMiddleElement.Logic", "FindTheMiddleElement.Logic\FindTheMiddleElement.Logic.csproj", "{DA9264EB-0310-4A9C-8FEF-8EEC404F13EC}"
EndProject
Project("{FAE04EC0-301F-11D3-BF4B-00C04F79EFBC}") = "FindTheMiddleElement.UnitTests", "FindTheMiddleElement.UnitTests\FindTheMiddleElement.UnitTests.csproj", "{7D0720DA-83F7-4A20-9018-3F240C89007C}"
EndProject
Global
	GlobalSection(SolutionConfigurationPlatforms) = preSolution
		Debug|Any CPU = Debug|Any CPU
		Release|Any CPU = Release|Any CPU
	EndGlobalSection
	GlobalSection(SolutionProperties) = preSolution
		HideSolutionNode = FALSE
	EndGlobalSection
	GlobalSection(ProjectConfigurationPlatforms) = postSolution
		{DA9264EB-0310-4A9C-8FEF-8EEC404F13EC}.Debug|Any CPU.ActiveCfg = Debug|Any CPU
		{DA9264EB-0310-4A9C-8FEF-8EEC404F13EC}.Debug|Any CPU.Build.0 = Debug|Any CPU
		{DA9264EB-0310-4A9C-8FEF-8EEC404F13EC}.Release|Any CPU.ActiveCfg = Release|Any CPU
		{DA9264EB-0310-4A9C-8FEF-8EEC404F13EC}.Release|Any CPU.Build.0 = Release|Any CPU
		{7D0720DA-83F7-4A20-9018-3F240C89007C}.Debug|Any CPU.ActiveCfg = Debug|Any CPU
		{7D0720DA-83F7-4A20-9018-3F240C89007C}.Debug|Any CPU.Build.0 = Debug|Any CPU
		{7D0720DA-83F7-4A20-9018-3F240C89007C}.Release|Any CPU.ActiveCfg = Release|Any CPU
		{7D0720DA-83F7-4A20-9018-3F240C89007C}.Release|Any CPU.Build.0 = Release|Any CPU
	EndGlobalSection
EndGlobal
