
Microsoft Visual Studio Solution File, Format Version 12.00
# Visual Studio Version 17
VisualStudioVersion = 17.0.31903.59
MinimumVisualStudioVersion = 10.0.40219.1
Project("{FAE04EC0-301F-11D3-BF4B-00C04F79EFBC}") = "BuildTower.Logic", "BuildTower.Logic\BuildTower.Logic.csproj", "{A9D6A769-FE33-4137-A137-C40DD5928AF9}"
EndProject
Project("{FAE04EC0-301F-11D3-BF4B-00C04F79EFBC}") = "BuildTower.UnitTests", "BuildTower.UnitTests\BuildTower.UnitTests.csproj", "{95A471CE-0F95-4DBC-A3AA-A1549853ECD8}"
EndProject
Global
	GlobalSection(SolutionConfigurationPlatforms) = preSolution
		Debug|Any CPU = Debug|Any CPU
		Release|Any CPU = Release|Any CPU
	EndGlobalSection
	GlobalSection(SolutionProperties) = preSolution
		HideSolutionNode = FALSE
	EndGlobalSection
	GlobalSection(ProjectConfigurationPlatforms) = postSolution
		{A9D6A769-FE33-4137-A137-C40DD5928AF9}.Debug|Any CPU.ActiveCfg = Debug|Any CPU
		{A9D6A769-FE33-4137-A137-C40DD5928AF9}.Debug|Any CPU.Build.0 = Debug|Any CPU
		{A9D6A769-FE33-4137-A137-C40DD5928AF9}.Release|Any CPU.ActiveCfg = Release|Any CPU
		{A9D6A769-FE33-4137-A137-C40DD5928AF9}.Release|Any CPU.Build.0 = Release|Any CPU
		{95A471CE-0F95-4DBC-A3AA-A1549853ECD8}.Debug|Any CPU.ActiveCfg = Debug|Any CPU
		{95A471CE-0F95-4DBC-A3AA-A1549853ECD8}.Debug|Any CPU.Build.0 = Debug|Any CPU
		{95A471CE-0F95-4DBC-A3AA-A1549853ECD8}.Release|Any CPU.ActiveCfg = Release|Any CPU
		{95A471CE-0F95-4DBC-A3AA-A1549853ECD8}.Release|Any CPU.Build.0 = Release|Any CPU
	EndGlobalSection
EndGlobal
