
Microsoft Visual Studio Solution File, Format Version 12.00
# Visual Studio Version 16
VisualStudioVersion = 16.0.30114.105
MinimumVisualStudioVersion = 10.0.40219.1
Project("{FAE04EC0-301F-11D3-BF4B-00C04F79EFBC}") = "SumOfTwoLowestPositiveIntegers.Logic", "SumOfTwoLowestPositiveIntegers.Logic\SumOfTwoLowestPositiveIntegers.Logic.csproj", "{C9B00DDA-CE1A-4071-9930-4973D6B79A03}"
EndProject
Project("{FAE04EC0-301F-11D3-BF4B-00C04F79EFBC}") = "SumOfTwoLowestPositiveIntegers.UnitTests", "SumOfTwoLowestPositiveIntegers.UnitTests\SumOfTwoLowestPositiveIntegers.UnitTests.csproj", "{1C8D0B2F-0DA6-46C1-AF80-8488CB7A8365}"
EndProject
Global
	GlobalSection(SolutionConfigurationPlatforms) = preSolution
		Debug|Any CPU = Debug|Any CPU
		Release|Any CPU = Release|Any CPU
	EndGlobalSection
	GlobalSection(SolutionProperties) = preSolution
		HideSolutionNode = FALSE
	EndGlobalSection
	GlobalSection(ProjectConfigurationPlatforms) = postSolution
		{C9B00DDA-CE1A-4071-9930-4973D6B79A03}.Debug|Any CPU.ActiveCfg = Debug|Any CPU
		{C9B00DDA-CE1A-4071-9930-4973D6B79A03}.Debug|Any CPU.Build.0 = Debug|Any CPU
		{C9B00DDA-CE1A-4071-9930-4973D6B79A03}.Release|Any CPU.ActiveCfg = Release|Any CPU
		{C9B00DDA-CE1A-4071-9930-4973D6B79A03}.Release|Any CPU.Build.0 = Release|Any CPU
		{1C8D0B2F-0DA6-46C1-AF80-8488CB7A8365}.Debug|Any CPU.ActiveCfg = Debug|Any CPU
		{1C8D0B2F-0DA6-46C1-AF80-8488CB7A8365}.Debug|Any CPU.Build.0 = Debug|Any CPU
		{1C8D0B2F-0DA6-46C1-AF80-8488CB7A8365}.Release|Any CPU.ActiveCfg = Release|Any CPU
		{1C8D0B2F-0DA6-46C1-AF80-8488CB7A8365}.Release|Any CPU.Build.0 = Release|Any CPU
	EndGlobalSection
EndGlobal
