
Microsoft Visual Studio Solution File, Format Version 12.00
# Visual Studio Version 16
VisualStudioVersion = 16.0.30114.105
MinimumVisualStudioVersion = 10.0.40219.1
Project("{FAE04EC0-301F-11D3-BF4B-00C04F79EFBC}") = "LeapYear.Logic", "LeapYear.Logic\LeapYear.Logic.csproj", "{846D4C71-62E9-40BE-921F-B46F57982B17}"
EndProject
Project("{FAE04EC0-301F-11D3-BF4B-00C04F79EFBC}") = "LeapYear.UnitTests", "LeapYear.UnitTests\LeapYear.UnitTests.csproj", "{5E11A2CA-8A50-4D38-9611-93B45A3D3868}"
EndProject
Global
	GlobalSection(SolutionConfigurationPlatforms) = preSolution
		Debug|Any CPU = Debug|Any CPU
		Release|Any CPU = Release|Any CPU
	EndGlobalSection
	GlobalSection(SolutionProperties) = preSolution
		HideSolutionNode = FALSE
	EndGlobalSection
	GlobalSection(ProjectConfigurationPlatforms) = postSolution
		{846D4C71-62E9-40BE-921F-B46F57982B17}.Debug|Any CPU.ActiveCfg = Debug|Any CPU
		{846D4C71-62E9-40BE-921F-B46F57982B17}.Debug|Any CPU.Build.0 = Debug|Any CPU
		{846D4C71-62E9-40BE-921F-B46F57982B17}.Release|Any CPU.ActiveCfg = Release|Any CPU
		{846D4C71-62E9-40BE-921F-B46F57982B17}.Release|Any CPU.Build.0 = Release|Any CPU
		{5E11A2CA-8A50-4D38-9611-93B45A3D3868}.Debug|Any CPU.ActiveCfg = Debug|Any CPU
		{5E11A2CA-8A50-4D38-9611-93B45A3D3868}.Debug|Any CPU.Build.0 = Debug|Any CPU
		{5E11A2CA-8A50-4D38-9611-93B45A3D3868}.Release|Any CPU.ActiveCfg = Release|Any CPU
		{5E11A2CA-8A50-4D38-9611-93B45A3D3868}.Release|Any CPU.Build.0 = Release|Any CPU
	EndGlobalSection
EndGlobal
