
Microsoft Visual Studio Solution File, Format Version 12.00
# Visual Studio Version 17
VisualStudioVersion = 17.0.31903.59
MinimumVisualStudioVersion = 10.0.40219.1
Project("{2150E333-8FDC-42A3-9474-1A3956D46DE8}") = "Day1", "Day1", "{9D778C1D-9E15-4144-A1D9-E078AC37F0D3}"
EndProject
Project("{FAE04EC0-301F-11D3-BF4B-00C04F79EFBC}") = "Day1.Logic", "Day1\Day1.Logic\Day1.Logic.csproj", "{2E453419-60EF-4077-851C-9C1D4270DCA1}"
EndProject
Project("{FAE04EC0-301F-11D3-BF4B-00C04F79EFBC}") = "Day1.UnitTests", "Day1\Day1.UnitTests\Day1.UnitTests.csproj", "{87696106-6B34-4D5B-8584-9D2970749F08}"
EndProject
Project("{2150E333-8FDC-42A3-9474-1A3956D46DE8}") = "Day2", "Day2", "{7E23A15C-DBA7-4EC8-8B75-D161F41CD492}"
EndProject
Project("{FAE04EC0-301F-11D3-BF4B-00C04F79EFBC}") = "Day2.Logic", "Day2\Day2.Logic\Day2.Logic.csproj", "{461C45EA-E598-42B4-8F14-9A5A560BA80B}"
EndProject
Project("{FAE04EC0-301F-11D3-BF4B-00C04F79EFBC}") = "Day2.UnitTests", "Day2\Day2.UnitTests\Day2.UnitTests.csproj", "{B29D15DB-713F-44B2-94A3-A0AD19D4CB9F}"
EndProject
Project("{2150E333-8FDC-42A3-9474-1A3956D46DE8}") = "Day3", "Day3", "{507C1B41-E1F5-464C-B3FA-D844607820B4}"
EndProject
Project("{FAE04EC0-301F-11D3-BF4B-00C04F79EFBC}") = "Day3.Logic", "Day3\Day3.Logic\Day3.Logic.csproj", "{BC8F8E21-213F-4791-9BCD-C8EA583906D7}"
EndProject
Project("{FAE04EC0-301F-11D3-BF4B-00C04F79EFBC}") = "Day3.UnitTests", "Day3\Day3.UnitTests\Day3.UnitTests.csproj", "{69870CB8-C8E2-4651-A7A9-B5689968EA6A}"
EndProject
Project("{2150E333-8FDC-42A3-9474-1A3956D46DE8}") = "Day4", "Day4", "{A1BD7088-E706-41B6-BC14-9BD3E495E2F0}"
EndProject
Project("{FAE04EC0-301F-11D3-BF4B-00C04F79EFBC}") = "Day4.Logic", "Day4\Day4.Logic\Day4.Logic.csproj", "{41743707-423D-4B8D-A95F-4FDB1B30F848}"
EndProject
Project("{FAE04EC0-301F-11D3-BF4B-00C04F79EFBC}") = "Day4.UnitTests", "Day4\Day4.UnitTests\Day4.UnitTests.csproj", "{B3ACEB27-A614-420F-9FD6-1C5DF6436B48}"
EndProject
Project("{2150E333-8FDC-42A3-9474-1A3956D46DE8}") = "Day5", "Day5", "{9B1AABF3-2D70-428D-A187-9C332E0118BB}"
EndProject
Project("{FAE04EC0-301F-11D3-BF4B-00C04F79EFBC}") = "Day5.Logic", "Day5\Day5.Logic\Day5.Logic.csproj", "{5432B41F-4788-497F-9CE9-41133A379991}"
EndProject
Project("{FAE04EC0-301F-11D3-BF4B-00C04F79EFBC}") = "Day5.UnitTests", "Day5\Day5.UnitTests\Day5.UnitTests.csproj", "{F64A75B2-32B3-4724-9296-999678A52C33}"
EndProject
Global
	GlobalSection(SolutionConfigurationPlatforms) = preSolution
		Debug|Any CPU = Debug|Any CPU
		Release|Any CPU = Release|Any CPU
	EndGlobalSection
	GlobalSection(SolutionProperties) = preSolution
		HideSolutionNode = FALSE
	EndGlobalSection
	GlobalSection(ProjectConfigurationPlatforms) = postSolution
		{2E453419-60EF-4077-851C-9C1D4270DCA1}.Debug|Any CPU.ActiveCfg = Debug|Any CPU
		{2E453419-60EF-4077-851C-9C1D4270DCA1}.Debug|Any CPU.Build.0 = Debug|Any CPU
		{2E453419-60EF-4077-851C-9C1D4270DCA1}.Release|Any CPU.ActiveCfg = Release|Any CPU
		{2E453419-60EF-4077-851C-9C1D4270DCA1}.Release|Any CPU.Build.0 = Release|Any CPU
		{87696106-6B34-4D5B-8584-9D2970749F08}.Debug|Any CPU.ActiveCfg = Debug|Any CPU
		{87696106-6B34-4D5B-8584-9D2970749F08}.Debug|Any CPU.Build.0 = Debug|Any CPU
		{87696106-6B34-4D5B-8584-9D2970749F08}.Release|Any CPU.ActiveCfg = Release|Any CPU
		{87696106-6B34-4D5B-8584-9D2970749F08}.Release|Any CPU.Build.0 = Release|Any CPU
		{461C45EA-E598-42B4-8F14-9A5A560BA80B}.Debug|Any CPU.ActiveCfg = Debug|Any CPU
		{461C45EA-E598-42B4-8F14-9A5A560BA80B}.Debug|Any CPU.Build.0 = Debug|Any CPU
		{461C45EA-E598-42B4-8F14-9A5A560BA80B}.Release|Any CPU.ActiveCfg = Release|Any CPU
		{461C45EA-E598-42B4-8F14-9A5A560BA80B}.Release|Any CPU.Build.0 = Release|Any CPU
		{B29D15DB-713F-44B2-94A3-A0AD19D4CB9F}.Debug|Any CPU.ActiveCfg = Debug|Any CPU
		{B29D15DB-713F-44B2-94A3-A0AD19D4CB9F}.Debug|Any CPU.Build.0 = Debug|Any CPU
		{B29D15DB-713F-44B2-94A3-A0AD19D4CB9F}.Release|Any CPU.ActiveCfg = Release|Any CPU
		{B29D15DB-713F-44B2-94A3-A0AD19D4CB9F}.Release|Any CPU.Build.0 = Release|Any CPU
		{BC8F8E21-213F-4791-9BCD-C8EA583906D7}.Debug|Any CPU.ActiveCfg = Debug|Any CPU
		{BC8F8E21-213F-4791-9BCD-C8EA583906D7}.Debug|Any CPU.Build.0 = Debug|Any CPU
		{BC8F8E21-213F-4791-9BCD-C8EA583906D7}.Release|Any CPU.ActiveCfg = Release|Any CPU
		{BC8F8E21-213F-4791-9BCD-C8EA583906D7}.Release|Any CPU.Build.0 = Release|Any CPU
		{69870CB8-C8E2-4651-A7A9-B5689968EA6A}.Debug|Any CPU.ActiveCfg = Debug|Any CPU
		{69870CB8-C8E2-4651-A7A9-B5689968EA6A}.Debug|Any CPU.Build.0 = Debug|Any CPU
		{69870CB8-C8E2-4651-A7A9-B5689968EA6A}.Release|Any CPU.ActiveCfg = Release|Any CPU
		{69870CB8-C8E2-4651-A7A9-B5689968EA6A}.Release|Any CPU.Build.0 = Release|Any CPU
		{41743707-423D-4B8D-A95F-4FDB1B30F848}.Debug|Any CPU.ActiveCfg = Debug|Any CPU
		{41743707-423D-4B8D-A95F-4FDB1B30F848}.Debug|Any CPU.Build.0 = Debug|Any CPU
		{41743707-423D-4B8D-A95F-4FDB1B30F848}.Release|Any CPU.ActiveCfg = Release|Any CPU
		{41743707-423D-4B8D-A95F-4FDB1B30F848}.Release|Any CPU.Build.0 = Release|Any CPU
		{B3ACEB27-A614-420F-9FD6-1C5DF6436B48}.Debug|Any CPU.ActiveCfg = Debug|Any CPU
		{B3ACEB27-A614-420F-9FD6-1C5DF6436B48}.Debug|Any CPU.Build.0 = Debug|Any CPU
		{B3ACEB27-A614-420F-9FD6-1C5DF6436B48}.Release|Any CPU.ActiveCfg = Release|Any CPU
		{B3ACEB27-A614-420F-9FD6-1C5DF6436B48}.Release|Any CPU.Build.0 = Release|Any CPU
		{5432B41F-4788-497F-9CE9-41133A379991}.Debug|Any CPU.ActiveCfg = Debug|Any CPU
		{5432B41F-4788-497F-9CE9-41133A379991}.Debug|Any CPU.Build.0 = Debug|Any CPU
		{5432B41F-4788-497F-9CE9-41133A379991}.Release|Any CPU.ActiveCfg = Release|Any CPU
		{5432B41F-4788-497F-9CE9-41133A379991}.Release|Any CPU.Build.0 = Release|Any CPU
		{F64A75B2-32B3-4724-9296-999678A52C33}.Debug|Any CPU.ActiveCfg = Debug|Any CPU
		{F64A75B2-32B3-4724-9296-999678A52C33}.Debug|Any CPU.Build.0 = Debug|Any CPU
		{F64A75B2-32B3-4724-9296-999678A52C33}.Release|Any CPU.ActiveCfg = Release|Any CPU
		{F64A75B2-32B3-4724-9296-999678A52C33}.Release|Any CPU.Build.0 = Release|Any CPU
	EndGlobalSection
	GlobalSection(NestedProjects) = preSolution
		{2E453419-60EF-4077-851C-9C1D4270DCA1} = {9D778C1D-9E15-4144-A1D9-E078AC37F0D3}
		{87696106-6B34-4D5B-8584-9D2970749F08} = {9D778C1D-9E15-4144-A1D9-E078AC37F0D3}
		{461C45EA-E598-42B4-8F14-9A5A560BA80B} = {7E23A15C-DBA7-4EC8-8B75-D161F41CD492}
		{B29D15DB-713F-44B2-94A3-A0AD19D4CB9F} = {7E23A15C-DBA7-4EC8-8B75-D161F41CD492}
		{BC8F8E21-213F-4791-9BCD-C8EA583906D7} = {507C1B41-E1F5-464C-B3FA-D844607820B4}
		{69870CB8-C8E2-4651-A7A9-B5689968EA6A} = {507C1B41-E1F5-464C-B3FA-D844607820B4}
		{41743707-423D-4B8D-A95F-4FDB1B30F848} = {A1BD7088-E706-41B6-BC14-9BD3E495E2F0}
		{B3ACEB27-A614-420F-9FD6-1C5DF6436B48} = {A1BD7088-E706-41B6-BC14-9BD3E495E2F0}
		{5432B41F-4788-497F-9CE9-41133A379991} = {9B1AABF3-2D70-428D-A187-9C332E0118BB}
		{F64A75B2-32B3-4724-9296-999678A52C33} = {9B1AABF3-2D70-428D-A187-9C332E0118BB}
	EndGlobalSection
EndGlobal
