
Microsoft Visual Studio Solution File, Format Version 12.00
# Visual Studio Version 17
VisualStudioVersion = 17.0.31903.59
MinimumVisualStudioVersion = 10.0.40219.1
Project("{2150E333-8FDC-42A3-9474-1A3956D46DE8}") = "Day1", "Day1", "{9D778C1D-9E15-4144-A1D9-E078AC37F0D3}"
EndProject
Project("{FAE04EC0-301F-11D3-BF4B-00C04F79EFBC}") = "Day1.Logic", "Day1\Day1.Logic\Day1.Logic.csproj", "{2E453419-60EF-4077-851C-9C1D4270DCA1}"
EndProject
Project("{FAE04EC0-301F-11D3-BF4B-00C04F79EFBC}") = "Day1.UnitTests", "Day1\Day1.UnitTests\Day1.UnitTests.csproj", "{87696106-6B34-4D5B-8584-9D2970749F08}"
EndProject
Project("{2150E333-8FDC-42A3-9474-1A3956D46DE8}") = "Day2", "Day2", "{7E23A15C-DBA7-4EC8-8B75-D161F41CD492}"
EndProject
Project("{FAE04EC0-301F-11D3-BF4B-00C04F79EFBC}") = "Day2.Logic", "Day2\Day2.Logic\Day2.Logic.csproj", "{461C45EA-E598-42B4-8F14-9A5A560BA80B}"
EndProject
Project("{FAE04EC0-301F-11D3-BF4B-00C04F79EFBC}") = "Day2.UnitTests", "Day2\Day2.UnitTests\Day2.UnitTests.csproj", "{B29D15DB-713F-44B2-94A3-A0AD19D4CB9F}"
EndProject
Project("{2150E333-8FDC-42A3-9474-1A3956D46DE8}") = "Day3", "Day3", "{507C1B41-E1F5-464C-B3FA-D844607820B4}"
EndProject
Project("{FAE04EC0-301F-11D3-BF4B-00C04F79EFBC}") = "Day3.Logic", "Day3\Day3.Logic\Day3.Logic.csproj", "{BC8F8E21-213F-4791-9BCD-C8EA583906D7}"
EndProject
Project("{FAE04EC0-301F-11D3-BF4B-00C04F79EFBC}") = "Day3.UnitTests", "Day3\Day3.UnitTests\Day3.UnitTests.csproj", "{69870CB8-C8E2-4651-A7A9-B5689968EA6A}"
EndProject
Project("{2150E333-8FDC-42A3-9474-1A3956D46DE8}") = "Day4", "Day4", "{A1BD7088-E706-41B6-BC14-9BD3E495E2F0}"
EndProject
Project("{FAE04EC0-301F-11D3-BF4B-00C04F79EFBC}") = "Day4.Logic", "Day4\Day4.Logic\Day4.Logic.csproj", "{41743707-423D-4B8D-A95F-4FDB1B30F848}"
EndProject
Project("{FAE04EC0-301F-11D3-BF4B-00C04F79EFBC}") = "Day4.UnitTests", "Day4\Day4.UnitTests\Day4.UnitTests.csproj", "{B3ACEB27-A614-420F-9FD6-1C5DF6436B48}"
EndProject
Project("{2150E333-8FDC-42A3-9474-1A3956D46DE8}") = "Day5", "Day5", "{9B1AABF3-2D70-428D-A187-9C332E0118BB}"
EndProject
Project("{FAE04EC0-301F-11D3-BF4B-00C04F79EFBC}") = "Day5.Logic", "Day5\Day5.Logic\Day5.Logic.csproj", "{5432B41F-4788-497F-9CE9-41133A379991}"
EndProject
Project("{FAE04EC0-301F-11D3-BF4B-00C04F79EFBC}") = "Day5.UnitTests", "Day5\Day5.UnitTests\Day5.UnitTests.csproj", "{F64A75B2-32B3-4724-9296-999678A52C33}"
EndProject
Project("{2150E333-8FDC-42A3-9474-1A3956D46DE8}") = "Day6", "Day6", "{2760803A-BC41-4393-879A-7435228D5950}"
EndProject
Project("{FAE04EC0-301F-11D3-BF4B-00C04F79EFBC}") = "Day6.Logic", "Day6\Day6.Logic\Day6.Logic.csproj", "{1846EF25-6256-47B4-9873-78E348FA8F36}"
EndProject
Project("{FAE04EC0-301F-11D3-BF4B-00C04F79EFBC}") = "Day6.UnitTests", "Day6\Day6.UnitTests\Day6.UnitTests.csproj", "{96E02DF7-1F1D-4201-A3BB-AAE58C9CBC10}"
EndProject
Project("{2150E333-8FDC-42A3-9474-1A3956D46DE8}") = "Day7", "Day7", "{A0AE400B-0B9B-4567-8415-DB0E525FEF7F}"
EndProject
Project("{FAE04EC0-301F-11D3-BF4B-00C04F79EFBC}") = "Day7.Logic", "Day7\Day7.Logic\Day7.Logic.csproj", "{8C25781E-3160-4E15-977C-FBD4F23C54B6}"
EndProject
Project("{FAE04EC0-301F-11D3-BF4B-00C04F79EFBC}") = "Day7.UnitTests", "Day7\Day7.UnitTests\Day7.UnitTests.csproj", "{3952E376-336A-4BAF-9EBD-2D769BF98F64}"
EndProject
Project("{2150E333-8FDC-42A3-9474-1A3956D46DE8}") = "Day8", "Day8", "{DD303961-B69C-465B-A010-1B581FB686FE}"
EndProject
Project("{FAE04EC0-301F-11D3-BF4B-00C04F79EFBC}") = "Day8.Logic", "Day8\Day8.Logic\Day8.Logic.csproj", "{56FC6FB2-4028-46C0-8000-207BE077AB8E}"
EndProject
Project("{FAE04EC0-301F-11D3-BF4B-00C04F79EFBC}") = "Day8.UnitTests", "Day8\Day8.UnitTests\Day8.UnitTests.csproj", "{3824FA54-49D0-4B81-84A7-D13D6B78E438}"
EndProject
Project("{2150E333-8FDC-42A3-9474-1A3956D46DE8}") = "Day9", "Day9", "{60A95D5F-577F-43AD-92CE-30A04AEC58BC}"
EndProject
Project("{FAE04EC0-301F-11D3-BF4B-00C04F79EFBC}") = "Day9.Logic", "Day9\Day9.Logic\Day9.Logic.csproj", "{DAA6602D-A301-4968-8ADD-EDACDA713215}"
EndProject
Project("{FAE04EC0-301F-11D3-BF4B-00C04F79EFBC}") = "Day9.UnitTests", "Day9\Day9.UnitTests\Day9.UnitTests.csproj", "{89931F62-2F01-4F88-8418-470F2C233675}"
EndProject
Project("{2150E333-8FDC-42A3-9474-1A3956D46DE8}") = "Day10", "Day10", "{0BA9FBA8-7025-4CE5-8B67-0BC2CB171D38}"
EndProject
Project("{FAE04EC0-301F-11D3-BF4B-00C04F79EFBC}") = "Day10.Logic", "Day10\Day10.Logic\Day10.Logic.csproj", "{9F2D7217-0971-416D-8B42-DCD597E9AA37}"
EndProject
Project("{FAE04EC0-301F-11D3-BF4B-00C04F79EFBC}") = "Day10.UnitTests", "Day10\Day10.UnitTests\Day10.UnitTests.csproj", "{28C2E2F7-D6FB-4DF7-ADA8-BCC47B32FA44}"
EndProject
Project("{2150E333-8FDC-42A3-9474-1A3956D46DE8}") = "Day11", "Day11", "{F042B475-07BB-4651-9C33-9AF4095588E2}"
EndProject
Project("{FAE04EC0-301F-11D3-BF4B-00C04F79EFBC}") = "Day11.Logic", "Day11\Day11.Logic\Day11.Logic.csproj", "{C0410218-7C65-4ABE-B548-E6D7ABD39DBA}"
EndProject
Project("{FAE04EC0-301F-11D3-BF4B-00C04F79EFBC}") = "Day11.UnitTests", "Day11\Day11.UnitTests\Day11.UnitTests.csproj", "{66071EF9-2846-4BAA-896A-E9405BFFFF30}"
EndProject
Project("{2150E333-8FDC-42A3-9474-1A3956D46DE8}") = "Day12", "Day12", "{EFEFCFDD-B194-40D9-A155-D8B47EB42A0D}"
EndProject
Project("{FAE04EC0-301F-11D3-BF4B-00C04F79EFBC}") = "Day12.Logic", "Day12\Day12.Logic\Day12.Logic.csproj", "{0944CBA3-A7D5-4D98-A1D0-A2D9AD48E02C}"
EndProject
Project("{FAE04EC0-301F-11D3-BF4B-00C04F79EFBC}") = "Day12.UnitTests", "Day12\Day12.UnitTests\Day12.UnitTests.csproj", "{186AAC5E-E29E-430A-88C8-BDD45D3FAA48}"
EndProject
Project("{2150E333-8FDC-42A3-9474-1A3956D46DE8}") = "Day13", "Day13", "{B294F456-6CF7-4E53-A332-90E139E11B1E}"
EndProject
Project("{FAE04EC0-301F-11D3-BF4B-00C04F79EFBC}") = "Day13.Logic", "Day13\Day13.Logic\Day13.Logic.csproj", "{5C18EC08-C00E-4157-B4B0-DEED7E396A57}"
EndProject
Project("{FAE04EC0-301F-11D3-BF4B-00C04F79EFBC}") = "Day13.UnitTests", "Day13\Day13.UnitTests\Day13.UnitTests.csproj", "{20275620-C111-4C6E-BB3C-D994FDE8510D}"
EndProject
Project("{2150E333-8FDC-42A3-9474-1A3956D46DE8}") = "Day14", "Day14", "{B7C964CB-50E4-4A6D-BD9C-8AD1183A3CFE}"
EndProject
Project("{FAE04EC0-301F-11D3-BF4B-00C04F79EFBC}") = "Day14.Logic", "Day14\Day14.Logic\Day14.Logic.csproj", "{64C8D344-737B-4867-9D4D-2FDB039B06E6}"
EndProject
Project("{FAE04EC0-301F-11D3-BF4B-00C04F79EFBC}") = "Day14.UnitTests", "Day14\Day14.UnitTests\Day14.UnitTests.csproj", "{43E72A3B-0A6A-4708-B6D0-DCBBBF9EB260}"
EndProject
Project("{2150E333-8FDC-42A3-9474-1A3956D46DE8}") = "Day15", "Day15", "{013B56F0-8DE4-4FD6-819B-4F18EC0DE19F}"
EndProject
Project("{FAE04EC0-301F-11D3-BF4B-00C04F79EFBC}") = "Day15.Logic", "Day15\Day15.Logic\Day15.Logic.csproj", "{D02565F5-9F9D-4645-981A-25A070BE96A8}"
EndProject
Project("{FAE04EC0-301F-11D3-BF4B-00C04F79EFBC}") = "Day15.UnitTests", "Day15\Day15.UnitTests\Day15.UnitTests.csproj", "{F543DFF0-6E63-4294-A87D-8A2A6DC524E1}"
EndProject
Project("{2150E333-8FDC-42A3-9474-1A3956D46DE8}") = "Day16", "Day16", "{D1D3F2EA-843E-4764-BD91-9EFF04CEAB08}"
EndProject
Project("{FAE04EC0-301F-11D3-BF4B-00C04F79EFBC}") = "Day16.Logic", "Day16\Day16.Logic\Day16.Logic.csproj", "{1361BF89-27A8-47D9-BFD4-8B386DADAD09}"
EndProject
Project("{FAE04EC0-301F-11D3-BF4B-00C04F79EFBC}") = "Day16.UnitTests", "Day16\Day16.UnitTests\Day16.UnitTests.csproj", "{2CFF5670-0568-459F-B64D-E93AF318383C}"
EndProject
Project("{2150E333-8FDC-42A3-9474-1A3956D46DE8}") = "Day17", "Day17", "{91A19DA7-A567-405F-B622-483670AC1B1B}"
EndProject
Project("{FAE04EC0-301F-11D3-BF4B-00C04F79EFBC}") = "Day17.Logic", "Day17\Day17.Logic\Day17.Logic.csproj", "{03CED22C-3180-4577-9727-7918A743BEF9}"
EndProject
Project("{FAE04EC0-301F-11D3-BF4B-00C04F79EFBC}") = "Day17.UnitTests", "Day17\Day17.UnitTests\Day17.UnitTests.csproj", "{71313E73-500B-4DBE-98F7-10C48D6BB305}"
EndProject
Project("{2150E333-8FDC-42A3-9474-1A3956D46DE8}") = "Day18", "Day18", "{EA506621-A5BA-4845-9D1B-67A450359658}"
EndProject
Project("{FAE04EC0-301F-11D3-BF4B-00C04F79EFBC}") = "Day18.Logic", "Day18\Day18.Logic\Day18.Logic.csproj", "{41BB6826-7A81-4D26-A33C-2D4789AE21ED}"
EndProject
Project("{FAE04EC0-301F-11D3-BF4B-00C04F79EFBC}") = "Day18.UnitTests", "Day18\Day18.UnitTests\Day18.UnitTests.csproj", "{7543A57A-557E-43D4-AE11-F0762AE36295}"
EndProject
Project("{2150E333-8FDC-42A3-9474-1A3956D46DE8}") = "Day19", "Day19", "{4213BA1B-69F3-4AD9-8041-817CA6396949}"
EndProject
Project("{FAE04EC0-301F-11D3-BF4B-00C04F79EFBC}") = "Day19.Logic", "Day19\Day19.Logic\Day19.Logic.csproj", "{39406251-2906-4383-9C25-244E95C8424E}"
EndProject
Project("{FAE04EC0-301F-11D3-BF4B-00C04F79EFBC}") = "Day19.UnitTests", "Day19\Day19.UnitTests\Day19.UnitTests.csproj", "{93D6ADEC-02DC-4DE8-BF84-1E2EAF7E3F49}"
EndProject
Project("{2150E333-8FDC-42A3-9474-1A3956D46DE8}") = "Day20", "Day20", "{AA9ABDA8-96BA-4538-AAF2-E0CBF798E827}"
EndProject
Project("{FAE04EC0-301F-11D3-BF4B-00C04F79EFBC}") = "Day20.Logic", "Day20\Day20.Logic\Day20.Logic.csproj", "{FDCDFF03-C031-4E77-9C49-19CACB5D5AE6}"
EndProject
Project("{FAE04EC0-301F-11D3-BF4B-00C04F79EFBC}") = "Day20.UnitTests", "Day20\Day20.UnitTests\Day20.UnitTests.csproj", "{CAB1A05E-97CF-4729-AC57-646351BC9BDF}"
EndProject
Project("{2150E333-8FDC-42A3-9474-1A3956D46DE8}") = "Day21", "Day21", "{F5896048-76CF-4E10-905F-21E68E027F66}"
EndProject
Project("{FAE04EC0-301F-11D3-BF4B-00C04F79EFBC}") = "Day21.Logic", "Day21\Day21.Logic\Day21.Logic.csproj", "{BB70570A-50D1-4A9A-A744-0307D0AAB693}"
EndProject
Project("{FAE04EC0-301F-11D3-BF4B-00C04F79EFBC}") = "Day21.UnitTests", "Day21\Day21.UnitTests\Day21.UnitTests.csproj", "{D7082AF9-D2EE-49C1-9B50-0F4FFE4CE2C6}"
EndProject
Project("{2150E333-8FDC-42A3-9474-1A3956D46DE8}") = "Day22", "Day22", "{96227FCC-7547-4679-BFB6-2BAC37C68E72}"
EndProject
Project("{FAE04EC0-301F-11D3-BF4B-00C04F79EFBC}") = "Day22.Logic", "Day22\Day22.Logic\Day22.Logic.csproj", "{80B8EBAA-FDA8-4CDB-AD62-AC2BDF9FF9D6}"
EndProject
Project("{FAE04EC0-301F-11D3-BF4B-00C04F79EFBC}") = "Day22.UnitTests", "Day22\Day22.UnitTests\Day22.UnitTests.csproj", "{B1B5E0BD-3DE5-41E4-A4E5-646AD64C841C}"
EndProject
Project("{2150E333-8FDC-42A3-9474-1A3956D46DE8}") = "Day23", "Day23", "{4A9B4F71-0D90-4D89-897D-332EF7D640AA}"
EndProject
Project("{FAE04EC0-301F-11D3-BF4B-00C04F79EFBC}") = "Day23.Logic", "Day23\Day23.Logic\Day23.Logic.csproj", "{079CB323-9B05-4411-B9EA-20DA287FED8D}"
EndProject
Project("{FAE04EC0-301F-11D3-BF4B-00C04F79EFBC}") = "Day23.UnitTests", "Day23\Day23.UnitTests\Day23.UnitTests.csproj", "{295D5CF9-E73D-4908-A6A1-B1D4B8A1DF04}"
EndProject
Project("{2150E333-8FDC-42A3-9474-1A3956D46DE8}") = "Day24", "Day24", "{9B65F833-C915-496F-A380-A2088A50E182}"
EndProject
Project("{FAE04EC0-301F-11D3-BF4B-00C04F79EFBC}") = "Day24.Logic", "Day24\Day24.Logic\Day24.Logic.csproj", "{61E8EB6E-EF64-4D4F-AD94-F403B70057AD}"
EndProject
Project("{FAE04EC0-301F-11D3-BF4B-00C04F79EFBC}") = "Day24.UnitTests", "Day24\Day24.UnitTests\Day24.UnitTests.csproj", "{CCEA0005-6070-4F3B-858A-CCB67EFA527D}"
EndProject
Global
	GlobalSection(SolutionConfigurationPlatforms) = preSolution
		Debug|Any CPU = Debug|Any CPU
		Release|Any CPU = Release|Any CPU
	EndGlobalSection
	GlobalSection(SolutionProperties) = preSolution
		HideSolutionNode = FALSE
	EndGlobalSection
	GlobalSection(ProjectConfigurationPlatforms) = postSolution
		{2E453419-60EF-4077-851C-9C1D4270DCA1}.Debug|Any CPU.ActiveCfg = Debug|Any CPU
		{2E453419-60EF-4077-851C-9C1D4270DCA1}.Debug|Any CPU.Build.0 = Debug|Any CPU
		{2E453419-60EF-4077-851C-9C1D4270DCA1}.Release|Any CPU.ActiveCfg = Release|Any CPU
		{2E453419-60EF-4077-851C-9C1D4270DCA1}.Release|Any CPU.Build.0 = Release|Any CPU
		{87696106-6B34-4D5B-8584-9D2970749F08}.Debug|Any CPU.ActiveCfg = Debug|Any CPU
		{87696106-6B34-4D5B-8584-9D2970749F08}.Debug|Any CPU.Build.0 = Debug|Any CPU
		{87696106-6B34-4D5B-8584-9D2970749F08}.Release|Any CPU.ActiveCfg = Release|Any CPU
		{87696106-6B34-4D5B-8584-9D2970749F08}.Release|Any CPU.Build.0 = Release|Any CPU
		{461C45EA-E598-42B4-8F14-9A5A560BA80B}.Debug|Any CPU.ActiveCfg = Debug|Any CPU
		{461C45EA-E598-42B4-8F14-9A5A560BA80B}.Debug|Any CPU.Build.0 = Debug|Any CPU
		{461C45EA-E598-42B4-8F14-9A5A560BA80B}.Release|Any CPU.ActiveCfg = Release|Any CPU
		{461C45EA-E598-42B4-8F14-9A5A560BA80B}.Release|Any CPU.Build.0 = Release|Any CPU
		{B29D15DB-713F-44B2-94A3-A0AD19D4CB9F}.Debug|Any CPU.ActiveCfg = Debug|Any CPU
		{B29D15DB-713F-44B2-94A3-A0AD19D4CB9F}.Debug|Any CPU.Build.0 = Debug|Any CPU
		{B29D15DB-713F-44B2-94A3-A0AD19D4CB9F}.Release|Any CPU.ActiveCfg = Release|Any CPU
		{B29D15DB-713F-44B2-94A3-A0AD19D4CB9F}.Release|Any CPU.Build.0 = Release|Any CPU
		{BC8F8E21-213F-4791-9BCD-C8EA583906D7}.Debug|Any CPU.ActiveCfg = Debug|Any CPU
		{BC8F8E21-213F-4791-9BCD-C8EA583906D7}.Debug|Any CPU.Build.0 = Debug|Any CPU
		{BC8F8E21-213F-4791-9BCD-C8EA583906D7}.Release|Any CPU.ActiveCfg = Release|Any CPU
		{BC8F8E21-213F-4791-9BCD-C8EA583906D7}.Release|Any CPU.Build.0 = Release|Any CPU
		{69870CB8-C8E2-4651-A7A9-B5689968EA6A}.Debug|Any CPU.ActiveCfg = Debug|Any CPU
		{69870CB8-C8E2-4651-A7A9-B5689968EA6A}.Debug|Any CPU.Build.0 = Debug|Any CPU
		{69870CB8-C8E2-4651-A7A9-B5689968EA6A}.Release|Any CPU.ActiveCfg = Release|Any CPU
		{69870CB8-C8E2-4651-A7A9-B5689968EA6A}.Release|Any CPU.Build.0 = Release|Any CPU
		{41743707-423D-4B8D-A95F-4FDB1B30F848}.Debug|Any CPU.ActiveCfg = Debug|Any CPU
		{41743707-423D-4B8D-A95F-4FDB1B30F848}.Debug|Any CPU.Build.0 = Debug|Any CPU
		{41743707-423D-4B8D-A95F-4FDB1B30F848}.Release|Any CPU.ActiveCfg = Release|Any CPU
		{41743707-423D-4B8D-A95F-4FDB1B30F848}.Release|Any CPU.Build.0 = Release|Any CPU
		{B3ACEB27-A614-420F-9FD6-1C5DF6436B48}.Debug|Any CPU.ActiveCfg = Debug|Any CPU
		{B3ACEB27-A614-420F-9FD6-1C5DF6436B48}.Debug|Any CPU.Build.0 = Debug|Any CPU
		{B3ACEB27-A614-420F-9FD6-1C5DF6436B48}.Release|Any CPU.ActiveCfg = Release|Any CPU
		{B3ACEB27-A614-420F-9FD6-1C5DF6436B48}.Release|Any CPU.Build.0 = Release|Any CPU
		{5432B41F-4788-497F-9CE9-41133A379991}.Debug|Any CPU.ActiveCfg = Debug|Any CPU
		{5432B41F-4788-497F-9CE9-41133A379991}.Debug|Any CPU.Build.0 = Debug|Any CPU
		{5432B41F-4788-497F-9CE9-41133A379991}.Release|Any CPU.ActiveCfg = Release|Any CPU
		{5432B41F-4788-497F-9CE9-41133A379991}.Release|Any CPU.Build.0 = Release|Any CPU
		{F64A75B2-32B3-4724-9296-999678A52C33}.Debug|Any CPU.ActiveCfg = Debug|Any CPU
		{F64A75B2-32B3-4724-9296-999678A52C33}.Debug|Any CPU.Build.0 = Debug|Any CPU
		{F64A75B2-32B3-4724-9296-999678A52C33}.Release|Any CPU.ActiveCfg = Release|Any CPU
		{F64A75B2-32B3-4724-9296-999678A52C33}.Release|Any CPU.Build.0 = Release|Any CPU
		{1846EF25-6256-47B4-9873-78E348FA8F36}.Debug|Any CPU.ActiveCfg = Debug|Any CPU
		{1846EF25-6256-47B4-9873-78E348FA8F36}.Debug|Any CPU.Build.0 = Debug|Any CPU
		{1846EF25-6256-47B4-9873-78E348FA8F36}.Release|Any CPU.ActiveCfg = Release|Any CPU
		{1846EF25-6256-47B4-9873-78E348FA8F36}.Release|Any CPU.Build.0 = Release|Any CPU
		{96E02DF7-1F1D-4201-A3BB-AAE58C9CBC10}.Debug|Any CPU.ActiveCfg = Debug|Any CPU
		{96E02DF7-1F1D-4201-A3BB-AAE58C9CBC10}.Debug|Any CPU.Build.0 = Debug|Any CPU
		{96E02DF7-1F1D-4201-A3BB-AAE58C9CBC10}.Release|Any CPU.ActiveCfg = Release|Any CPU
		{96E02DF7-1F1D-4201-A3BB-AAE58C9CBC10}.Release|Any CPU.Build.0 = Release|Any CPU
		{8C25781E-3160-4E15-977C-FBD4F23C54B6}.Debug|Any CPU.ActiveCfg = Debug|Any CPU
		{8C25781E-3160-4E15-977C-FBD4F23C54B6}.Debug|Any CPU.Build.0 = Debug|Any CPU
		{8C25781E-3160-4E15-977C-FBD4F23C54B6}.Release|Any CPU.ActiveCfg = Release|Any CPU
		{8C25781E-3160-4E15-977C-FBD4F23C54B6}.Release|Any CPU.Build.0 = Release|Any CPU
		{3952E376-336A-4BAF-9EBD-2D769BF98F64}.Debug|Any CPU.ActiveCfg = Debug|Any CPU
		{3952E376-336A-4BAF-9EBD-2D769BF98F64}.Debug|Any CPU.Build.0 = Debug|Any CPU
		{3952E376-336A-4BAF-9EBD-2D769BF98F64}.Release|Any CPU.ActiveCfg = Release|Any CPU
		{3952E376-336A-4BAF-9EBD-2D769BF98F64}.Release|Any CPU.Build.0 = Release|Any CPU
		{56FC6FB2-4028-46C0-8000-207BE077AB8E}.Debug|Any CPU.ActiveCfg = Debug|Any CPU
		{56FC6FB2-4028-46C0-8000-207BE077AB8E}.Debug|Any CPU.Build.0 = Debug|Any CPU
		{56FC6FB2-4028-46C0-8000-207BE077AB8E}.Release|Any CPU.ActiveCfg = Release|Any CPU
		{56FC6FB2-4028-46C0-8000-207BE077AB8E}.Release|Any CPU.Build.0 = Release|Any CPU
		{3824FA54-49D0-4B81-84A7-D13D6B78E438}.Debug|Any CPU.ActiveCfg = Debug|Any CPU
		{3824FA54-49D0-4B81-84A7-D13D6B78E438}.Debug|Any CPU.Build.0 = Debug|Any CPU
		{3824FA54-49D0-4B81-84A7-D13D6B78E438}.Release|Any CPU.ActiveCfg = Release|Any CPU
		{3824FA54-49D0-4B81-84A7-D13D6B78E438}.Release|Any CPU.Build.0 = Release|Any CPU
		{DAA6602D-A301-4968-8ADD-EDACDA713215}.Debug|Any CPU.ActiveCfg = Debug|Any CPU
		{DAA6602D-A301-4968-8ADD-EDACDA713215}.Debug|Any CPU.Build.0 = Debug|Any CPU
		{DAA6602D-A301-4968-8ADD-EDACDA713215}.Release|Any CPU.ActiveCfg = Release|Any CPU
		{DAA6602D-A301-4968-8ADD-EDACDA713215}.Release|Any CPU.Build.0 = Release|Any CPU
		{89931F62-2F01-4F88-8418-470F2C233675}.Debug|Any CPU.ActiveCfg = Debug|Any CPU
		{89931F62-2F01-4F88-8418-470F2C233675}.Debug|Any CPU.Build.0 = Debug|Any CPU
		{89931F62-2F01-4F88-8418-470F2C233675}.Release|Any CPU.ActiveCfg = Release|Any CPU
		{89931F62-2F01-4F88-8418-470F2C233675}.Release|Any CPU.Build.0 = Release|Any CPU
		{9F2D7217-0971-416D-8B42-DCD597E9AA37}.Debug|Any CPU.ActiveCfg = Debug|Any CPU
		{9F2D7217-0971-416D-8B42-DCD597E9AA37}.Debug|Any CPU.Build.0 = Debug|Any CPU
		{9F2D7217-0971-416D-8B42-DCD597E9AA37}.Release|Any CPU.ActiveCfg = Release|Any CPU
		{9F2D7217-0971-416D-8B42-DCD597E9AA37}.Release|Any CPU.Build.0 = Release|Any CPU
		{28C2E2F7-D6FB-4DF7-ADA8-BCC47B32FA44}.Debug|Any CPU.ActiveCfg = Debug|Any CPU
		{28C2E2F7-D6FB-4DF7-ADA8-BCC47B32FA44}.Debug|Any CPU.Build.0 = Debug|Any CPU
		{28C2E2F7-D6FB-4DF7-ADA8-BCC47B32FA44}.Release|Any CPU.ActiveCfg = Release|Any CPU
		{28C2E2F7-D6FB-4DF7-ADA8-BCC47B32FA44}.Release|Any CPU.Build.0 = Release|Any CPU
		{C0410218-7C65-4ABE-B548-E6D7ABD39DBA}.Debug|Any CPU.ActiveCfg = Debug|Any CPU
		{C0410218-7C65-4ABE-B548-E6D7ABD39DBA}.Debug|Any CPU.Build.0 = Debug|Any CPU
		{C0410218-7C65-4ABE-B548-E6D7ABD39DBA}.Release|Any CPU.ActiveCfg = Release|Any CPU
		{C0410218-7C65-4ABE-B548-E6D7ABD39DBA}.Release|Any CPU.Build.0 = Release|Any CPU
		{66071EF9-2846-4BAA-896A-E9405BFFFF30}.Debug|Any CPU.ActiveCfg = Debug|Any CPU
		{66071EF9-2846-4BAA-896A-E9405BFFFF30}.Debug|Any CPU.Build.0 = Debug|Any CPU
		{66071EF9-2846-4BAA-896A-E9405BFFFF30}.Release|Any CPU.ActiveCfg = Release|Any CPU
		{66071EF9-2846-4BAA-896A-E9405BFFFF30}.Release|Any CPU.Build.0 = Release|Any CPU
		{0944CBA3-A7D5-4D98-A1D0-A2D9AD48E02C}.Debug|Any CPU.ActiveCfg = Debug|Any CPU
		{0944CBA3-A7D5-4D98-A1D0-A2D9AD48E02C}.Debug|Any CPU.Build.0 = Debug|Any CPU
		{0944CBA3-A7D5-4D98-A1D0-A2D9AD48E02C}.Release|Any CPU.ActiveCfg = Release|Any CPU
		{0944CBA3-A7D5-4D98-A1D0-A2D9AD48E02C}.Release|Any CPU.Build.0 = Release|Any CPU
		{186AAC5E-E29E-430A-88C8-BDD45D3FAA48}.Debug|Any CPU.ActiveCfg = Debug|Any CPU
		{186AAC5E-E29E-430A-88C8-BDD45D3FAA48}.Debug|Any CPU.Build.0 = Debug|Any CPU
		{186AAC5E-E29E-430A-88C8-BDD45D3FAA48}.Release|Any CPU.ActiveCfg = Release|Any CPU
		{186AAC5E-E29E-430A-88C8-BDD45D3FAA48}.Release|Any CPU.Build.0 = Release|Any CPU
		{5C18EC08-C00E-4157-B4B0-DEED7E396A57}.Debug|Any CPU.ActiveCfg = Debug|Any CPU
		{5C18EC08-C00E-4157-B4B0-DEED7E396A57}.Debug|Any CPU.Build.0 = Debug|Any CPU
		{5C18EC08-C00E-4157-B4B0-DEED7E396A57}.Release|Any CPU.ActiveCfg = Release|Any CPU
		{5C18EC08-C00E-4157-B4B0-DEED7E396A57}.Release|Any CPU.Build.0 = Release|Any CPU
		{20275620-C111-4C6E-BB3C-D994FDE8510D}.Debug|Any CPU.ActiveCfg = Debug|Any CPU
		{20275620-C111-4C6E-BB3C-D994FDE8510D}.Debug|Any CPU.Build.0 = Debug|Any CPU
		{20275620-C111-4C6E-BB3C-D994FDE8510D}.Release|Any CPU.ActiveCfg = Release|Any CPU
		{20275620-C111-4C6E-BB3C-D994FDE8510D}.Release|Any CPU.Build.0 = Release|Any CPU
		{64C8D344-737B-4867-9D4D-2FDB039B06E6}.Debug|Any CPU.ActiveCfg = Debug|Any CPU
		{64C8D344-737B-4867-9D4D-2FDB039B06E6}.Debug|Any CPU.Build.0 = Debug|Any CPU
		{64C8D344-737B-4867-9D4D-2FDB039B06E6}.Release|Any CPU.ActiveCfg = Release|Any CPU
		{64C8D344-737B-4867-9D4D-2FDB039B06E6}.Release|Any CPU.Build.0 = Release|Any CPU
		{43E72A3B-0A6A-4708-B6D0-DCBBBF9EB260}.Debug|Any CPU.ActiveCfg = Debug|Any CPU
		{43E72A3B-0A6A-4708-B6D0-DCBBBF9EB260}.Debug|Any CPU.Build.0 = Debug|Any CPU
		{43E72A3B-0A6A-4708-B6D0-DCBBBF9EB260}.Release|Any CPU.ActiveCfg = Release|Any CPU
		{43E72A3B-0A6A-4708-B6D0-DCBBBF9EB260}.Release|Any CPU.Build.0 = Release|Any CPU
		{D02565F5-9F9D-4645-981A-25A070BE96A8}.Debug|Any CPU.ActiveCfg = Debug|Any CPU
		{D02565F5-9F9D-4645-981A-25A070BE96A8}.Debug|Any CPU.Build.0 = Debug|Any CPU
		{D02565F5-9F9D-4645-981A-25A070BE96A8}.Release|Any CPU.ActiveCfg = Release|Any CPU
		{D02565F5-9F9D-4645-981A-25A070BE96A8}.Release|Any CPU.Build.0 = Release|Any CPU
		{F543DFF0-6E63-4294-A87D-8A2A6DC524E1}.Debug|Any CPU.ActiveCfg = Debug|Any CPU
		{F543DFF0-6E63-4294-A87D-8A2A6DC524E1}.Debug|Any CPU.Build.0 = Debug|Any CPU
		{F543DFF0-6E63-4294-A87D-8A2A6DC524E1}.Release|Any CPU.ActiveCfg = Release|Any CPU
		{F543DFF0-6E63-4294-A87D-8A2A6DC524E1}.Release|Any CPU.Build.0 = Release|Any CPU
		{1361BF89-27A8-47D9-BFD4-8B386DADAD09}.Debug|Any CPU.ActiveCfg = Debug|Any CPU
		{1361BF89-27A8-47D9-BFD4-8B386DADAD09}.Debug|Any CPU.Build.0 = Debug|Any CPU
		{1361BF89-27A8-47D9-BFD4-8B386DADAD09}.Release|Any CPU.ActiveCfg = Release|Any CPU
		{1361BF89-27A8-47D9-BFD4-8B386DADAD09}.Release|Any CPU.Build.0 = Release|Any CPU
		{2CFF5670-0568-459F-B64D-E93AF318383C}.Debug|Any CPU.ActiveCfg = Debug|Any CPU
		{2CFF5670-0568-459F-B64D-E93AF318383C}.Debug|Any CPU.Build.0 = Debug|Any CPU
		{2CFF5670-0568-459F-B64D-E93AF318383C}.Release|Any CPU.ActiveCfg = Release|Any CPU
		{2CFF5670-0568-459F-B64D-E93AF318383C}.Release|Any CPU.Build.0 = Release|Any CPU
		{03CED22C-3180-4577-9727-7918A743BEF9}.Debug|Any CPU.ActiveCfg = Debug|Any CPU
		{03CED22C-3180-4577-9727-7918A743BEF9}.Debug|Any CPU.Build.0 = Debug|Any CPU
		{03CED22C-3180-4577-9727-7918A743BEF9}.Release|Any CPU.ActiveCfg = Release|Any CPU
		{03CED22C-3180-4577-9727-7918A743BEF9}.Release|Any CPU.Build.0 = Release|Any CPU
		{71313E73-500B-4DBE-98F7-10C48D6BB305}.Debug|Any CPU.ActiveCfg = Debug|Any CPU
		{71313E73-500B-4DBE-98F7-10C48D6BB305}.Debug|Any CPU.Build.0 = Debug|Any CPU
		{71313E73-500B-4DBE-98F7-10C48D6BB305}.Release|Any CPU.ActiveCfg = Release|Any CPU
		{71313E73-500B-4DBE-98F7-10C48D6BB305}.Release|Any CPU.Build.0 = Release|Any CPU
		{41BB6826-7A81-4D26-A33C-2D4789AE21ED}.Debug|Any CPU.ActiveCfg = Debug|Any CPU
		{41BB6826-7A81-4D26-A33C-2D4789AE21ED}.Debug|Any CPU.Build.0 = Debug|Any CPU
		{41BB6826-7A81-4D26-A33C-2D4789AE21ED}.Release|Any CPU.ActiveCfg = Release|Any CPU
		{41BB6826-7A81-4D26-A33C-2D4789AE21ED}.Release|Any CPU.Build.0 = Release|Any CPU
		{7543A57A-557E-43D4-AE11-F0762AE36295}.Debug|Any CPU.ActiveCfg = Debug|Any CPU
		{7543A57A-557E-43D4-AE11-F0762AE36295}.Debug|Any CPU.Build.0 = Debug|Any CPU
		{7543A57A-557E-43D4-AE11-F0762AE36295}.Release|Any CPU.ActiveCfg = Release|Any CPU
		{7543A57A-557E-43D4-AE11-F0762AE36295}.Release|Any CPU.Build.0 = Release|Any CPU
		{39406251-2906-4383-9C25-244E95C8424E}.Debug|Any CPU.ActiveCfg = Debug|Any CPU
		{39406251-2906-4383-9C25-244E95C8424E}.Debug|Any CPU.Build.0 = Debug|Any CPU
		{39406251-2906-4383-9C25-244E95C8424E}.Release|Any CPU.ActiveCfg = Release|Any CPU
		{39406251-2906-4383-9C25-244E95C8424E}.Release|Any CPU.Build.0 = Release|Any CPU
		{93D6ADEC-02DC-4DE8-BF84-1E2EAF7E3F49}.Debug|Any CPU.ActiveCfg = Debug|Any CPU
		{93D6ADEC-02DC-4DE8-BF84-1E2EAF7E3F49}.Debug|Any CPU.Build.0 = Debug|Any CPU
		{93D6ADEC-02DC-4DE8-BF84-1E2EAF7E3F49}.Release|Any CPU.ActiveCfg = Release|Any CPU
		{93D6ADEC-02DC-4DE8-BF84-1E2EAF7E3F49}.Release|Any CPU.Build.0 = Release|Any CPU
		{FDCDFF03-C031-4E77-9C49-19CACB5D5AE6}.Debug|Any CPU.ActiveCfg = Debug|Any CPU
		{FDCDFF03-C031-4E77-9C49-19CACB5D5AE6}.Debug|Any CPU.Build.0 = Debug|Any CPU
		{FDCDFF03-C031-4E77-9C49-19CACB5D5AE6}.Release|Any CPU.ActiveCfg = Release|Any CPU
		{FDCDFF03-C031-4E77-9C49-19CACB5D5AE6}.Release|Any CPU.Build.0 = Release|Any CPU
		{CAB1A05E-97CF-4729-AC57-646351BC9BDF}.Debug|Any CPU.ActiveCfg = Debug|Any CPU
		{CAB1A05E-97CF-4729-AC57-646351BC9BDF}.Debug|Any CPU.Build.0 = Debug|Any CPU
		{CAB1A05E-97CF-4729-AC57-646351BC9BDF}.Release|Any CPU.ActiveCfg = Release|Any CPU
		{CAB1A05E-97CF-4729-AC57-646351BC9BDF}.Release|Any CPU.Build.0 = Release|Any CPU
		{BB70570A-50D1-4A9A-A744-0307D0AAB693}.Debug|Any CPU.ActiveCfg = Debug|Any CPU
		{BB70570A-50D1-4A9A-A744-0307D0AAB693}.Debug|Any CPU.Build.0 = Debug|Any CPU
		{BB70570A-50D1-4A9A-A744-0307D0AAB693}.Release|Any CPU.ActiveCfg = Release|Any CPU
		{BB70570A-50D1-4A9A-A744-0307D0AAB693}.Release|Any CPU.Build.0 = Release|Any CPU
		{D7082AF9-D2EE-49C1-9B50-0F4FFE4CE2C6}.Debug|Any CPU.ActiveCfg = Debug|Any CPU
		{D7082AF9-D2EE-49C1-9B50-0F4FFE4CE2C6}.Debug|Any CPU.Build.0 = Debug|Any CPU
		{D7082AF9-D2EE-49C1-9B50-0F4FFE4CE2C6}.Release|Any CPU.ActiveCfg = Release|Any CPU
		{D7082AF9-D2EE-49C1-9B50-0F4FFE4CE2C6}.Release|Any CPU.Build.0 = Release|Any CPU
		{80B8EBAA-FDA8-4CDB-AD62-AC2BDF9FF9D6}.Debug|Any CPU.ActiveCfg = Debug|Any CPU
		{80B8EBAA-FDA8-4CDB-AD62-AC2BDF9FF9D6}.Debug|Any CPU.Build.0 = Debug|Any CPU
		{80B8EBAA-FDA8-4CDB-AD62-AC2BDF9FF9D6}.Release|Any CPU.ActiveCfg = Release|Any CPU
		{80B8EBAA-FDA8-4CDB-AD62-AC2BDF9FF9D6}.Release|Any CPU.Build.0 = Release|Any CPU
		{B1B5E0BD-3DE5-41E4-A4E5-646AD64C841C}.Debug|Any CPU.ActiveCfg = Debug|Any CPU
		{B1B5E0BD-3DE5-41E4-A4E5-646AD64C841C}.Debug|Any CPU.Build.0 = Debug|Any CPU
		{B1B5E0BD-3DE5-41E4-A4E5-646AD64C841C}.Release|Any CPU.ActiveCfg = Release|Any CPU
		{B1B5E0BD-3DE5-41E4-A4E5-646AD64C841C}.Release|Any CPU.Build.0 = Release|Any CPU
		{079CB323-9B05-4411-B9EA-20DA287FED8D}.Debug|Any CPU.ActiveCfg = Debug|Any CPU
		{079CB323-9B05-4411-B9EA-20DA287FED8D}.Debug|Any CPU.Build.0 = Debug|Any CPU
		{079CB323-9B05-4411-B9EA-20DA287FED8D}.Release|Any CPU.ActiveCfg = Release|Any CPU
		{079CB323-9B05-4411-B9EA-20DA287FED8D}.Release|Any CPU.Build.0 = Release|Any CPU
		{295D5CF9-E73D-4908-A6A1-B1D4B8A1DF04}.Debug|Any CPU.ActiveCfg = Debug|Any CPU
		{295D5CF9-E73D-4908-A6A1-B1D4B8A1DF04}.Debug|Any CPU.Build.0 = Debug|Any CPU
		{295D5CF9-E73D-4908-A6A1-B1D4B8A1DF04}.Release|Any CPU.ActiveCfg = Release|Any CPU
		{295D5CF9-E73D-4908-A6A1-B1D4B8A1DF04}.Release|Any CPU.Build.0 = Release|Any CPU
		{61E8EB6E-EF64-4D4F-AD94-F403B70057AD}.Debug|Any CPU.ActiveCfg = Debug|Any CPU
		{61E8EB6E-EF64-4D4F-AD94-F403B70057AD}.Debug|Any CPU.Build.0 = Debug|Any CPU
		{61E8EB6E-EF64-4D4F-AD94-F403B70057AD}.Release|Any CPU.ActiveCfg = Release|Any CPU
		{61E8EB6E-EF64-4D4F-AD94-F403B70057AD}.Release|Any CPU.Build.0 = Release|Any CPU
		{CCEA0005-6070-4F3B-858A-CCB67EFA527D}.Debug|Any CPU.ActiveCfg = Debug|Any CPU
		{CCEA0005-6070-4F3B-858A-CCB67EFA527D}.Debug|Any CPU.Build.0 = Debug|Any CPU
		{CCEA0005-6070-4F3B-858A-CCB67EFA527D}.Release|Any CPU.ActiveCfg = Release|Any CPU
		{CCEA0005-6070-4F3B-858A-CCB67EFA527D}.Release|Any CPU.Build.0 = Release|Any CPU
	EndGlobalSection
	GlobalSection(NestedProjects) = preSolution
		{2E453419-60EF-4077-851C-9C1D4270DCA1} = {9D778C1D-9E15-4144-A1D9-E078AC37F0D3}
		{87696106-6B34-4D5B-8584-9D2970749F08} = {9D778C1D-9E15-4144-A1D9-E078AC37F0D3}
		{461C45EA-E598-42B4-8F14-9A5A560BA80B} = {7E23A15C-DBA7-4EC8-8B75-D161F41CD492}
		{B29D15DB-713F-44B2-94A3-A0AD19D4CB9F} = {7E23A15C-DBA7-4EC8-8B75-D161F41CD492}
		{BC8F8E21-213F-4791-9BCD-C8EA583906D7} = {507C1B41-E1F5-464C-B3FA-D844607820B4}
		{69870CB8-C8E2-4651-A7A9-B5689968EA6A} = {507C1B41-E1F5-464C-B3FA-D844607820B4}
		{41743707-423D-4B8D-A95F-4FDB1B30F848} = {A1BD7088-E706-41B6-BC14-9BD3E495E2F0}
		{B3ACEB27-A614-420F-9FD6-1C5DF6436B48} = {A1BD7088-E706-41B6-BC14-9BD3E495E2F0}
		{5432B41F-4788-497F-9CE9-41133A379991} = {9B1AABF3-2D70-428D-A187-9C332E0118BB}
		{F64A75B2-32B3-4724-9296-999678A52C33} = {9B1AABF3-2D70-428D-A187-9C332E0118BB}
		{1846EF25-6256-47B4-9873-78E348FA8F36} = {2760803A-BC41-4393-879A-7435228D5950}
		{96E02DF7-1F1D-4201-A3BB-AAE58C9CBC10} = {2760803A-BC41-4393-879A-7435228D5950}
		{8C25781E-3160-4E15-977C-FBD4F23C54B6} = {A0AE400B-0B9B-4567-8415-DB0E525FEF7F}
		{3952E376-336A-4BAF-9EBD-2D769BF98F64} = {A0AE400B-0B9B-4567-8415-DB0E525FEF7F}
		{56FC6FB2-4028-46C0-8000-207BE077AB8E} = {DD303961-B69C-465B-A010-1B581FB686FE}
		{3824FA54-49D0-4B81-84A7-D13D6B78E438} = {DD303961-B69C-465B-A010-1B581FB686FE}
		{DAA6602D-A301-4968-8ADD-EDACDA713215} = {60A95D5F-577F-43AD-92CE-30A04AEC58BC}
		{89931F62-2F01-4F88-8418-470F2C233675} = {60A95D5F-577F-43AD-92CE-30A04AEC58BC}
		{9F2D7217-0971-416D-8B42-DCD597E9AA37} = {0BA9FBA8-7025-4CE5-8B67-0BC2CB171D38}
		{28C2E2F7-D6FB-4DF7-ADA8-BCC47B32FA44} = {0BA9FBA8-7025-4CE5-8B67-0BC2CB171D38}
		{C0410218-7C65-4ABE-B548-E6D7ABD39DBA} = {F042B475-07BB-4651-9C33-9AF4095588E2}
		{66071EF9-2846-4BAA-896A-E9405BFFFF30} = {F042B475-07BB-4651-9C33-9AF4095588E2}
		{0944CBA3-A7D5-4D98-A1D0-A2D9AD48E02C} = {EFEFCFDD-B194-40D9-A155-D8B47EB42A0D}
		{186AAC5E-E29E-430A-88C8-BDD45D3FAA48} = {EFEFCFDD-B194-40D9-A155-D8B47EB42A0D}
		{5C18EC08-C00E-4157-B4B0-DEED7E396A57} = {B294F456-6CF7-4E53-A332-90E139E11B1E}
		{20275620-C111-4C6E-BB3C-D994FDE8510D} = {B294F456-6CF7-4E53-A332-90E139E11B1E}
		{64C8D344-737B-4867-9D4D-2FDB039B06E6} = {B7C964CB-50E4-4A6D-BD9C-8AD1183A3CFE}
		{43E72A3B-0A6A-4708-B6D0-DCBBBF9EB260} = {B7C964CB-50E4-4A6D-BD9C-8AD1183A3CFE}
		{D02565F5-9F9D-4645-981A-25A070BE96A8} = {013B56F0-8DE4-4FD6-819B-4F18EC0DE19F}
		{F543DFF0-6E63-4294-A87D-8A2A6DC524E1} = {013B56F0-8DE4-4FD6-819B-4F18EC0DE19F}
		{1361BF89-27A8-47D9-BFD4-8B386DADAD09} = {D1D3F2EA-843E-4764-BD91-9EFF04CEAB08}
		{2CFF5670-0568-459F-B64D-E93AF318383C} = {D1D3F2EA-843E-4764-BD91-9EFF04CEAB08}
		{03CED22C-3180-4577-9727-7918A743BEF9} = {91A19DA7-A567-405F-B622-483670AC1B1B}
		{71313E73-500B-4DBE-98F7-10C48D6BB305} = {91A19DA7-A567-405F-B622-483670AC1B1B}
		{41BB6826-7A81-4D26-A33C-2D4789AE21ED} = {EA506621-A5BA-4845-9D1B-67A450359658}
		{7543A57A-557E-43D4-AE11-F0762AE36295} = {EA506621-A5BA-4845-9D1B-67A450359658}
		{39406251-2906-4383-9C25-244E95C8424E} = {4213BA1B-69F3-4AD9-8041-817CA6396949}
		{93D6ADEC-02DC-4DE8-BF84-1E2EAF7E3F49} = {4213BA1B-69F3-4AD9-8041-817CA6396949}
		{FDCDFF03-C031-4E77-9C49-19CACB5D5AE6} = {AA9ABDA8-96BA-4538-AAF2-E0CBF798E827}
		{CAB1A05E-97CF-4729-AC57-646351BC9BDF} = {AA9ABDA8-96BA-4538-AAF2-E0CBF798E827}
		{BB70570A-50D1-4A9A-A744-0307D0AAB693} = {F5896048-76CF-4E10-905F-21E68E027F66}
		{D7082AF9-D2EE-49C1-9B50-0F4FFE4CE2C6} = {F5896048-76CF-4E10-905F-21E68E027F66}
		{80B8EBAA-FDA8-4CDB-AD62-AC2BDF9FF9D6} = {96227FCC-7547-4679-BFB6-2BAC37C68E72}
		{B1B5E0BD-3DE5-41E4-A4E5-646AD64C841C} = {96227FCC-7547-4679-BFB6-2BAC37C68E72}
		{079CB323-9B05-4411-B9EA-20DA287FED8D} = {4A9B4F71-0D90-4D89-897D-332EF7D640AA}
		{295D5CF9-E73D-4908-A6A1-B1D4B8A1DF04} = {4A9B4F71-0D90-4D89-897D-332EF7D640AA}
		{61E8EB6E-EF64-4D4F-AD94-F403B70057AD} = {9B65F833-C915-496F-A380-A2088A50E182}
		{CCEA0005-6070-4F3B-858A-CCB67EFA527D} = {9B65F833-C915-496F-A380-A2088A50E182}
	EndGlobalSection
EndGlobal
