
Microsoft Visual Studio Solution File, Format Version 12.00
# Visual Studio Version 16
VisualStudioVersion = 16.0.30114.105
MinimumVisualStudioVersion = 10.0.40219.1
Project("{FAE04EC0-301F-11D3-BF4B-00C04F79EFBC}") = "JadenCasingStrings.Logic", "JadenCasingStrings.Logic\JadenCasingStrings.Logic.csproj", "{4F2A5D51-E056-41D7-9F15-71B4B58A5181}"
EndProject
Project("{FAE04EC0-301F-11D3-BF4B-00C04F79EFBC}") = "JadenCasingStrings.UnitTests", "JadenCasingStrings.UnitTests\JadenCasingStrings.UnitTests.csproj", "{6CB73637-C267-4174-B592-504887758F4F}"
EndProject
Global
	GlobalSection(SolutionConfigurationPlatforms) = preSolution
		Debug|Any CPU = Debug|Any CPU
		Release|Any CPU = Release|Any CPU
	EndGlobalSection
	GlobalSection(SolutionProperties) = preSolution
		HideSolutionNode = FALSE
	EndGlobalSection
	GlobalSection(ProjectConfigurationPlatforms) = postSolution
		{4F2A5D51-E056-41D7-9F15-71B4B58A5181}.Debug|Any CPU.ActiveCfg = Debug|Any CPU
		{4F2A5D51-E056-41D7-9F15-71B4B58A5181}.Debug|Any CPU.Build.0 = Debug|Any CPU
		{4F2A5D51-E056-41D7-9F15-71B4B58A5181}.Release|Any CPU.ActiveCfg = Release|Any CPU
		{4F2A5D51-E056-41D7-9F15-71B4B58A5181}.Release|Any CPU.Build.0 = Release|Any CPU
		{6CB73637-C267-4174-B592-504887758F4F}.Debug|Any CPU.ActiveCfg = Debug|Any CPU
		{6CB73637-C267-4174-B592-504887758F4F}.Debug|Any CPU.Build.0 = Debug|Any CPU
		{6CB73637-C267-4174-B592-504887758F4F}.Release|Any CPU.ActiveCfg = Release|Any CPU
		{6CB73637-C267-4174-B592-504887758F4F}.Release|Any CPU.Build.0 = Release|Any CPU
	EndGlobalSection
EndGlobal
