
Microsoft Visual Studio Solution File, Format Version 12.00
# Visual Studio 15
VisualStudioVersion = 15.0.26124.0
MinimumVisualStudioVersion = 15.0.26124.0
Project("{FAE04EC0-301F-11D3-BF4B-00C04F79EFBC}") = "ConnectTheDots.Logic", "ConnectTheDots.Logic\ConnectTheDots.Logic.csproj", "{900547EE-5018-4897-8118-832013143B9F}"
EndProject
Project("{FAE04EC0-301F-11D3-BF4B-00C04F79EFBC}") = "ConnectTheDots.UnitTests", "ConnectTheDots.UnitTests\ConnectTheDots.UnitTests.csproj", "{F7336534-8115-4380-819B-44DE0B3EB048}"
EndProject
Global
	GlobalSection(SolutionConfigurationPlatforms) = preSolution
		Debug|Any CPU = Debug|Any CPU
		Debug|x64 = Debug|x64
		Debug|x86 = Debug|x86
		Release|Any CPU = Release|Any CPU
		Release|x64 = Release|x64
		Release|x86 = Release|x86
	EndGlobalSection
	GlobalSection(SolutionProperties) = preSolution
		HideSolutionNode = FALSE
	EndGlobalSection
	GlobalSection(ProjectConfigurationPlatforms) = postSolution
		{900547EE-5018-4897-8118-832013143B9F}.Debug|Any CPU.ActiveCfg = Debug|Any CPU
		{900547EE-5018-4897-8118-832013143B9F}.Debug|Any CPU.Build.0 = Debug|Any CPU
		{900547EE-5018-4897-8118-832013143B9F}.Debug|x64.ActiveCfg = Debug|Any CPU
		{900547EE-5018-4897-8118-832013143B9F}.Debug|x64.Build.0 = Debug|Any CPU
		{900547EE-5018-4897-8118-832013143B9F}.Debug|x86.ActiveCfg = Debug|Any CPU
		{900547EE-5018-4897-8118-832013143B9F}.Debug|x86.Build.0 = Debug|Any CPU
		{900547EE-5018-4897-8118-832013143B9F}.Release|Any CPU.ActiveCfg = Release|Any CPU
		{900547EE-5018-4897-8118-832013143B9F}.Release|Any CPU.Build.0 = Release|Any CPU
		{900547EE-5018-4897-8118-832013143B9F}.Release|x64.ActiveCfg = Release|Any CPU
		{900547EE-5018-4897-8118-832013143B9F}.Release|x64.Build.0 = Release|Any CPU
		{900547EE-5018-4897-8118-832013143B9F}.Release|x86.ActiveCfg = Release|Any CPU
		{900547EE-5018-4897-8118-832013143B9F}.Release|x86.Build.0 = Release|Any CPU
		{F7336534-8115-4380-819B-44DE0B3EB048}.Debug|Any CPU.ActiveCfg = Debug|Any CPU
		{F7336534-8115-4380-819B-44DE0B3EB048}.Debug|Any CPU.Build.0 = Debug|Any CPU
		{F7336534-8115-4380-819B-44DE0B3EB048}.Debug|x64.ActiveCfg = Debug|Any CPU
		{F7336534-8115-4380-819B-44DE0B3EB048}.Debug|x64.Build.0 = Debug|Any CPU
		{F7336534-8115-4380-819B-44DE0B3EB048}.Debug|x86.ActiveCfg = Debug|Any CPU
		{F7336534-8115-4380-819B-44DE0B3EB048}.Debug|x86.Build.0 = Debug|Any CPU
		{F7336534-8115-4380-819B-44DE0B3EB048}.Release|Any CPU.ActiveCfg = Release|Any CPU
		{F7336534-8115-4380-819B-44DE0B3EB048}.Release|Any CPU.Build.0 = Release|Any CPU
		{F7336534-8115-4380-819B-44DE0B3EB048}.Release|x64.ActiveCfg = Release|Any CPU
		{F7336534-8115-4380-819B-44DE0B3EB048}.Release|x64.Build.0 = Release|Any CPU
		{F7336534-8115-4380-819B-44DE0B3EB048}.Release|x86.ActiveCfg = Release|Any CPU
		{F7336534-8115-4380-819B-44DE0B3EB048}.Release|x86.Build.0 = Release|Any CPU
	EndGlobalSection
EndGlobal
