
Microsoft Visual Studio Solution File, Format Version 12.00
# Visual Studio Version 16
VisualStudioVersion = 16.0.30114.105
MinimumVisualStudioVersion = 10.0.40219.1
Project("{2150E333-8FDC-42A3-9474-1A3956D46DE8}") = "NumberToReversedArray", "NumberToReversedArray", "{A3C7CFE6-50D6-4589-8BAD-247AB3EF001D}"
EndProject
Project("{FAE04EC0-301F-11D3-BF4B-00C04F79EFBC}") = "NumberToReversedArray.Logic", "NumberToReversedArray\NumberToReversedArray.Logic\NumberToReversedArray.Logic.csproj", "{9FA66B18-7D5F-4CAB-913D-EA77E589AC96}"
EndProject
Project("{FAE04EC0-301F-11D3-BF4B-00C04F79EFBC}") = "NumberToReversedArray.UnitTests", "NumberToReversedArray\NumberToReversedArray.UnitTests\NumberToReversedArray.UnitTests.csproj", "{F49D9AB8-4167-429E-BB5D-7AA1FC4567F1}"
EndProject
Project("{2150E333-8FDC-42A3-9474-1A3956D46DE8}") = "SquareAndSum", "SquareAndSum", "{5C3FBA77-3749-415C-A656-BCFBB6461083}"
EndProject
Project("{FAE04EC0-301F-11D3-BF4B-00C04F79EFBC}") = "SquareAndSum.Logic", "SquareAndSum\SquareAndSum.Logic\SquareAndSum.Logic.csproj", "{BC862B30-43A2-425E-AB2C-691B9AB68C15}"
EndProject
Project("{FAE04EC0-301F-11D3-BF4B-00C04F79EFBC}") = "SquareAndSum.UnitTests", "SquareAndSum\SquareAndSum.UnitTests\SquareAndSum.UnitTests.csproj", "{58700D92-BDA9-4F3E-A2B2-63F8659D4588}"
EndProject
Project("{2150E333-8FDC-42A3-9474-1A3956D46DE8}") = "HumanReadableTime", "HumanReadableTime", "{EECAF128-7DA8-4424-841E-E87EAF26C622}"
EndProject
Project("{FAE04EC0-301F-11D3-BF4B-00C04F79EFBC}") = "HumanReadableTime.Logic", "HumanReadableTime\HumanReadableTime.Logic\HumanReadableTime.Logic.csproj", "{2C2EC737-64F2-41E0-A8C3-07AE7F7FE1BF}"
EndProject
Project("{FAE04EC0-301F-11D3-BF4B-00C04F79EFBC}") = "HumanReadableTime.UnitTests", "HumanReadableTime\HumanReadableTime.UnitTests\HumanReadableTime.UnitTests.csproj", "{59601D27-538F-452B-9230-D6E5F41DD8A8}"
EndProject
Project("{2150E333-8FDC-42A3-9474-1A3956D46DE8}") = "CountSquares", "CountSquares", "{6E5B81DC-FAC7-4B96-BB9C-D8170E5A90F8}"
EndProject
Project("{FAE04EC0-301F-11D3-BF4B-00C04F79EFBC}") = "CountSquares.Logic", "CountSquares\CountSquares.Logic\CountSquares.Logic.csproj", "{280C7808-5B81-47CC-B85A-1CC064B7611D}"
EndProject
Project("{FAE04EC0-301F-11D3-BF4B-00C04F79EFBC}") = "CountSquares.UnitTests", "CountSquares\CountSquares.UnitTests\CountSquares.UnitTests.csproj", "{F754FEF0-792D-44E5-BB4E-9262C88A0FB7}"
EndProject
Project("{2150E333-8FDC-42A3-9474-1A3956D46DE8}") = "WellOfIdeas", "WellOfIdeas", "{26769E69-9399-4C64-A5E3-971473120709}"
EndProject
Project("{FAE04EC0-301F-11D3-BF4B-00C04F79EFBC}") = "WellOfIdeas.Logic", "WellOfIdeas\WellOfIdeas.Logic\WellOfIdeas.Logic.csproj", "{DDAB4948-147B-4752-A5CA-BAAB2DD9302B}"
EndProject
Project("{FAE04EC0-301F-11D3-BF4B-00C04F79EFBC}") = "WellOfIdeas.UnitTests", "WellOfIdeas\WellOfIdeas.UnitTests\WellOfIdeas.UnitTests.csproj", "{5352D2F0-B729-4A12-A036-2770C3635EE1}"
EndProject
Project("{2150E333-8FDC-42A3-9474-1A3956D46DE8}") = "8kyu", "8kyu", "{916DB20C-C36A-4133-821B-ED1987A982C6}"
EndProject
Project("{2150E333-8FDC-42A3-9474-1A3956D46DE8}") = "DecibelScale", "DecibelScale", "{01346FD8-C610-4558-BAC7-E7DC2C524738}"
EndProject
Project("{FAE04EC0-301F-11D3-BF4B-00C04F79EFBC}") = "DecibelScale.Logic", "8kyu\DecibelScale\DecibelScale.Logic\DecibelScale.Logic.csproj", "{5C0AC4FC-B00C-459D-B689-B39018CB7B6F}"
EndProject
Project("{FAE04EC0-301F-11D3-BF4B-00C04F79EFBC}") = "DecibelScale.UnitTests", "8kyu\DecibelScale\DecibelScale.UnitTests\DecibelScale.UnitTests.csproj", "{34C835E1-6326-4F26-96A7-10A4AEC55FAE}"
EndProject
Project("{2150E333-8FDC-42A3-9474-1A3956D46DE8}") = "Pillars", "Pillars", "{886235E1-2FEF-4DDC-9F61-A90089C627B5}"
EndProject
Project("{FAE04EC0-301F-11D3-BF4B-00C04F79EFBC}") = "Pillars.Logic", "8kyu\Pillars\Pillars.Logic\Pillars.Logic.csproj", "{21CECBAC-1390-4951-B6DA-EF6682077199}"
EndProject
Project("{FAE04EC0-301F-11D3-BF4B-00C04F79EFBC}") = "Pillars.UnitTests", "8kyu\Pillars\Pillars.UnitTests\Pillars.UnitTests.csproj", "{2EECF229-63E9-4112-A61C-7E3B2563CDA5}"
EndProject
Project("{2150E333-8FDC-42A3-9474-1A3956D46DE8}") = "6kyu", "6kyu", "{FEA54C5E-52AB-4A37-9DFE-39770E7E08BC}"
EndProject
Project("{2150E333-8FDC-42A3-9474-1A3956D46DE8}") = "BreakCamelCase", "BreakCamelCase", "{D09079E1-58B4-47EE-B20C-D9F651760149}"
EndProject
Project("{FAE04EC0-301F-11D3-BF4B-00C04F79EFBC}") = "BreakCamelCase.Logic", "6kyu\BreakCamelCase\BreakCamelCase.Logic\BreakCamelCase.Logic.csproj", "{1FDE0E02-00A5-49E1-8A96-58B917667F90}"
EndProject
Project("{FAE04EC0-301F-11D3-BF4B-00C04F79EFBC}") = "BreakCamelCase.UnitTests", "6kyu\BreakCamelCase\BreakCamelCase.UnitTests\BreakCamelCase.UnitTests.csproj", "{E8D5D193-F36D-4067-A540-F50FEF5E283E}"
EndProject
Project("{2150E333-8FDC-42A3-9474-1A3956D46DE8}") = "ConnectTheDots", "ConnectTheDots", "{59360CDD-DFAF-4321-B285-42A378B73CD5}"
EndProject
Project("{FAE04EC0-301F-11D3-BF4B-00C04F79EFBC}") = "ConnectTheDots.Logic", "6kyu\ConnectTheDots\ConnectTheDots.Logic\ConnectTheDots.Logic.csproj", "{C16E7A9D-C71C-416D-B2B0-FD3D6A71F105}"
EndProject
Project("{FAE04EC0-301F-11D3-BF4B-00C04F79EFBC}") = "ConnectTheDots.UnitTests", "6kyu\ConnectTheDots\ConnectTheDots.UnitTests\ConnectTheDots.UnitTests.csproj", "{0AD94AC3-FBB5-4F26-8479-98F0077129EC}"
EndProject
Project("{2150E333-8FDC-42A3-9474-1A3956D46DE8}") = "GravityFlip", "GravityFlip", "{79D19875-6AB8-472F-98EA-4B8A9E8BB340}"
EndProject
Project("{FAE04EC0-301F-11D3-BF4B-00C04F79EFBC}") = "GravityFlip.Logic", "8kyu\GravityFlip\GravityFlip.Logic\GravityFlip.Logic.csproj", "{AAD4387B-E27F-475E-9CF3-6040E0418C46}"
EndProject
Project("{FAE04EC0-301F-11D3-BF4B-00C04F79EFBC}") = "GravityFlip.UnitTests", "8kyu\GravityFlip\GravityFlip.UnitTests\GravityFlip.UnitTests.csproj", "{BCDAAC82-229E-4DBB-B9B6-48F02A304674}"
EndProject
Global
	GlobalSection(SolutionConfigurationPlatforms) = preSolution
		Debug|Any CPU = Debug|Any CPU
		Debug|x64 = Debug|x64
		Debug|x86 = Debug|x86
		Release|Any CPU = Release|Any CPU
		Release|x64 = Release|x64
		Release|x86 = Release|x86
	EndGlobalSection
	GlobalSection(SolutionProperties) = preSolution
		HideSolutionNode = FALSE
	EndGlobalSection
	GlobalSection(ProjectConfigurationPlatforms) = postSolution
		{9FA66B18-7D5F-4CAB-913D-EA77E589AC96}.Debug|Any CPU.ActiveCfg = Debug|Any CPU
		{9FA66B18-7D5F-4CAB-913D-EA77E589AC96}.Debug|Any CPU.Build.0 = Debug|Any CPU
		{9FA66B18-7D5F-4CAB-913D-EA77E589AC96}.Debug|x64.ActiveCfg = Debug|Any CPU
		{9FA66B18-7D5F-4CAB-913D-EA77E589AC96}.Debug|x64.Build.0 = Debug|Any CPU
		{9FA66B18-7D5F-4CAB-913D-EA77E589AC96}.Debug|x86.ActiveCfg = Debug|Any CPU
		{9FA66B18-7D5F-4CAB-913D-EA77E589AC96}.Debug|x86.Build.0 = Debug|Any CPU
		{9FA66B18-7D5F-4CAB-913D-EA77E589AC96}.Release|Any CPU.ActiveCfg = Release|Any CPU
		{9FA66B18-7D5F-4CAB-913D-EA77E589AC96}.Release|Any CPU.Build.0 = Release|Any CPU
		{9FA66B18-7D5F-4CAB-913D-EA77E589AC96}.Release|x64.ActiveCfg = Release|Any CPU
		{9FA66B18-7D5F-4CAB-913D-EA77E589AC96}.Release|x64.Build.0 = Release|Any CPU
		{9FA66B18-7D5F-4CAB-913D-EA77E589AC96}.Release|x86.ActiveCfg = Release|Any CPU
		{9FA66B18-7D5F-4CAB-913D-EA77E589AC96}.Release|x86.Build.0 = Release|Any CPU
		{F49D9AB8-4167-429E-BB5D-7AA1FC4567F1}.Debug|Any CPU.ActiveCfg = Debug|Any CPU
		{F49D9AB8-4167-429E-BB5D-7AA1FC4567F1}.Debug|Any CPU.Build.0 = Debug|Any CPU
		{F49D9AB8-4167-429E-BB5D-7AA1FC4567F1}.Debug|x64.ActiveCfg = Debug|Any CPU
		{F49D9AB8-4167-429E-BB5D-7AA1FC4567F1}.Debug|x64.Build.0 = Debug|Any CPU
		{F49D9AB8-4167-429E-BB5D-7AA1FC4567F1}.Debug|x86.ActiveCfg = Debug|Any CPU
		{F49D9AB8-4167-429E-BB5D-7AA1FC4567F1}.Debug|x86.Build.0 = Debug|Any CPU
		{F49D9AB8-4167-429E-BB5D-7AA1FC4567F1}.Release|Any CPU.ActiveCfg = Release|Any CPU
		{F49D9AB8-4167-429E-BB5D-7AA1FC4567F1}.Release|Any CPU.Build.0 = Release|Any CPU
		{F49D9AB8-4167-429E-BB5D-7AA1FC4567F1}.Release|x64.ActiveCfg = Release|Any CPU
		{F49D9AB8-4167-429E-BB5D-7AA1FC4567F1}.Release|x64.Build.0 = Release|Any CPU
		{F49D9AB8-4167-429E-BB5D-7AA1FC4567F1}.Release|x86.ActiveCfg = Release|Any CPU
		{F49D9AB8-4167-429E-BB5D-7AA1FC4567F1}.Release|x86.Build.0 = Release|Any CPU
		{BC862B30-43A2-425E-AB2C-691B9AB68C15}.Debug|Any CPU.ActiveCfg = Debug|Any CPU
		{BC862B30-43A2-425E-AB2C-691B9AB68C15}.Debug|Any CPU.Build.0 = Debug|Any CPU
		{BC862B30-43A2-425E-AB2C-691B9AB68C15}.Debug|x64.ActiveCfg = Debug|Any CPU
		{BC862B30-43A2-425E-AB2C-691B9AB68C15}.Debug|x64.Build.0 = Debug|Any CPU
		{BC862B30-43A2-425E-AB2C-691B9AB68C15}.Debug|x86.ActiveCfg = Debug|Any CPU
		{BC862B30-43A2-425E-AB2C-691B9AB68C15}.Debug|x86.Build.0 = Debug|Any CPU
		{BC862B30-43A2-425E-AB2C-691B9AB68C15}.Release|Any CPU.ActiveCfg = Release|Any CPU
		{BC862B30-43A2-425E-AB2C-691B9AB68C15}.Release|Any CPU.Build.0 = Release|Any CPU
		{BC862B30-43A2-425E-AB2C-691B9AB68C15}.Release|x64.ActiveCfg = Release|Any CPU
		{BC862B30-43A2-425E-AB2C-691B9AB68C15}.Release|x64.Build.0 = Release|Any CPU
		{BC862B30-43A2-425E-AB2C-691B9AB68C15}.Release|x86.ActiveCfg = Release|Any CPU
		{BC862B30-43A2-425E-AB2C-691B9AB68C15}.Release|x86.Build.0 = Release|Any CPU
		{58700D92-BDA9-4F3E-A2B2-63F8659D4588}.Debug|Any CPU.ActiveCfg = Debug|Any CPU
		{58700D92-BDA9-4F3E-A2B2-63F8659D4588}.Debug|Any CPU.Build.0 = Debug|Any CPU
		{58700D92-BDA9-4F3E-A2B2-63F8659D4588}.Debug|x64.ActiveCfg = Debug|Any CPU
		{58700D92-BDA9-4F3E-A2B2-63F8659D4588}.Debug|x64.Build.0 = Debug|Any CPU
		{58700D92-BDA9-4F3E-A2B2-63F8659D4588}.Debug|x86.ActiveCfg = Debug|Any CPU
		{58700D92-BDA9-4F3E-A2B2-63F8659D4588}.Debug|x86.Build.0 = Debug|Any CPU
		{58700D92-BDA9-4F3E-A2B2-63F8659D4588}.Release|Any CPU.ActiveCfg = Release|Any CPU
		{58700D92-BDA9-4F3E-A2B2-63F8659D4588}.Release|Any CPU.Build.0 = Release|Any CPU
		{58700D92-BDA9-4F3E-A2B2-63F8659D4588}.Release|x64.ActiveCfg = Release|Any CPU
		{58700D92-BDA9-4F3E-A2B2-63F8659D4588}.Release|x64.Build.0 = Release|Any CPU
		{58700D92-BDA9-4F3E-A2B2-63F8659D4588}.Release|x86.ActiveCfg = Release|Any CPU
		{58700D92-BDA9-4F3E-A2B2-63F8659D4588}.Release|x86.Build.0 = Release|Any CPU
		{2C2EC737-64F2-41E0-A8C3-07AE7F7FE1BF}.Debug|Any CPU.ActiveCfg = Debug|Any CPU
		{2C2EC737-64F2-41E0-A8C3-07AE7F7FE1BF}.Debug|Any CPU.Build.0 = Debug|Any CPU
		{2C2EC737-64F2-41E0-A8C3-07AE7F7FE1BF}.Debug|x64.ActiveCfg = Debug|Any CPU
		{2C2EC737-64F2-41E0-A8C3-07AE7F7FE1BF}.Debug|x64.Build.0 = Debug|Any CPU
		{2C2EC737-64F2-41E0-A8C3-07AE7F7FE1BF}.Debug|x86.ActiveCfg = Debug|Any CPU
		{2C2EC737-64F2-41E0-A8C3-07AE7F7FE1BF}.Debug|x86.Build.0 = Debug|Any CPU
		{2C2EC737-64F2-41E0-A8C3-07AE7F7FE1BF}.Release|Any CPU.ActiveCfg = Release|Any CPU
		{2C2EC737-64F2-41E0-A8C3-07AE7F7FE1BF}.Release|Any CPU.Build.0 = Release|Any CPU
		{2C2EC737-64F2-41E0-A8C3-07AE7F7FE1BF}.Release|x64.ActiveCfg = Release|Any CPU
		{2C2EC737-64F2-41E0-A8C3-07AE7F7FE1BF}.Release|x64.Build.0 = Release|Any CPU
		{2C2EC737-64F2-41E0-A8C3-07AE7F7FE1BF}.Release|x86.ActiveCfg = Release|Any CPU
		{2C2EC737-64F2-41E0-A8C3-07AE7F7FE1BF}.Release|x86.Build.0 = Release|Any CPU
		{59601D27-538F-452B-9230-D6E5F41DD8A8}.Debug|Any CPU.ActiveCfg = Debug|Any CPU
		{59601D27-538F-452B-9230-D6E5F41DD8A8}.Debug|Any CPU.Build.0 = Debug|Any CPU
		{59601D27-538F-452B-9230-D6E5F41DD8A8}.Debug|x64.ActiveCfg = Debug|Any CPU
		{59601D27-538F-452B-9230-D6E5F41DD8A8}.Debug|x64.Build.0 = Debug|Any CPU
		{59601D27-538F-452B-9230-D6E5F41DD8A8}.Debug|x86.ActiveCfg = Debug|Any CPU
		{59601D27-538F-452B-9230-D6E5F41DD8A8}.Debug|x86.Build.0 = Debug|Any CPU
		{59601D27-538F-452B-9230-D6E5F41DD8A8}.Release|Any CPU.ActiveCfg = Release|Any CPU
		{59601D27-538F-452B-9230-D6E5F41DD8A8}.Release|Any CPU.Build.0 = Release|Any CPU
		{59601D27-538F-452B-9230-D6E5F41DD8A8}.Release|x64.ActiveCfg = Release|Any CPU
		{59601D27-538F-452B-9230-D6E5F41DD8A8}.Release|x64.Build.0 = Release|Any CPU
		{59601D27-538F-452B-9230-D6E5F41DD8A8}.Release|x86.ActiveCfg = Release|Any CPU
		{59601D27-538F-452B-9230-D6E5F41DD8A8}.Release|x86.Build.0 = Release|Any CPU
		{280C7808-5B81-47CC-B85A-1CC064B7611D}.Debug|Any CPU.ActiveCfg = Debug|Any CPU
		{280C7808-5B81-47CC-B85A-1CC064B7611D}.Debug|Any CPU.Build.0 = Debug|Any CPU
		{280C7808-5B81-47CC-B85A-1CC064B7611D}.Debug|x64.ActiveCfg = Debug|Any CPU
		{280C7808-5B81-47CC-B85A-1CC064B7611D}.Debug|x64.Build.0 = Debug|Any CPU
		{280C7808-5B81-47CC-B85A-1CC064B7611D}.Debug|x86.ActiveCfg = Debug|Any CPU
		{280C7808-5B81-47CC-B85A-1CC064B7611D}.Debug|x86.Build.0 = Debug|Any CPU
		{280C7808-5B81-47CC-B85A-1CC064B7611D}.Release|Any CPU.ActiveCfg = Release|Any CPU
		{280C7808-5B81-47CC-B85A-1CC064B7611D}.Release|Any CPU.Build.0 = Release|Any CPU
		{280C7808-5B81-47CC-B85A-1CC064B7611D}.Release|x64.ActiveCfg = Release|Any CPU
		{280C7808-5B81-47CC-B85A-1CC064B7611D}.Release|x64.Build.0 = Release|Any CPU
		{280C7808-5B81-47CC-B85A-1CC064B7611D}.Release|x86.ActiveCfg = Release|Any CPU
		{280C7808-5B81-47CC-B85A-1CC064B7611D}.Release|x86.Build.0 = Release|Any CPU
		{F754FEF0-792D-44E5-BB4E-9262C88A0FB7}.Debug|Any CPU.ActiveCfg = Debug|Any CPU
		{F754FEF0-792D-44E5-BB4E-9262C88A0FB7}.Debug|Any CPU.Build.0 = Debug|Any CPU
		{F754FEF0-792D-44E5-BB4E-9262C88A0FB7}.Debug|x64.ActiveCfg = Debug|Any CPU
		{F754FEF0-792D-44E5-BB4E-9262C88A0FB7}.Debug|x64.Build.0 = Debug|Any CPU
		{F754FEF0-792D-44E5-BB4E-9262C88A0FB7}.Debug|x86.ActiveCfg = Debug|Any CPU
		{F754FEF0-792D-44E5-BB4E-9262C88A0FB7}.Debug|x86.Build.0 = Debug|Any CPU
		{F754FEF0-792D-44E5-BB4E-9262C88A0FB7}.Release|Any CPU.ActiveCfg = Release|Any CPU
		{F754FEF0-792D-44E5-BB4E-9262C88A0FB7}.Release|Any CPU.Build.0 = Release|Any CPU
		{F754FEF0-792D-44E5-BB4E-9262C88A0FB7}.Release|x64.ActiveCfg = Release|Any CPU
		{F754FEF0-792D-44E5-BB4E-9262C88A0FB7}.Release|x64.Build.0 = Release|Any CPU
		{F754FEF0-792D-44E5-BB4E-9262C88A0FB7}.Release|x86.ActiveCfg = Release|Any CPU
		{F754FEF0-792D-44E5-BB4E-9262C88A0FB7}.Release|x86.Build.0 = Release|Any CPU
		{DDAB4948-147B-4752-A5CA-BAAB2DD9302B}.Debug|Any CPU.ActiveCfg = Debug|Any CPU
		{DDAB4948-147B-4752-A5CA-BAAB2DD9302B}.Debug|Any CPU.Build.0 = Debug|Any CPU
		{DDAB4948-147B-4752-A5CA-BAAB2DD9302B}.Debug|x64.ActiveCfg = Debug|Any CPU
		{DDAB4948-147B-4752-A5CA-BAAB2DD9302B}.Debug|x64.Build.0 = Debug|Any CPU
		{DDAB4948-147B-4752-A5CA-BAAB2DD9302B}.Debug|x86.ActiveCfg = Debug|Any CPU
		{DDAB4948-147B-4752-A5CA-BAAB2DD9302B}.Debug|x86.Build.0 = Debug|Any CPU
		{DDAB4948-147B-4752-A5CA-BAAB2DD9302B}.Release|Any CPU.ActiveCfg = Release|Any CPU
		{DDAB4948-147B-4752-A5CA-BAAB2DD9302B}.Release|Any CPU.Build.0 = Release|Any CPU
		{DDAB4948-147B-4752-A5CA-BAAB2DD9302B}.Release|x64.ActiveCfg = Release|Any CPU
		{DDAB4948-147B-4752-A5CA-BAAB2DD9302B}.Release|x64.Build.0 = Release|Any CPU
		{DDAB4948-147B-4752-A5CA-BAAB2DD9302B}.Release|x86.ActiveCfg = Release|Any CPU
		{DDAB4948-147B-4752-A5CA-BAAB2DD9302B}.Release|x86.Build.0 = Release|Any CPU
		{5352D2F0-B729-4A12-A036-2770C3635EE1}.Debug|Any CPU.ActiveCfg = Debug|Any CPU
		{5352D2F0-B729-4A12-A036-2770C3635EE1}.Debug|Any CPU.Build.0 = Debug|Any CPU
		{5352D2F0-B729-4A12-A036-2770C3635EE1}.Debug|x64.ActiveCfg = Debug|Any CPU
		{5352D2F0-B729-4A12-A036-2770C3635EE1}.Debug|x64.Build.0 = Debug|Any CPU
		{5352D2F0-B729-4A12-A036-2770C3635EE1}.Debug|x86.ActiveCfg = Debug|Any CPU
		{5352D2F0-B729-4A12-A036-2770C3635EE1}.Debug|x86.Build.0 = Debug|Any CPU
		{5352D2F0-B729-4A12-A036-2770C3635EE1}.Release|Any CPU.ActiveCfg = Release|Any CPU
		{5352D2F0-B729-4A12-A036-2770C3635EE1}.Release|Any CPU.Build.0 = Release|Any CPU
		{5352D2F0-B729-4A12-A036-2770C3635EE1}.Release|x64.ActiveCfg = Release|Any CPU
		{5352D2F0-B729-4A12-A036-2770C3635EE1}.Release|x64.Build.0 = Release|Any CPU
		{5352D2F0-B729-4A12-A036-2770C3635EE1}.Release|x86.ActiveCfg = Release|Any CPU
		{5352D2F0-B729-4A12-A036-2770C3635EE1}.Release|x86.Build.0 = Release|Any CPU
		{5C0AC4FC-B00C-459D-B689-B39018CB7B6F}.Debug|Any CPU.ActiveCfg = Debug|Any CPU
		{5C0AC4FC-B00C-459D-B689-B39018CB7B6F}.Debug|Any CPU.Build.0 = Debug|Any CPU
		{5C0AC4FC-B00C-459D-B689-B39018CB7B6F}.Debug|x64.ActiveCfg = Debug|Any CPU
		{5C0AC4FC-B00C-459D-B689-B39018CB7B6F}.Debug|x64.Build.0 = Debug|Any CPU
		{5C0AC4FC-B00C-459D-B689-B39018CB7B6F}.Debug|x86.ActiveCfg = Debug|Any CPU
		{5C0AC4FC-B00C-459D-B689-B39018CB7B6F}.Debug|x86.Build.0 = Debug|Any CPU
		{5C0AC4FC-B00C-459D-B689-B39018CB7B6F}.Release|Any CPU.ActiveCfg = Release|Any CPU
		{5C0AC4FC-B00C-459D-B689-B39018CB7B6F}.Release|Any CPU.Build.0 = Release|Any CPU
		{5C0AC4FC-B00C-459D-B689-B39018CB7B6F}.Release|x64.ActiveCfg = Release|Any CPU
		{5C0AC4FC-B00C-459D-B689-B39018CB7B6F}.Release|x64.Build.0 = Release|Any CPU
		{5C0AC4FC-B00C-459D-B689-B39018CB7B6F}.Release|x86.ActiveCfg = Release|Any CPU
		{5C0AC4FC-B00C-459D-B689-B39018CB7B6F}.Release|x86.Build.0 = Release|Any CPU
		{34C835E1-6326-4F26-96A7-10A4AEC55FAE}.Debug|Any CPU.ActiveCfg = Debug|Any CPU
		{34C835E1-6326-4F26-96A7-10A4AEC55FAE}.Debug|Any CPU.Build.0 = Debug|Any CPU
		{34C835E1-6326-4F26-96A7-10A4AEC55FAE}.Debug|x64.ActiveCfg = Debug|Any CPU
		{34C835E1-6326-4F26-96A7-10A4AEC55FAE}.Debug|x64.Build.0 = Debug|Any CPU
		{34C835E1-6326-4F26-96A7-10A4AEC55FAE}.Debug|x86.ActiveCfg = Debug|Any CPU
		{34C835E1-6326-4F26-96A7-10A4AEC55FAE}.Debug|x86.Build.0 = Debug|Any CPU
		{34C835E1-6326-4F26-96A7-10A4AEC55FAE}.Release|Any CPU.ActiveCfg = Release|Any CPU
		{34C835E1-6326-4F26-96A7-10A4AEC55FAE}.Release|Any CPU.Build.0 = Release|Any CPU
		{34C835E1-6326-4F26-96A7-10A4AEC55FAE}.Release|x64.ActiveCfg = Release|Any CPU
		{34C835E1-6326-4F26-96A7-10A4AEC55FAE}.Release|x64.Build.0 = Release|Any CPU
		{34C835E1-6326-4F26-96A7-10A4AEC55FAE}.Release|x86.ActiveCfg = Release|Any CPU
		{34C835E1-6326-4F26-96A7-10A4AEC55FAE}.Release|x86.Build.0 = Release|Any CPU
		{21CECBAC-1390-4951-B6DA-EF6682077199}.Debug|Any CPU.ActiveCfg = Debug|Any CPU
		{21CECBAC-1390-4951-B6DA-EF6682077199}.Debug|Any CPU.Build.0 = Debug|Any CPU
		{21CECBAC-1390-4951-B6DA-EF6682077199}.Debug|x64.ActiveCfg = Debug|Any CPU
		{21CECBAC-1390-4951-B6DA-EF6682077199}.Debug|x64.Build.0 = Debug|Any CPU
		{21CECBAC-1390-4951-B6DA-EF6682077199}.Debug|x86.ActiveCfg = Debug|Any CPU
		{21CECBAC-1390-4951-B6DA-EF6682077199}.Debug|x86.Build.0 = Debug|Any CPU
		{21CECBAC-1390-4951-B6DA-EF6682077199}.Release|Any CPU.ActiveCfg = Release|Any CPU
		{21CECBAC-1390-4951-B6DA-EF6682077199}.Release|Any CPU.Build.0 = Release|Any CPU
		{21CECBAC-1390-4951-B6DA-EF6682077199}.Release|x64.ActiveCfg = Release|Any CPU
		{21CECBAC-1390-4951-B6DA-EF6682077199}.Release|x64.Build.0 = Release|Any CPU
		{21CECBAC-1390-4951-B6DA-EF6682077199}.Release|x86.ActiveCfg = Release|Any CPU
		{21CECBAC-1390-4951-B6DA-EF6682077199}.Release|x86.Build.0 = Release|Any CPU
		{2EECF229-63E9-4112-A61C-7E3B2563CDA5}.Debug|Any CPU.ActiveCfg = Debug|Any CPU
		{2EECF229-63E9-4112-A61C-7E3B2563CDA5}.Debug|Any CPU.Build.0 = Debug|Any CPU
		{2EECF229-63E9-4112-A61C-7E3B2563CDA5}.Debug|x64.ActiveCfg = Debug|Any CPU
		{2EECF229-63E9-4112-A61C-7E3B2563CDA5}.Debug|x64.Build.0 = Debug|Any CPU
		{2EECF229-63E9-4112-A61C-7E3B2563CDA5}.Debug|x86.ActiveCfg = Debug|Any CPU
		{2EECF229-63E9-4112-A61C-7E3B2563CDA5}.Debug|x86.Build.0 = Debug|Any CPU
		{2EECF229-63E9-4112-A61C-7E3B2563CDA5}.Release|Any CPU.ActiveCfg = Release|Any CPU
		{2EECF229-63E9-4112-A61C-7E3B2563CDA5}.Release|Any CPU.Build.0 = Release|Any CPU
		{2EECF229-63E9-4112-A61C-7E3B2563CDA5}.Release|x64.ActiveCfg = Release|Any CPU
		{2EECF229-63E9-4112-A61C-7E3B2563CDA5}.Release|x64.Build.0 = Release|Any CPU
		{2EECF229-63E9-4112-A61C-7E3B2563CDA5}.Release|x86.ActiveCfg = Release|Any CPU
		{2EECF229-63E9-4112-A61C-7E3B2563CDA5}.Release|x86.Build.0 = Release|Any CPU
		{1FDE0E02-00A5-49E1-8A96-58B917667F90}.Debug|Any CPU.ActiveCfg = Debug|Any CPU
		{1FDE0E02-00A5-49E1-8A96-58B917667F90}.Debug|Any CPU.Build.0 = Debug|Any CPU
		{1FDE0E02-00A5-49E1-8A96-58B917667F90}.Debug|x64.ActiveCfg = Debug|Any CPU
		{1FDE0E02-00A5-49E1-8A96-58B917667F90}.Debug|x64.Build.0 = Debug|Any CPU
		{1FDE0E02-00A5-49E1-8A96-58B917667F90}.Debug|x86.ActiveCfg = Debug|Any CPU
		{1FDE0E02-00A5-49E1-8A96-58B917667F90}.Debug|x86.Build.0 = Debug|Any CPU
		{1FDE0E02-00A5-49E1-8A96-58B917667F90}.Release|Any CPU.ActiveCfg = Release|Any CPU
		{1FDE0E02-00A5-49E1-8A96-58B917667F90}.Release|Any CPU.Build.0 = Release|Any CPU
		{1FDE0E02-00A5-49E1-8A96-58B917667F90}.Release|x64.ActiveCfg = Release|Any CPU
		{1FDE0E02-00A5-49E1-8A96-58B917667F90}.Release|x64.Build.0 = Release|Any CPU
		{1FDE0E02-00A5-49E1-8A96-58B917667F90}.Release|x86.ActiveCfg = Release|Any CPU
		{1FDE0E02-00A5-49E1-8A96-58B917667F90}.Release|x86.Build.0 = Release|Any CPU
		{E8D5D193-F36D-4067-A540-F50FEF5E283E}.Debug|Any CPU.ActiveCfg = Debug|Any CPU
		{E8D5D193-F36D-4067-A540-F50FEF5E283E}.Debug|Any CPU.Build.0 = Debug|Any CPU
		{E8D5D193-F36D-4067-A540-F50FEF5E283E}.Debug|x64.ActiveCfg = Debug|Any CPU
		{E8D5D193-F36D-4067-A540-F50FEF5E283E}.Debug|x64.Build.0 = Debug|Any CPU
		{E8D5D193-F36D-4067-A540-F50FEF5E283E}.Debug|x86.ActiveCfg = Debug|Any CPU
		{E8D5D193-F36D-4067-A540-F50FEF5E283E}.Debug|x86.Build.0 = Debug|Any CPU
		{E8D5D193-F36D-4067-A540-F50FEF5E283E}.Release|Any CPU.ActiveCfg = Release|Any CPU
		{E8D5D193-F36D-4067-A540-F50FEF5E283E}.Release|Any CPU.Build.0 = Release|Any CPU
		{E8D5D193-F36D-4067-A540-F50FEF5E283E}.Release|x64.ActiveCfg = Release|Any CPU
		{E8D5D193-F36D-4067-A540-F50FEF5E283E}.Release|x64.Build.0 = Release|Any CPU
		{E8D5D193-F36D-4067-A540-F50FEF5E283E}.Release|x86.ActiveCfg = Release|Any CPU
		{E8D5D193-F36D-4067-A540-F50FEF5E283E}.Release|x86.Build.0 = Release|Any CPU
		{C16E7A9D-C71C-416D-B2B0-FD3D6A71F105}.Debug|Any CPU.ActiveCfg = Debug|Any CPU
		{C16E7A9D-C71C-416D-B2B0-FD3D6A71F105}.Debug|Any CPU.Build.0 = Debug|Any CPU
		{C16E7A9D-C71C-416D-B2B0-FD3D6A71F105}.Debug|x64.ActiveCfg = Debug|Any CPU
		{C16E7A9D-C71C-416D-B2B0-FD3D6A71F105}.Debug|x64.Build.0 = Debug|Any CPU
		{C16E7A9D-C71C-416D-B2B0-FD3D6A71F105}.Debug|x86.ActiveCfg = Debug|Any CPU
		{C16E7A9D-C71C-416D-B2B0-FD3D6A71F105}.Debug|x86.Build.0 = Debug|Any CPU
		{C16E7A9D-C71C-416D-B2B0-FD3D6A71F105}.Release|Any CPU.ActiveCfg = Release|Any CPU
		{C16E7A9D-C71C-416D-B2B0-FD3D6A71F105}.Release|Any CPU.Build.0 = Release|Any CPU
		{C16E7A9D-C71C-416D-B2B0-FD3D6A71F105}.Release|x64.ActiveCfg = Release|Any CPU
		{C16E7A9D-C71C-416D-B2B0-FD3D6A71F105}.Release|x64.Build.0 = Release|Any CPU
		{C16E7A9D-C71C-416D-B2B0-FD3D6A71F105}.Release|x86.ActiveCfg = Release|Any CPU
		{C16E7A9D-C71C-416D-B2B0-FD3D6A71F105}.Release|x86.Build.0 = Release|Any CPU
		{0AD94AC3-FBB5-4F26-8479-98F0077129EC}.Debug|Any CPU.ActiveCfg = Debug|Any CPU
		{0AD94AC3-FBB5-4F26-8479-98F0077129EC}.Debug|Any CPU.Build.0 = Debug|Any CPU
		{0AD94AC3-FBB5-4F26-8479-98F0077129EC}.Debug|x64.ActiveCfg = Debug|Any CPU
		{0AD94AC3-FBB5-4F26-8479-98F0077129EC}.Debug|x64.Build.0 = Debug|Any CPU
		{0AD94AC3-FBB5-4F26-8479-98F0077129EC}.Debug|x86.ActiveCfg = Debug|Any CPU
		{0AD94AC3-FBB5-4F26-8479-98F0077129EC}.Debug|x86.Build.0 = Debug|Any CPU
		{0AD94AC3-FBB5-4F26-8479-98F0077129EC}.Release|Any CPU.ActiveCfg = Release|Any CPU
		{0AD94AC3-FBB5-4F26-8479-98F0077129EC}.Release|Any CPU.Build.0 = Release|Any CPU
		{0AD94AC3-FBB5-4F26-8479-98F0077129EC}.Release|x64.ActiveCfg = Release|Any CPU
		{0AD94AC3-FBB5-4F26-8479-98F0077129EC}.Release|x64.Build.0 = Release|Any CPU
		{0AD94AC3-FBB5-4F26-8479-98F0077129EC}.Release|x86.ActiveCfg = Release|Any CPU
		{0AD94AC3-FBB5-4F26-8479-98F0077129EC}.Release|x86.Build.0 = Release|Any CPU
		{AAD4387B-E27F-475E-9CF3-6040E0418C46}.Debug|Any CPU.ActiveCfg = Debug|Any CPU
		{AAD4387B-E27F-475E-9CF3-6040E0418C46}.Debug|Any CPU.Build.0 = Debug|Any CPU
		{AAD4387B-E27F-475E-9CF3-6040E0418C46}.Debug|x64.ActiveCfg = Debug|Any CPU
		{AAD4387B-E27F-475E-9CF3-6040E0418C46}.Debug|x64.Build.0 = Debug|Any CPU
		{AAD4387B-E27F-475E-9CF3-6040E0418C46}.Debug|x86.ActiveCfg = Debug|Any CPU
		{AAD4387B-E27F-475E-9CF3-6040E0418C46}.Debug|x86.Build.0 = Debug|Any CPU
		{AAD4387B-E27F-475E-9CF3-6040E0418C46}.Release|Any CPU.ActiveCfg = Release|Any CPU
		{AAD4387B-E27F-475E-9CF3-6040E0418C46}.Release|Any CPU.Build.0 = Release|Any CPU
		{AAD4387B-E27F-475E-9CF3-6040E0418C46}.Release|x64.ActiveCfg = Release|Any CPU
		{AAD4387B-E27F-475E-9CF3-6040E0418C46}.Release|x64.Build.0 = Release|Any CPU
		{AAD4387B-E27F-475E-9CF3-6040E0418C46}.Release|x86.ActiveCfg = Release|Any CPU
		{AAD4387B-E27F-475E-9CF3-6040E0418C46}.Release|x86.Build.0 = Release|Any CPU
		{BCDAAC82-229E-4DBB-B9B6-48F02A304674}.Debug|Any CPU.ActiveCfg = Debug|Any CPU
		{BCDAAC82-229E-4DBB-B9B6-48F02A304674}.Debug|Any CPU.Build.0 = Debug|Any CPU
		{BCDAAC82-229E-4DBB-B9B6-48F02A304674}.Debug|x64.ActiveCfg = Debug|Any CPU
		{BCDAAC82-229E-4DBB-B9B6-48F02A304674}.Debug|x64.Build.0 = Debug|Any CPU
		{BCDAAC82-229E-4DBB-B9B6-48F02A304674}.Debug|x86.ActiveCfg = Debug|Any CPU
		{BCDAAC82-229E-4DBB-B9B6-48F02A304674}.Debug|x86.Build.0 = Debug|Any CPU
		{BCDAAC82-229E-4DBB-B9B6-48F02A304674}.Release|Any CPU.ActiveCfg = Release|Any CPU
		{BCDAAC82-229E-4DBB-B9B6-48F02A304674}.Release|Any CPU.Build.0 = Release|Any CPU
		{BCDAAC82-229E-4DBB-B9B6-48F02A304674}.Release|x64.ActiveCfg = Release|Any CPU
		{BCDAAC82-229E-4DBB-B9B6-48F02A304674}.Release|x64.Build.0 = Release|Any CPU
		{BCDAAC82-229E-4DBB-B9B6-48F02A304674}.Release|x86.ActiveCfg = Release|Any CPU
		{BCDAAC82-229E-4DBB-B9B6-48F02A304674}.Release|x86.Build.0 = Release|Any CPU
	EndGlobalSection
	GlobalSection(NestedProjects) = preSolution
		{9FA66B18-7D5F-4CAB-913D-EA77E589AC96} = {A3C7CFE6-50D6-4589-8BAD-247AB3EF001D}
		{F49D9AB8-4167-429E-BB5D-7AA1FC4567F1} = {A3C7CFE6-50D6-4589-8BAD-247AB3EF001D}
		{BC862B30-43A2-425E-AB2C-691B9AB68C15} = {5C3FBA77-3749-415C-A656-BCFBB6461083}
		{58700D92-BDA9-4F3E-A2B2-63F8659D4588} = {5C3FBA77-3749-415C-A656-BCFBB6461083}
		{2C2EC737-64F2-41E0-A8C3-07AE7F7FE1BF} = {EECAF128-7DA8-4424-841E-E87EAF26C622}
		{59601D27-538F-452B-9230-D6E5F41DD8A8} = {EECAF128-7DA8-4424-841E-E87EAF26C622}
		{280C7808-5B81-47CC-B85A-1CC064B7611D} = {6E5B81DC-FAC7-4B96-BB9C-D8170E5A90F8}
		{F754FEF0-792D-44E5-BB4E-9262C88A0FB7} = {6E5B81DC-FAC7-4B96-BB9C-D8170E5A90F8}
		{DDAB4948-147B-4752-A5CA-BAAB2DD9302B} = {26769E69-9399-4C64-A5E3-971473120709}
		{5352D2F0-B729-4A12-A036-2770C3635EE1} = {26769E69-9399-4C64-A5E3-971473120709}
		{01346FD8-C610-4558-BAC7-E7DC2C524738} = {916DB20C-C36A-4133-821B-ED1987A982C6}
		{5C0AC4FC-B00C-459D-B689-B39018CB7B6F} = {01346FD8-C610-4558-BAC7-E7DC2C524738}
		{34C835E1-6326-4F26-96A7-10A4AEC55FAE} = {01346FD8-C610-4558-BAC7-E7DC2C524738}
		{886235E1-2FEF-4DDC-9F61-A90089C627B5} = {916DB20C-C36A-4133-821B-ED1987A982C6}
		{21CECBAC-1390-4951-B6DA-EF6682077199} = {886235E1-2FEF-4DDC-9F61-A90089C627B5}
		{2EECF229-63E9-4112-A61C-7E3B2563CDA5} = {886235E1-2FEF-4DDC-9F61-A90089C627B5}
		{D09079E1-58B4-47EE-B20C-D9F651760149} = {FEA54C5E-52AB-4A37-9DFE-39770E7E08BC}
		{1FDE0E02-00A5-49E1-8A96-58B917667F90} = {D09079E1-58B4-47EE-B20C-D9F651760149}
		{E8D5D193-F36D-4067-A540-F50FEF5E283E} = {D09079E1-58B4-47EE-B20C-D9F651760149}
		{59360CDD-DFAF-4321-B285-42A378B73CD5} = {FEA54C5E-52AB-4A37-9DFE-39770E7E08BC}
		{C16E7A9D-C71C-416D-B2B0-FD3D6A71F105} = {59360CDD-DFAF-4321-B285-42A378B73CD5}
		{0AD94AC3-FBB5-4F26-8479-98F0077129EC} = {59360CDD-DFAF-4321-B285-42A378B73CD5}
		{79D19875-6AB8-472F-98EA-4B8A9E8BB340} = {916DB20C-C36A-4133-821B-ED1987A982C6}
		{AAD4387B-E27F-475E-9CF3-6040E0418C46} = {79D19875-6AB8-472F-98EA-4B8A9E8BB340}
		{BCDAAC82-229E-4DBB-B9B6-48F02A304674} = {79D19875-6AB8-472F-98EA-4B8A9E8BB340}
	EndGlobalSection
EndGlobal
