
Microsoft Visual Studio Solution File, Format Version 12.00
# Visual Studio Version 16
VisualStudioVersion = 16.0.30114.105
MinimumVisualStudioVersion = 10.0.40219.1
Project("{2150E333-8FDC-42A3-9474-1A3956D46DE8}") = "5kyu", "5kyu", "{454E5EBA-0E20-467A-8A03-E0920C69C7E6}"
EndProject
Project("{2150E333-8FDC-42A3-9474-1A3956D46DE8}") = "HumanReadableTime", "HumanReadableTime", "{76C86F43-09EE-4191-89A6-E3530337CAF9}"
EndProject
Project("{FAE04EC0-301F-11D3-BF4B-00C04F79EFBC}") = "HumanReadableTime.Logic", "5kyu\HumanReadableTime\HumanReadableTime.Logic\HumanReadableTime.Logic.csproj", "{43C4E630-8E54-4386-A46D-DBC85A6D4D68}"
EndProject
Project("{FAE04EC0-301F-11D3-BF4B-00C04F79EFBC}") = "HumanReadableTime.UnitTests", "5kyu\HumanReadableTime\HumanReadableTime.UnitTests\HumanReadableTime.UnitTests.csproj", "{52C1F688-E5E1-4503-B9D6-BE2143E24C24}"
EndProject
Project("{2150E333-8FDC-42A3-9474-1A3956D46DE8}") = "ToSquareRootOrNotToSquareRoot", "ToSquareRootOrNotToSquareRoot", "{9B590F8B-D79C-4F42-920A-9F36C1598B61}"
EndProject
Project("{FAE04EC0-301F-11D3-BF4B-00C04F79EFBC}") = "ToSquareRootOrNotToSquareRoot.Logic", "5kyu\ToSquareRootOrNotToSquareRoot\ToSquareRootOrNotToSquareRoot.Logic\ToSquareRootOrNotToSquareRoot.Logic.csproj", "{11261901-1A8B-4F15-8ECA-1193DE56D1AE}"
EndProject
Project("{FAE04EC0-301F-11D3-BF4B-00C04F79EFBC}") = "ToSquareRootOrNotToSquareRoot.UnitTests", "5kyu\ToSquareRootOrNotToSquareRoot\ToSquareRootOrNotToSquareRoot.UnitTests\ToSquareRootOrNotToSquareRoot.UnitTests.csproj", "{ED3EA40F-130C-48F1-B81F-33BCA2EAB704}"
EndProject
Project("{2150E333-8FDC-42A3-9474-1A3956D46DE8}") = "6kyu", "6kyu", "{7207594B-BE73-4647-BB26-AD610B752D25}"
EndProject
Project("{2150E333-8FDC-42A3-9474-1A3956D46DE8}") = "BreakCamelCase", "BreakCamelCase", "{DB4C4094-BB20-4E32-8683-5AC42AC757C9}"
EndProject
Project("{FAE04EC0-301F-11D3-BF4B-00C04F79EFBC}") = "BreakCamelCase.Logic", "6kyu\BreakCamelCase\BreakCamelCase.Logic\BreakCamelCase.Logic.csproj", "{9D042AAF-8B6C-4CAB-87EA-111A7E4E16D7}"
EndProject
Project("{FAE04EC0-301F-11D3-BF4B-00C04F79EFBC}") = "BreakCamelCase.UnitTests", "6kyu\BreakCamelCase\BreakCamelCase.UnitTests\BreakCamelCase.UnitTests.csproj", "{B5715DCE-2608-4ACB-B0DF-B47AF81DCDE9}"
EndProject
Project("{2150E333-8FDC-42A3-9474-1A3956D46DE8}") = "ConnectTheDots", "ConnectTheDots", "{9E410857-C2C3-4B02-9DF2-E22463BCC8EE}"
EndProject
Project("{FAE04EC0-301F-11D3-BF4B-00C04F79EFBC}") = "ConnectTheDots.Logic", "6kyu\ConnectTheDots\ConnectTheDots.Logic\ConnectTheDots.Logic.csproj", "{6AC9A68A-E2D2-4C4A-91E5-8B2D564E5A30}"
EndProject
Project("{FAE04EC0-301F-11D3-BF4B-00C04F79EFBC}") = "ConnectTheDots.UnitTests", "6kyu\ConnectTheDots\ConnectTheDots.UnitTests\ConnectTheDots.UnitTests.csproj", "{A3163F67-91C7-4384-8736-ABA41A4E16C4}"
EndProject
Project("{2150E333-8FDC-42A3-9474-1A3956D46DE8}") = "GiveMeAdiamond", "GiveMeAdiamond", "{B76DFC23-8004-4B79-BA0F-01F6A7A1E055}"
EndProject
Project("{FAE04EC0-301F-11D3-BF4B-00C04F79EFBC}") = "GiveMeAdiamond.Logic", "6kyu\GiveMeAdiamond\GiveMeAdiamond.Logic\GiveMeAdiamond.Logic.csproj", "{F6B66312-E432-4AC6-9918-2FA58FE05984}"
EndProject
Project("{FAE04EC0-301F-11D3-BF4B-00C04F79EFBC}") = "GiveMeAdiamond.UnitTests", "6kyu\GiveMeAdiamond\GiveMeAdiamond.UnitTests\GiveMeAdiamond.UnitTests.csproj", "{24A0BF20-6E91-43D7-8233-A580546FF30C}"
EndProject
Project("{2150E333-8FDC-42A3-9474-1A3956D46DE8}") = "MultiplesOf3Or5", "MultiplesOf3Or5", "{728A11D2-57DC-4CB2-8943-78B139A8846B}"
EndProject
Project("{FAE04EC0-301F-11D3-BF4B-00C04F79EFBC}") = "MultiplesOf3Or5.Logic", "6kyu\MultiplesOf3Or5\MultiplesOf3Or5.Logic\MultiplesOf3Or5.Logic.csproj", "{4E4FC552-E7B3-4B05-8B1D-A9BF7B91588C}"
EndProject
Project("{FAE04EC0-301F-11D3-BF4B-00C04F79EFBC}") = "MultiplesOf3Or5.UnitTests", "6kyu\MultiplesOf3Or5\MultiplesOf3Or5.UnitTests\MultiplesOf3Or5.UnitTests.csproj", "{0CD16F2D-7EED-40CE-A8B3-D6BD0F2ED360}"
EndProject
Project("{2150E333-8FDC-42A3-9474-1A3956D46DE8}") = "7kyu", "7kyu", "{860908B5-7DF3-4D84-9A6F-1C0E8A04E564}"
EndProject
Project("{2150E333-8FDC-42A3-9474-1A3956D46DE8}") = "AlphabetSymmetry", "AlphabetSymmetry", "{C4BBF283-C9DB-43DD-84C4-E225728E7C7C}"
EndProject
Project("{FAE04EC0-301F-11D3-BF4B-00C04F79EFBC}") = "AlphabetSymmetry.Logic", "7kyu\AlphabetSymmetry\AlphabetSymmetry.Logic\AlphabetSymmetry.Logic.csproj", "{3F8215EA-022B-4ABF-886E-5E9DF95F7050}"
EndProject
Project("{FAE04EC0-301F-11D3-BF4B-00C04F79EFBC}") = "AlphabetSymmetry.UnitTests", "7kyu\AlphabetSymmetry\AlphabetSymmetry.UnitTests\AlphabetSymmetry.UnitTests.csproj", "{6007A586-5B8F-4D02-866E-D442784E3BF4}"
EndProject
Project("{2150E333-8FDC-42A3-9474-1A3956D46DE8}") = "FindTheCapitals", "FindTheCapitals", "{921F8FC5-DEE8-47E3-92EA-254ED96613CD}"
EndProject
Project("{FAE04EC0-301F-11D3-BF4B-00C04F79EFBC}") = "FindTheCapitals.Logic", "7kyu\FindTheCapitals\FindTheCapitals.Logic\FindTheCapitals.Logic.csproj", "{85ED1FC8-E305-4A0E-8F08-B2F41C1CC714}"
EndProject
Project("{FAE04EC0-301F-11D3-BF4B-00C04F79EFBC}") = "FindTheCapitals.UnitTests", "7kyu\FindTheCapitals\FindTheCapitals.UnitTests\FindTheCapitals.UnitTests.csproj", "{A8E01B0A-452B-4379-B6CB-C7ACDACE41BA}"
EndProject
Project("{2150E333-8FDC-42A3-9474-1A3956D46DE8}") = "FindTheVowels", "FindTheVowels", "{491D6446-26BC-440F-9EFB-BE218FC786DC}"
EndProject
Project("{FAE04EC0-301F-11D3-BF4B-00C04F79EFBC}") = "FindTheVowels.Logic", "7kyu\FindTheVowels\FindTheVowels.Logic\FindTheVowels.Logic.csproj", "{696CDD4D-43C2-4ADE-9F6F-659BC283D44E}"
EndProject
Project("{FAE04EC0-301F-11D3-BF4B-00C04F79EFBC}") = "FindTheVowels.UnitTests", "7kyu\FindTheVowels\FindTheVowels.UnitTests\FindTheVowels.UnitTests.csproj", "{2AF95081-A938-4360-83F2-3976660C60C0}"
EndProject
Project("{2150E333-8FDC-42A3-9474-1A3956D46DE8}") = "InsertDashes", "InsertDashes", "{DB289173-6F3B-4B17-BF37-67CDF79E7080}"
EndProject
Project("{FAE04EC0-301F-11D3-BF4B-00C04F79EFBC}") = "InsertDashes.Logic", "7kyu\InsertDashes\InsertDashes.Logic\InsertDashes.Logic.csproj", "{BB149F0A-FDFF-4005-819F-F505E216F5AE}"
EndProject
Project("{FAE04EC0-301F-11D3-BF4B-00C04F79EFBC}") = "InsertDashes.UnitTests", "7kyu\InsertDashes\InsertDashes.UnitTests\InsertDashes.UnitTests.csproj", "{AA40130E-529F-4750-BC8C-0DFCE97510EA}"
EndProject
Project("{2150E333-8FDC-42A3-9474-1A3956D46DE8}") = "SortNumbers", "SortNumbers", "{AE55DC19-2E2E-4B41-A088-06AEDEC1B64D}"
EndProject
Project("{FAE04EC0-301F-11D3-BF4B-00C04F79EFBC}") = "SortNumbers.Logic", "7kyu\SortNumbers\SortNumbers.Logic\SortNumbers.Logic.csproj", "{60F03897-2502-4AD5-8672-89CA5176F41D}"
EndProject
Project("{FAE04EC0-301F-11D3-BF4B-00C04F79EFBC}") = "SortNumbers.UnitTests", "7kyu\SortNumbers\SortNumbers.UnitTests\SortNumbers.UnitTests.csproj", "{A8F37172-9272-4BE0-BEC2-E8F5D06110B0}"
EndProject
Project("{2150E333-8FDC-42A3-9474-1A3956D46DE8}") = "StringEndsWith", "StringEndsWith", "{3321D22C-0174-4297-9D9B-6AA65104CA2C}"
EndProject
Project("{FAE04EC0-301F-11D3-BF4B-00C04F79EFBC}") = "StringEndsWith.Logic", "7kyu\StringEndsWith\StringEndsWith.Logic\StringEndsWith.Logic.csproj", "{5F1DBF61-C2EE-43D1-927C-A0D8004BED78}"
EndProject
Project("{FAE04EC0-301F-11D3-BF4B-00C04F79EFBC}") = "StringEndsWith.UnitTests", "7kyu\StringEndsWith\StringEndsWith.UnitTests\StringEndsWith.UnitTests.csproj", "{7A2537F0-2A44-474F-9CD5-2EC9AFC14D04}"
EndProject
Project("{2150E333-8FDC-42A3-9474-1A3956D46DE8}") = "YouGotChange", "YouGotChange", "{5720DF5E-80AF-4C87-A577-7D720574B381}"
EndProject
Project("{FAE04EC0-301F-11D3-BF4B-00C04F79EFBC}") = "YouGotChange.Logic", "7kyu\YouGotChange\YouGotChange.Logic\YouGotChange.Logic.csproj", "{956C29F1-C8E9-44D8-BB20-6054E685DC06}"
EndProject
Project("{FAE04EC0-301F-11D3-BF4B-00C04F79EFBC}") = "YouGotChange.UnitTests", "7kyu\YouGotChange\YouGotChange.UnitTests\YouGotChange.UnitTests.csproj", "{784F3DDB-7F42-4E59-AE94-D85215BD7BA9}"
EndProject
Project("{2150E333-8FDC-42A3-9474-1A3956D46DE8}") = "8kyu", "8kyu", "{0E0D6B6B-8406-4C24-877B-8198105F3F92}"
EndProject
Project("{2150E333-8FDC-42A3-9474-1A3956D46DE8}") = "AreaOfaSquare", "AreaOfaSquare", "{1BBEA571-8F8B-4731-A623-E91DCF19037B}"
EndProject
Project("{FAE04EC0-301F-11D3-BF4B-00C04F79EFBC}") = "AreaOfaSquare.Logic", "8kyu\AreaOfaSquare\AreaOfaSquare.Logic\AreaOfaSquare.Logic.csproj", "{E387B816-8A38-4E7C-8716-480B99F65AAB}"
EndProject
Project("{FAE04EC0-301F-11D3-BF4B-00C04F79EFBC}") = "AreaOfaSquare.UnitTests", "8kyu\AreaOfaSquare\AreaOfaSquare.UnitTests\AreaOfaSquare.UnitTests.csproj", "{96B77555-E2C6-423E-BCA3-D0366FA31D11}"
EndProject
Project("{2150E333-8FDC-42A3-9474-1A3956D46DE8}") = "CountSquares", "CountSquares", "{2C05B5B8-3625-4D6E-8C68-5DF8069B69F4}"
EndProject
Project("{FAE04EC0-301F-11D3-BF4B-00C04F79EFBC}") = "CountSquares.Logic", "8kyu\CountSquares\CountSquares.Logic\CountSquares.Logic.csproj", "{4631EA76-27E3-49C4-BF73-86B916B5F35D}"
EndProject
Project("{FAE04EC0-301F-11D3-BF4B-00C04F79EFBC}") = "CountSquares.UnitTests", "8kyu\CountSquares\CountSquares.UnitTests\CountSquares.UnitTests.csproj", "{F28D1B10-4757-445C-9020-660FF98D05F4}"
EndProject
Project("{2150E333-8FDC-42A3-9474-1A3956D46DE8}") = "DecibelScale", "DecibelScale", "{44D5E39B-1B92-43D3-A18C-5D53A17933D0}"
EndProject
Project("{FAE04EC0-301F-11D3-BF4B-00C04F79EFBC}") = "DecibelScale.Logic", "8kyu\DecibelScale\DecibelScale.Logic\DecibelScale.Logic.csproj", "{CDFCF2DC-FB80-45C7-AC0C-6A7F0B6D767D}"
EndProject
Project("{FAE04EC0-301F-11D3-BF4B-00C04F79EFBC}") = "DecibelScale.UnitTests", "8kyu\DecibelScale\DecibelScale.UnitTests\DecibelScale.UnitTests.csproj", "{F3876324-9AA1-4AD2-94CD-15983B58A74F}"
EndProject
Project("{2150E333-8FDC-42A3-9474-1A3956D46DE8}") = "DoubleChar", "DoubleChar", "{2894608A-48C7-4FD7-8410-686C5FFB99CC}"
EndProject
Project("{FAE04EC0-301F-11D3-BF4B-00C04F79EFBC}") = "DoubleChar.Logic", "8kyu\DoubleChar\DoubleChar.Logic\DoubleChar.Logic.csproj", "{3DEEE0F3-22B8-4522-BF04-E66AAFE5BBAB}"
EndProject
Project("{FAE04EC0-301F-11D3-BF4B-00C04F79EFBC}") = "DoubleChar.UnitTests", "8kyu\DoubleChar\DoubleChar.UnitTests\DoubleChar.UnitTests.csproj", "{1391254E-3E94-4BD8-95BA-109EC81C6379}"
EndProject
Project("{2150E333-8FDC-42A3-9474-1A3956D46DE8}") = "GravityFlip", "GravityFlip", "{AE50FC55-D4CE-4818-A9D7-AFD161C25AFC}"
EndProject
Project("{FAE04EC0-301F-11D3-BF4B-00C04F79EFBC}") = "GravityFlip.Logic", "8kyu\GravityFlip\GravityFlip.Logic\GravityFlip.Logic.csproj", "{7C05ACA2-F4FB-4D5A-B53E-4A972E6E0A67}"
EndProject
Project("{FAE04EC0-301F-11D3-BF4B-00C04F79EFBC}") = "GravityFlip.UnitTests", "8kyu\GravityFlip\GravityFlip.UnitTests\GravityFlip.UnitTests.csproj", "{3D0B356A-DC11-4B65-B6B4-DF5CDE67B064}"
EndProject
Project("{2150E333-8FDC-42A3-9474-1A3956D46DE8}") = "LarioAndMuigiPipeProblem", "LarioAndMuigiPipeProblem", "{62803C07-EC41-4AFF-9CF8-A4528F3FD162}"
EndProject
Project("{FAE04EC0-301F-11D3-BF4B-00C04F79EFBC}") = "LarioAndMuigiPipeProblem.Logic", "8kyu\LarioAndMuigiPipeProblem\LarioAndMuigiPipeProblem.Logic\LarioAndMuigiPipeProblem.Logic.csproj", "{06D92A8A-6747-41A9-A326-B960D13CB577}"
EndProject
Project("{FAE04EC0-301F-11D3-BF4B-00C04F79EFBC}") = "LarioAndMuigiPipeProblem.UnitTests", "8kyu\LarioAndMuigiPipeProblem\LarioAndMuigiPipeProblem.UnitTests\LarioAndMuigiPipeProblem.UnitTests.csproj", "{D9BBF93C-CA95-4C68-9C3B-B39E7A99D226}"
EndProject
Project("{2150E333-8FDC-42A3-9474-1A3956D46DE8}") = "NumberToReversedArray", "NumberToReversedArray", "{BB647F6C-C958-468B-9B91-35318B7131B3}"
EndProject
Project("{FAE04EC0-301F-11D3-BF4B-00C04F79EFBC}") = "NumberToReversedArray.Logic", "8kyu\NumberToReversedArray\NumberToReversedArray.Logic\NumberToReversedArray.Logic.csproj", "{CC5128EA-9CD8-4A6F-9669-737C1D294E88}"
EndProject
Project("{FAE04EC0-301F-11D3-BF4B-00C04F79EFBC}") = "NumberToReversedArray.UnitTests", "8kyu\NumberToReversedArray\NumberToReversedArray.UnitTests\NumberToReversedArray.UnitTests.csproj", "{7216061B-A63A-484A-99E9-49BE876FEAEE}"
EndProject
Project("{2150E333-8FDC-42A3-9474-1A3956D46DE8}") = "Pillars", "Pillars", "{6FEC8664-4C4F-43D3-8793-2A53205DAD0D}"
EndProject
Project("{FAE04EC0-301F-11D3-BF4B-00C04F79EFBC}") = "Pillars.Logic", "8kyu\Pillars\Pillars.Logic\Pillars.Logic.csproj", "{A0AD5FCC-AD53-4338-8F49-F055FAEE7516}"
EndProject
Project("{FAE04EC0-301F-11D3-BF4B-00C04F79EFBC}") = "Pillars.UnitTests", "8kyu\Pillars\Pillars.UnitTests\Pillars.UnitTests.csproj", "{F1AA2FC7-A99B-4251-99FD-0870D9FEAE6F}"
EndProject
Project("{2150E333-8FDC-42A3-9474-1A3956D46DE8}") = "RemoveFirstAndLastCharacter2", "RemoveFirstAndLastCharacter2", "{FF552559-F102-422B-A31B-5A72CFD01713}"
EndProject
Project("{FAE04EC0-301F-11D3-BF4B-00C04F79EFBC}") = "RemoveFirstAndLastCharacter2.Logic", "8kyu\RemoveFirstAndLastCharacter2\RemoveFirstAndLastCharacter2.Logic\RemoveFirstAndLastCharacter2.Logic.csproj", "{DB549E89-C71D-47BE-9CE6-5BA90FEDEEF3}"
EndProject
Project("{FAE04EC0-301F-11D3-BF4B-00C04F79EFBC}") = "RemoveFirstAndLastCharacter2.UnitTests", "8kyu\RemoveFirstAndLastCharacter2\RemoveFirstAndLastCharacter2.UnitTests\RemoveFirstAndLastCharacter2.UnitTests.csproj", "{09B8B217-628F-4FBF-A4DB-D2D9AA2EDE70}"
EndProject
Project("{2150E333-8FDC-42A3-9474-1A3956D46DE8}") = "SquareAndSum", "SquareAndSum", "{7AABE815-DAA1-42E3-9FEF-33D242AF238D}"
EndProject
Project("{FAE04EC0-301F-11D3-BF4B-00C04F79EFBC}") = "SquareAndSum.Logic", "8kyu\SquareAndSum\SquareAndSum.Logic\SquareAndSum.Logic.csproj", "{0C713A97-EA6A-49CC-8F5F-0D054C894BC0}"
EndProject
Project("{FAE04EC0-301F-11D3-BF4B-00C04F79EFBC}") = "SquareAndSum.UnitTests", "8kyu\SquareAndSum\SquareAndSum.UnitTests\SquareAndSum.UnitTests.csproj", "{4D462F06-226E-4CB5-AE9D-12366B7B6C4E}"
EndProject
Project("{2150E333-8FDC-42A3-9474-1A3956D46DE8}") = "SubtractTheSum", "SubtractTheSum", "{5C35BCD9-E6A7-4ADA-9442-99C4FE220F48}"
EndProject
Project("{FAE04EC0-301F-11D3-BF4B-00C04F79EFBC}") = "SubtractTheSum.Logic", "8kyu\SubtractTheSum\SubtractTheSum.Logic\SubtractTheSum.Logic.csproj", "{0FA8854E-94D4-4300-BAFE-C9D6E83F5597}"
EndProject
Project("{FAE04EC0-301F-11D3-BF4B-00C04F79EFBC}") = "SubtractTheSum.UnitTests", "8kyu\SubtractTheSum\SubtractTheSum.UnitTests\SubtractTheSum.UnitTests.csproj", "{456E4813-C7E0-430B-B942-D541C70E27E4}"
EndProject
Project("{2150E333-8FDC-42A3-9474-1A3956D46DE8}") = "SumTheStrings", "SumTheStrings", "{2A8E869A-F801-4FFE-8454-0AB2DA3F92CD}"
EndProject
Project("{FAE04EC0-301F-11D3-BF4B-00C04F79EFBC}") = "SumTheStrings.Logic", "8kyu\SumTheStrings\SumTheStrings.Logic\SumTheStrings.Logic.csproj", "{7F48B007-635A-4EE3-A97B-33BCA661C229}"
EndProject
Project("{FAE04EC0-301F-11D3-BF4B-00C04F79EFBC}") = "SumTheStrings.UnitTests", "8kyu\SumTheStrings\SumTheStrings.UnitTests\SumTheStrings.UnitTests.csproj", "{997F480A-B73A-467C-B892-8B54DA9AAED7}"
EndProject
Project("{2150E333-8FDC-42A3-9474-1A3956D46DE8}") = "VowelRemover", "VowelRemover", "{1C6DE711-FCC2-4F1D-8E7C-10B65E65BAAE}"
EndProject
Project("{FAE04EC0-301F-11D3-BF4B-00C04F79EFBC}") = "VowelRemover.Logic", "8kyu\VowelRemover\VowelRemover.Logic\VowelRemover.Logic.csproj", "{8786AA8B-8813-42F1-913C-F26922D130EC}"
EndProject
Project("{FAE04EC0-301F-11D3-BF4B-00C04F79EFBC}") = "VowelRemover.UnitTests", "8kyu\VowelRemover\VowelRemover.UnitTests\VowelRemover.UnitTests.csproj", "{9A7AA2D1-6F89-4BA6-8BE2-80C53BACED22}"
EndProject
Project("{2150E333-8FDC-42A3-9474-1A3956D46DE8}") = "WellOfIdeas", "WellOfIdeas", "{A1A1EC19-FF7C-4695-9596-A72D1FEED686}"
EndProject
Project("{FAE04EC0-301F-11D3-BF4B-00C04F79EFBC}") = "WellOfIdeas.Logic", "8kyu\WellOfIdeas\WellOfIdeas.Logic\WellOfIdeas.Logic.csproj", "{9452CD76-5D7A-4EC5-AAA4-ED34B4F3287E}"
EndProject
Project("{FAE04EC0-301F-11D3-BF4B-00C04F79EFBC}") = "WellOfIdeas.UnitTests", "8kyu\WellOfIdeas\WellOfIdeas.UnitTests\WellOfIdeas.UnitTests.csproj", "{A37E6721-47DA-462F-A44F-2F045CD96206}"
EndProject
Project("{2150E333-8FDC-42A3-9474-1A3956D46DE8}") = "SimpleStringCharacters", "SimpleStringCharacters", "{12D1C689-50E1-4D8D-A779-AB8019616EBB}"
EndProject
Project("{FAE04EC0-301F-11D3-BF4B-00C04F79EFBC}") = "SimpleStringCharacters.Logic", "7kyu\SimpleStringCharacters\SimpleStringCharacters.Logic\SimpleStringCharacters.Logic.csproj", "{10B1B9AB-2008-4359-9B22-FB038D591009}"
EndProject
Project("{FAE04EC0-301F-11D3-BF4B-00C04F79EFBC}") = "SimpleStringCharacters.UnitTests", "7kyu\SimpleStringCharacters\SimpleStringCharacters.UnitTests\SimpleStringCharacters.UnitTests.csproj", "{55EF71F3-ADFB-42B0-AF03-DD1FBB1204E9}"
EndProject
Project("{2150E333-8FDC-42A3-9474-1A3956D46DE8}") = "BinaryScore", "BinaryScore", "{B82D4B4E-7FA6-4806-AE2E-C7240D70E048}"
EndProject
Project("{FAE04EC0-301F-11D3-BF4B-00C04F79EFBC}") = "BinaryScore.Logic", "7kyu\BinaryScore\BinaryScore.Logic\BinaryScore.Logic.csproj", "{C379BB86-DB18-49B2-A287-E4E14D148E44}"
EndProject
Project("{FAE04EC0-301F-11D3-BF4B-00C04F79EFBC}") = "BinaryScore.UnitTests", "7kyu\BinaryScore\BinaryScore.UnitTests\BinaryScore.UnitTests.csproj", "{3F9F75DB-B1D6-47D2-8729-B28109E5BCAC}"
EndProject
Project("{2150E333-8FDC-42A3-9474-1A3956D46DE8}") = "ArrayDiff", "ArrayDiff", "{A0E3823B-4387-450B-A002-D48C67DCF2D9}"
EndProject
Project("{FAE04EC0-301F-11D3-BF4B-00C04F79EFBC}") = "ArrayDiff.Logic", "6kyu\ArrayDiff\ArrayDiff.Logic\ArrayDiff.Logic.csproj", "{173A2A6F-1F02-46EC-A9D0-AB42BD83EE42}"
EndProject
Project("{FAE04EC0-301F-11D3-BF4B-00C04F79EFBC}") = "ArrayDiff.UnitTests", "6kyu\ArrayDiff\ArrayDiff.UnitTests\ArrayDiff.UnitTests.csproj", "{6664C976-D8C2-4050-89D7-897542BB2E8F}"
EndProject
Project("{2150E333-8FDC-42A3-9474-1A3956D46DE8}") = "NarcissisticNumbers", "NarcissisticNumbers", "{3D6F1689-1837-4541-9D6A-30318CAD38B3}"
EndProject
Project("{FAE04EC0-301F-11D3-BF4B-00C04F79EFBC}") = "NarcissisticNumbers.Logic", "7kyu\NarcissisticNumbers\NarcissisticNumbers.Logic\NarcissisticNumbers.Logic.csproj", "{4201F995-22EF-4FC6-A825-F621825912E3}"
EndProject
Project("{FAE04EC0-301F-11D3-BF4B-00C04F79EFBC}") = "NarcissisticNumbers.UnitTests", "7kyu\NarcissisticNumbers\NarcissisticNumbers.UnitTests\NarcissisticNumbers.UnitTests.csproj", "{601F064A-5D17-44C5-9355-4FC0DC15E33D}"
EndProject
Project("{2150E333-8FDC-42A3-9474-1A3956D46DE8}") = "DollarsAndCents", "DollarsAndCents", "{A7B36462-48E6-47E4-972D-5F75D0E46C16}"
EndProject
Project("{FAE04EC0-301F-11D3-BF4B-00C04F79EFBC}") = "DollarsAndCents.Logic", "8kyu\DollarsAndCents\DollarsAndCents.Logic\DollarsAndCents.Logic.csproj", "{F04F5228-58D1-438D-AD11-3BB47D2FB410}"
EndProject
Project("{FAE04EC0-301F-11D3-BF4B-00C04F79EFBC}") = "DollarsAndCents.UnitTests", "8kyu\DollarsAndCents\DollarsAndCents.UnitTests\DollarsAndCents.UnitTests.csproj", "{A4874A95-E2A9-4F5A-8B07-DA526332B51E}"
EndProject
Project("{2150E333-8FDC-42A3-9474-1A3956D46DE8}") = "CatYearsDogYears", "CatYearsDogYears", "{835D6AB6-70BC-46F9-AD44-FE8C6302B513}"
EndProject
Project("{FAE04EC0-301F-11D3-BF4B-00C04F79EFBC}") = "CatYearsDogYears.Logic", "8kyu\CatYearsDogYears\CatYearsDogYears.Logic\CatYearsDogYears.Logic.csproj", "{83BD5A38-CD1B-465D-ABFD-BBB320A28C3A}"
EndProject
Project("{FAE04EC0-301F-11D3-BF4B-00C04F79EFBC}") = "CatYearsDogYears.UnitTests", "8kyu\CatYearsDogYears\CatYearsDogYears.UnitTests\CatYearsDogYears.UnitTests.csproj", "{CFF263E4-FC8D-4436-906C-BD264451783D}"
EndProject
Project("{2150E333-8FDC-42A3-9474-1A3956D46DE8}") = "Rot13", "Rot13", "{1952A34C-C4A5-416F-81F1-85DAAC87828A}"
EndProject
Project("{FAE04EC0-301F-11D3-BF4B-00C04F79EFBC}") = "Rot13.Logic", "5kyu\Rot13\Rot13.Logic\Rot13.Logic.csproj", "{EB81655A-D484-4C69-895A-643CFC5767A6}"
EndProject
Project("{FAE04EC0-301F-11D3-BF4B-00C04F79EFBC}") = "Rot13.UnitTests", "5kyu\Rot13\Rot13.UnitTests\Rot13.UnitTests.csproj", "{E4D2E11E-1697-4EDE-8ADD-709DCD262D33}"
EndProject
Project("{2150E333-8FDC-42A3-9474-1A3956D46DE8}") = "PossibilitiesArray", "PossibilitiesArray", "{A7BF917B-50CF-41EC-B7DC-35649D032C1C}"
EndProject
Project("{FAE04EC0-301F-11D3-BF4B-00C04F79EFBC}") = "PossibilitiesArray.Logic", "7kyu\PossibilitiesArray\PossibilitiesArray.Logic\PossibilitiesArray.Logic.csproj", "{9AA17C05-4FC6-4B39-843A-B3E9669819EB}"
EndProject
Project("{FAE04EC0-301F-11D3-BF4B-00C04F79EFBC}") = "PossibilitiesArray.UnitTests", "7kyu\PossibilitiesArray\PossibilitiesArray.UnitTests\PossibilitiesArray.UnitTests.csproj", "{761BA43B-7D1E-477B-AE41-A88200409105}"
EndProject
Project("{2150E333-8FDC-42A3-9474-1A3956D46DE8}") = "MaximumLengthDifference", "MaximumLengthDifference", "{78850216-F18C-474B-82A4-36AF9FFBB978}"
EndProject
Project("{FAE04EC0-301F-11D3-BF4B-00C04F79EFBC}") = "MaximumLengthDifference.Logic", "7kyu\MaximumLengthDifference\MaximumLengthDifference.Logic\MaximumLengthDifference.Logic.csproj", "{012D5ECB-D451-4AA4-A12E-385F7A329666}"
EndProject
Project("{FAE04EC0-301F-11D3-BF4B-00C04F79EFBC}") = "MaximumLengthDifference.UnitTests", "7kyu\MaximumLengthDifference\MaximumLengthDifference.UnitTests\MaximumLengthDifference.UnitTests.csproj", "{8BBBB6D8-556B-4CE1-A6C2-1E2682335F95}"
EndProject
Project("{2150E333-8FDC-42A3-9474-1A3956D46DE8}") = "BinaryAddition", "BinaryAddition", "{7039BF42-4974-4628-81B3-3BEDA28EF4F3}"
EndProject
Project("{FAE04EC0-301F-11D3-BF4B-00C04F79EFBC}") = "BinaryAddition.Logic", "7kyu\BinaryAddition\BinaryAddition.Logic\BinaryAddition.Logic.csproj", "{A066B435-1CFF-47FD-BFDB-E597DFAA2518}"
EndProject
Project("{FAE04EC0-301F-11D3-BF4B-00C04F79EFBC}") = "BinaryAddition.UnitTests", "7kyu\BinaryAddition\BinaryAddition.UnitTests\BinaryAddition.UnitTests.csproj", "{5B4BA9C2-5E4E-44FE-A4AF-F0536DAD2532}"
EndProject
Project("{2150E333-8FDC-42A3-9474-1A3956D46DE8}") = "3kyu", "3kyu", "{D826BD8B-7824-4AFB-BD6B-8B68CCD80206}"
EndProject
Project("{2150E333-8FDC-42A3-9474-1A3956D46DE8}") = "LastDigitOfHugeNumber", "LastDigitOfHugeNumber", "{4E413769-C681-46B5-9090-C2739A8283F7}"
EndProject
Project("{FAE04EC0-301F-11D3-BF4B-00C04F79EFBC}") = "LastDigitOfHugeNumber.Logic", "3kyu\LastDigitOfHugeNumber\LastDigitOfHugeNumber.Logic\LastDigitOfHugeNumber.Logic.csproj", "{CC6A791D-140E-4BCB-AC27-F70EF0BA8E55}"
EndProject
Project("{FAE04EC0-301F-11D3-BF4B-00C04F79EFBC}") = "LastDigitOfHugeNumber.UnitTests", "3kyu\LastDigitOfHugeNumber\LastDigitOfHugeNumber.UnitTests\LastDigitOfHugeNumber.UnitTests.csproj", "{94EA8011-65B0-416A-B2CF-E764F838472B}"
EndProject
Project("{2150E333-8FDC-42A3-9474-1A3956D46DE8}") = "PlayingWithCubes2", "PlayingWithCubes2", "{0A83BA32-8E9B-4EA8-BB88-08684F288FF1}"
EndProject
Project("{FAE04EC0-301F-11D3-BF4B-00C04F79EFBC}") = "PlayingWithCubes2.Logic", "8kyu\PlayingWithCubes2\PlayingWithCubes2.Logic\PlayingWithCubes2.Logic.csproj", "{FA7E2852-8A34-445C-A68D-5FA875EF6B85}"
EndProject
Project("{FAE04EC0-301F-11D3-BF4B-00C04F79EFBC}") = "PlayingWithCubes2.UnitTests", "8kyu\PlayingWithCubes2\PlayingWithCubes2.UnitTests\PlayingWithCubes2.UnitTests.csproj", "{7ECF3667-5AC4-49B9-B8AE-E20FA47276B5}"
EndProject
Project("{2150E333-8FDC-42A3-9474-1A3956D46DE8}") = "ColorGhost", "ColorGhost", "{906AC5D8-B6DF-48D1-8565-A1EDC82D25F2}"
EndProject
Project("{FAE04EC0-301F-11D3-BF4B-00C04F79EFBC}") = "ColorGhost.Logic", "8kyu\ColorGhost\ColorGhost.Logic\ColorGhost.Logic.csproj", "{870AFDE7-09C4-4632-8E13-8BF41BE3F002}"
EndProject
Project("{FAE04EC0-301F-11D3-BF4B-00C04F79EFBC}") = "ColorGhost.UnitTests", "8kyu\ColorGhost\ColorGhost.UnitTests\ColorGhost.UnitTests.csproj", "{73E2C5D1-B768-45BD-B808-FE5CF7384F54}"
EndProject
Project("{2150E333-8FDC-42A3-9474-1A3956D46DE8}") = "TakeAnArrowToTheKneeFunctionally", "TakeAnArrowToTheKneeFunctionally", "{FDEAFF7D-1C34-4A0E-9E2C-B265522181A0}"
EndProject
Project("{FAE04EC0-301F-11D3-BF4B-00C04F79EFBC}") = "TakeAnArrowToTheKneeFunctionally.Logic", "8kyu\TakeAnArrowToTheKneeFunctionally\TakeAnArrowToTheKneeFunctionally.Logic\TakeAnArrowToTheKneeFunctionally.Logic.csproj", "{AE3456E0-F34E-47E7-81DD-2F36AC62BA80}"
EndProject
Project("{FAE04EC0-301F-11D3-BF4B-00C04F79EFBC}") = "TakeAnArrowToTheKneeFunctionally.UnitTests", "8kyu\TakeAnArrowToTheKneeFunctionally\TakeAnArrowToTheKneeFunctionally.UnitTests\TakeAnArrowToTheKneeFunctionally.UnitTests.csproj", "{BAC01AC6-C2D5-410D-8AB7-89C3CE3CE3A6}"
EndProject
Project("{2150E333-8FDC-42A3-9474-1A3956D46DE8}") = "OnlineRpgPlayerToQualifyingStage", "OnlineRpgPlayerToQualifyingStage", "{7A603CBD-998C-47FB-B081-B3D595917F9E}"
EndProject
Project("{FAE04EC0-301F-11D3-BF4B-00C04F79EFBC}") = "OnlineRpgPlayerToQualifyingStage.Logic", "8kyu\OnlineRpgPlayerToQualifyingStage\OnlineRpgPlayerToQualifyingStage.Logic\OnlineRpgPlayerToQualifyingStage.Logic.csproj", "{93436B73-9556-4261-BA61-2EFF800A4C99}"
EndProject
Project("{FAE04EC0-301F-11D3-BF4B-00C04F79EFBC}") = "OnlineRpgPlayerToQualifyingStage.UnitTests", "8kyu\OnlineRpgPlayerToQualifyingStage\OnlineRpgPlayerToQualifyingStage.UnitTests\OnlineRpgPlayerToQualifyingStage.UnitTests.csproj", "{79F2F9D9-B89D-430C-A542-C1C86279435E}"
EndProject
Project("{2150E333-8FDC-42A3-9474-1A3956D46DE8}") = "ReversingWordsInString", "ReversingWordsInString", "{A5AEDE3A-9705-46BF-960B-467BB5C85028}"
EndProject
Project("{FAE04EC0-301F-11D3-BF4B-00C04F79EFBC}") = "ReversingWordsInString.Logic", "8kyu\ReversingWordsInString\ReversingWordsInString.Logic\ReversingWordsInString.Logic.csproj", "{DE12EFB0-8CDA-4587-86B9-994EF09C574A}"
EndProject
Project("{FAE04EC0-301F-11D3-BF4B-00C04F79EFBC}") = "ReversingWordsInString.UnitTests", "8kyu\ReversingWordsInString\ReversingWordsInString.UnitTests\ReversingWordsInString.UnitTests.csproj", "{D7C299F1-2DCE-4707-AD90-566F92970B7D}"
EndProject
Project("{2150E333-8FDC-42A3-9474-1A3956D46DE8}") = "SumWithoutHighestAndLowestNumber", "SumWithoutHighestAndLowestNumber", "{1965CC25-B606-4A09-A388-1ACEBD9D9A7C}"
EndProject
Project("{FAE04EC0-301F-11D3-BF4B-00C04F79EFBC}") = "SumWithoutHighestAndLowestNumber.Logic", "8kyu\SumWithoutHighestAndLowestNumber\SumWithoutHighestAndLowestNumber.Logic\SumWithoutHighestAndLowestNumber.Logic.csproj", "{FE05DB57-2398-4A3D-8029-AB576D185B22}"
EndProject
Project("{FAE04EC0-301F-11D3-BF4B-00C04F79EFBC}") = "SumWithoutHighestAndLowestNumber.UnitTests", "8kyu\SumWithoutHighestAndLowestNumber\SumWithoutHighestAndLowestNumber.UnitTests\SumWithoutHighestAndLowestNumber.UnitTests.csproj", "{7FE739AD-9660-49B9-86EA-4A381969D057}"
EndProject
Project("{2150E333-8FDC-42A3-9474-1A3956D46DE8}") = "WelcomeToTheCity", "WelcomeToTheCity", "{2A7D593E-6421-42B2-AAFC-C5DEF18BEA44}"
EndProject
Project("{FAE04EC0-301F-11D3-BF4B-00C04F79EFBC}") = "WelcomeToTheCity.Logic", "8kyu\WelcomeToTheCity\WelcomeToTheCity.Logic\WelcomeToTheCity.Logic.csproj", "{DA2A2B22-0E28-4C58-ADFE-0F466A2C4C34}"
EndProject
Project("{FAE04EC0-301F-11D3-BF4B-00C04F79EFBC}") = "WelcomeToTheCity.UnitTests", "8kyu\WelcomeToTheCity\WelcomeToTheCity.UnitTests\WelcomeToTheCity.UnitTests.csproj", "{E633CB34-EB6B-4410-9F90-65BDE4AB85FC}"
EndProject
Project("{2150E333-8FDC-42A3-9474-1A3956D46DE8}") = "Grader", "Grader", "{E68ACE26-484B-4B67-A732-023CF89CEC18}"
EndProject
Project("{FAE04EC0-301F-11D3-BF4B-00C04F79EFBC}") = "Grader.Logic", "8kyu\Grader\Grader.Logic\Grader.Logic.csproj", "{E417804D-38E3-47D4-8E94-02A516ED0831}"
EndProject
Project("{FAE04EC0-301F-11D3-BF4B-00C04F79EFBC}") = "Grader.UnitTests", "8kyu\Grader\Grader.UnitTests\Grader.UnitTests.csproj", "{811999AF-1E1B-40E8-BDAD-3601E23437BD}"
EndProject
Project("{2150E333-8FDC-42A3-9474-1A3956D46DE8}") = "CharacterFrequency", "CharacterFrequency", "{58CD37EE-7BA9-4523-B962-A93EAE287FA0}"
EndProject
Project("{FAE04EC0-301F-11D3-BF4B-00C04F79EFBC}") = "CharacterFrequency.Logic", "8kyu\CharacterFrequency\CharacterFrequency.Logic\CharacterFrequency.Logic.csproj", "{339F4369-CEB9-477F-9023-72E9FD5D77AA}"
EndProject
Project("{FAE04EC0-301F-11D3-BF4B-00C04F79EFBC}") = "CharacterFrequency.UnitTests", "8kyu\CharacterFrequency\CharacterFrequency.UnitTests\CharacterFrequency.UnitTests.csproj", "{4E208B88-5851-469A-874B-0F1A895677B7}"
EndProject
Project("{2150E333-8FDC-42A3-9474-1A3956D46DE8}") = "ListFiltering", "ListFiltering", "{61C2C03E-E95A-4A96-9F30-0B8EC7D858E4}"
EndProject
Project("{FAE04EC0-301F-11D3-BF4B-00C04F79EFBC}") = "ListFiltering.Logic", "7kyu\ListFiltering\ListFiltering.Logic\ListFiltering.Logic.csproj", "{920C796F-DA3C-4747-B66C-33AF40182401}"
EndProject
Project("{FAE04EC0-301F-11D3-BF4B-00C04F79EFBC}") = "ListFiltering.UnitTests", "7kyu\ListFiltering\ListFiltering.UnitTests\ListFiltering.UnitTests.csproj", "{9BB85AF4-668C-4BF2-AA8E-B31074B60A81}"
EndProject
Project("{2150E333-8FDC-42A3-9474-1A3956D46DE8}") = "AreTheNumbersInOrder", "AreTheNumbersInOrder", "{895414F7-45B4-4F19-9A72-2E86B1BF37D9}"
EndProject
Project("{FAE04EC0-301F-11D3-BF4B-00C04F79EFBC}") = "AreTheNumbersInOrder.Logic", "7kyu\AreTheNumbersInOrder\AreTheNumbersInOrder.Logic\AreTheNumbersInOrder.Logic.csproj", "{5060E1E8-8DA7-4523-B88A-6E8A3ED219FD}"
EndProject
Project("{FAE04EC0-301F-11D3-BF4B-00C04F79EFBC}") = "AreTheNumbersInOrder.UnitTests", "7kyu\AreTheNumbersInOrder\AreTheNumbersInOrder.UnitTests\AreTheNumbersInOrder.UnitTests.csproj", "{F9579DBE-9535-4978-B418-3C2D162B478E}"
EndProject
Project("{2150E333-8FDC-42A3-9474-1A3956D46DE8}") = "FindTheNthDigitOfNumber", "FindTheNthDigitOfNumber", "{62CB367C-68F8-47F6-BE77-1746CB9E9BDA}"
EndProject
Project("{FAE04EC0-301F-11D3-BF4B-00C04F79EFBC}") = "FindTheNthDigitOfNumber.Logic", "7kyu\FindTheNthDigitOfNumber\FindTheNthDigitOfNumber.Logic\FindTheNthDigitOfNumber.Logic.csproj", "{6B33C531-68B7-4A70-9745-B832BEDC541E}"
EndProject
Project("{FAE04EC0-301F-11D3-BF4B-00C04F79EFBC}") = "FindTheNthDigitOfNumber.UnitTests", "7kyu\FindTheNthDigitOfNumber\FindTheNthDigitOfNumber.UnitTests\FindTheNthDigitOfNumber.UnitTests.csproj", "{68882911-2CF0-4B18-8C41-65E7EE529352}"
EndProject
Project("{2150E333-8FDC-42A3-9474-1A3956D46DE8}") = "CreditCardMask", "CreditCardMask", "{890A28D4-5984-43AB-B6F1-57C5603F2805}"
EndProject
Project("{FAE04EC0-301F-11D3-BF4B-00C04F79EFBC}") = "CreditCardMask.Logic", "7kyu\CreditCardMask\CreditCardMask.Logic\CreditCardMask.Logic.csproj", "{2BF0216D-098F-41E7-9231-4C3B24969997}"
EndProject
Project("{FAE04EC0-301F-11D3-BF4B-00C04F79EFBC}") = "CreditCardMask.UnitTests", "7kyu\CreditCardMask\CreditCardMask.UnitTests\CreditCardMask.UnitTests.csproj", "{462448D9-D269-4369-8658-4E8EC8C3BA94}"
EndProject
Project("{2150E333-8FDC-42A3-9474-1A3956D46DE8}") = "SumOfTwoLowestPositiveIntegers", "SumOfTwoLowestPositiveIntegers", "{9F43FBD0-1DB6-4C4D-81C2-E74324D3E852}"
EndProject
Project("{FAE04EC0-301F-11D3-BF4B-00C04F79EFBC}") = "SumOfTwoLowestPositiveIntegers.Logic", "7kyu\SumOfTwoLowestPositiveIntegers\SumOfTwoLowestPositiveIntegers.Logic\SumOfTwoLowestPositiveIntegers.Logic.csproj", "{3804D34F-055A-4110-9940-D38842412A90}"
EndProject
Project("{FAE04EC0-301F-11D3-BF4B-00C04F79EFBC}") = "SumOfTwoLowestPositiveIntegers.UnitTests", "7kyu\SumOfTwoLowestPositiveIntegers\SumOfTwoLowestPositiveIntegers.UnitTests\SumOfTwoLowestPositiveIntegers.UnitTests.csproj", "{5C3F870A-0649-4A86-A20F-A6B53AB34049}"
EndProject
Project("{2150E333-8FDC-42A3-9474-1A3956D46DE8}") = "CircleAreaInsideSquare", "CircleAreaInsideSquare", "{30B87549-DC54-439D-93A4-B44E911A2445}"
EndProject
Project("{FAE04EC0-301F-11D3-BF4B-00C04F79EFBC}") = "CircleAreaInsideSquare.Logic", "7kyu\CircleAreaInsideSquare\CircleAreaInsideSquare.Logic\CircleAreaInsideSquare.Logic.csproj", "{8EAE9F59-8759-4087-BD14-CF455DCD5A5F}"
EndProject
Project("{FAE04EC0-301F-11D3-BF4B-00C04F79EFBC}") = "CircleAreaInsideSquare.UnitTests", "7kyu\CircleAreaInsideSquare\CircleAreaInsideSquare.UnitTests\CircleAreaInsideSquare.UnitTests.csproj", "{0F90F060-305C-4DE3-BEC7-52D4C7DDB442}"
EndProject
Project("{2150E333-8FDC-42A3-9474-1A3956D46DE8}") = "RoundUpToNextMultipleOf5", "RoundUpToNextMultipleOf5", "{41BBD809-8772-48A3-8DBB-5D06A2F929C0}"
EndProject
Project("{FAE04EC0-301F-11D3-BF4B-00C04F79EFBC}") = "RoundUpToNextMultipleOf5.Logic", "7kyu\RoundUpToNextMultipleOf5\RoundUpToNextMultipleOf5.Logic\RoundUpToNextMultipleOf5.Logic.csproj", "{53E458D3-E2EC-4D3B-847F-6E552808FB1A}"
EndProject
Project("{FAE04EC0-301F-11D3-BF4B-00C04F79EFBC}") = "RoundUpToNextMultipleOf5.UnitTests", "7kyu\RoundUpToNextMultipleOf5\RoundUpToNextMultipleOf5.UnitTests\RoundUpToNextMultipleOf5.UnitTests.csproj", "{C34EEB3F-1958-4B34-B3D3-B1C0A72EA4F6}"
EndProject
Project("{2150E333-8FDC-42A3-9474-1A3956D46DE8}") = "ReturnClosestNumberMultipleOf10", "ReturnClosestNumberMultipleOf10", "{EF618FBA-12E5-4EFE-92F8-96A43BFBB00E}"
EndProject
Project("{FAE04EC0-301F-11D3-BF4B-00C04F79EFBC}") = "ReturnClosestNumberMultipleOf10.Logic", "7kyu\ReturnClosestNumberMultipleOf10\ReturnClosestNumberMultipleOf10.Logic\ReturnClosestNumberMultipleOf10.Logic.csproj", "{A111AA5C-7CD1-4795-A28A-DB132413D272}"
EndProject
Project("{FAE04EC0-301F-11D3-BF4B-00C04F79EFBC}") = "ReturnClosestNumberMultipleOf10.UnitTests", "7kyu\ReturnClosestNumberMultipleOf10\ReturnClosestNumberMultipleOf10.UnitTests\ReturnClosestNumberMultipleOf10.UnitTests.csproj", "{A1725D63-A5E5-46A4-9C35-D66B73134C12}"
EndProject
Project("{2150E333-8FDC-42A3-9474-1A3956D46DE8}") = "FindTheMiddleElement", "FindTheMiddleElement", "{A94BD8F5-18E3-4570-81C5-1F1C3D544568}"
EndProject
Project("{FAE04EC0-301F-11D3-BF4B-00C04F79EFBC}") = "FindTheMiddleElement.Logic", "7kyu\FindTheMiddleElement\FindTheMiddleElement.Logic\FindTheMiddleElement.Logic.csproj", "{0BD6D6EB-17D4-4244-AA1C-0C2A75D1613B}"
EndProject
Project("{FAE04EC0-301F-11D3-BF4B-00C04F79EFBC}") = "FindTheMiddleElement.UnitTests", "7kyu\FindTheMiddleElement\FindTheMiddleElement.UnitTests\FindTheMiddleElement.UnitTests.csproj", "{3D99F586-C5AF-4581-895D-A864D77160C4}"
EndProject
Global
	GlobalSection(SolutionConfigurationPlatforms) = preSolution
		Debug|Any CPU = Debug|Any CPU
		Release|Any CPU = Release|Any CPU
	EndGlobalSection
	GlobalSection(SolutionProperties) = preSolution
		HideSolutionNode = FALSE
	EndGlobalSection
	GlobalSection(ProjectConfigurationPlatforms) = postSolution
		{43C4E630-8E54-4386-A46D-DBC85A6D4D68}.Debug|Any CPU.ActiveCfg = Debug|Any CPU
		{43C4E630-8E54-4386-A46D-DBC85A6D4D68}.Debug|Any CPU.Build.0 = Debug|Any CPU
		{43C4E630-8E54-4386-A46D-DBC85A6D4D68}.Release|Any CPU.ActiveCfg = Release|Any CPU
		{43C4E630-8E54-4386-A46D-DBC85A6D4D68}.Release|Any CPU.Build.0 = Release|Any CPU
		{52C1F688-E5E1-4503-B9D6-BE2143E24C24}.Debug|Any CPU.ActiveCfg = Debug|Any CPU
		{52C1F688-E5E1-4503-B9D6-BE2143E24C24}.Debug|Any CPU.Build.0 = Debug|Any CPU
		{52C1F688-E5E1-4503-B9D6-BE2143E24C24}.Release|Any CPU.ActiveCfg = Release|Any CPU
		{52C1F688-E5E1-4503-B9D6-BE2143E24C24}.Release|Any CPU.Build.0 = Release|Any CPU
		{11261901-1A8B-4F15-8ECA-1193DE56D1AE}.Debug|Any CPU.ActiveCfg = Debug|Any CPU
		{11261901-1A8B-4F15-8ECA-1193DE56D1AE}.Debug|Any CPU.Build.0 = Debug|Any CPU
		{11261901-1A8B-4F15-8ECA-1193DE56D1AE}.Release|Any CPU.ActiveCfg = Release|Any CPU
		{11261901-1A8B-4F15-8ECA-1193DE56D1AE}.Release|Any CPU.Build.0 = Release|Any CPU
		{ED3EA40F-130C-48F1-B81F-33BCA2EAB704}.Debug|Any CPU.ActiveCfg = Debug|Any CPU
		{ED3EA40F-130C-48F1-B81F-33BCA2EAB704}.Debug|Any CPU.Build.0 = Debug|Any CPU
		{ED3EA40F-130C-48F1-B81F-33BCA2EAB704}.Release|Any CPU.ActiveCfg = Release|Any CPU
		{ED3EA40F-130C-48F1-B81F-33BCA2EAB704}.Release|Any CPU.Build.0 = Release|Any CPU
		{9D042AAF-8B6C-4CAB-87EA-111A7E4E16D7}.Debug|Any CPU.ActiveCfg = Debug|Any CPU
		{9D042AAF-8B6C-4CAB-87EA-111A7E4E16D7}.Debug|Any CPU.Build.0 = Debug|Any CPU
		{9D042AAF-8B6C-4CAB-87EA-111A7E4E16D7}.Release|Any CPU.ActiveCfg = Release|Any CPU
		{9D042AAF-8B6C-4CAB-87EA-111A7E4E16D7}.Release|Any CPU.Build.0 = Release|Any CPU
		{B5715DCE-2608-4ACB-B0DF-B47AF81DCDE9}.Debug|Any CPU.ActiveCfg = Debug|Any CPU
		{B5715DCE-2608-4ACB-B0DF-B47AF81DCDE9}.Debug|Any CPU.Build.0 = Debug|Any CPU
		{B5715DCE-2608-4ACB-B0DF-B47AF81DCDE9}.Release|Any CPU.ActiveCfg = Release|Any CPU
		{B5715DCE-2608-4ACB-B0DF-B47AF81DCDE9}.Release|Any CPU.Build.0 = Release|Any CPU
		{6AC9A68A-E2D2-4C4A-91E5-8B2D564E5A30}.Debug|Any CPU.ActiveCfg = Debug|Any CPU
		{6AC9A68A-E2D2-4C4A-91E5-8B2D564E5A30}.Debug|Any CPU.Build.0 = Debug|Any CPU
		{6AC9A68A-E2D2-4C4A-91E5-8B2D564E5A30}.Release|Any CPU.ActiveCfg = Release|Any CPU
		{6AC9A68A-E2D2-4C4A-91E5-8B2D564E5A30}.Release|Any CPU.Build.0 = Release|Any CPU
		{A3163F67-91C7-4384-8736-ABA41A4E16C4}.Debug|Any CPU.ActiveCfg = Debug|Any CPU
		{A3163F67-91C7-4384-8736-ABA41A4E16C4}.Debug|Any CPU.Build.0 = Debug|Any CPU
		{A3163F67-91C7-4384-8736-ABA41A4E16C4}.Release|Any CPU.ActiveCfg = Release|Any CPU
		{A3163F67-91C7-4384-8736-ABA41A4E16C4}.Release|Any CPU.Build.0 = Release|Any CPU
		{F6B66312-E432-4AC6-9918-2FA58FE05984}.Debug|Any CPU.ActiveCfg = Debug|Any CPU
		{F6B66312-E432-4AC6-9918-2FA58FE05984}.Debug|Any CPU.Build.0 = Debug|Any CPU
		{F6B66312-E432-4AC6-9918-2FA58FE05984}.Release|Any CPU.ActiveCfg = Release|Any CPU
		{F6B66312-E432-4AC6-9918-2FA58FE05984}.Release|Any CPU.Build.0 = Release|Any CPU
		{24A0BF20-6E91-43D7-8233-A580546FF30C}.Debug|Any CPU.ActiveCfg = Debug|Any CPU
		{24A0BF20-6E91-43D7-8233-A580546FF30C}.Debug|Any CPU.Build.0 = Debug|Any CPU
		{24A0BF20-6E91-43D7-8233-A580546FF30C}.Release|Any CPU.ActiveCfg = Release|Any CPU
		{24A0BF20-6E91-43D7-8233-A580546FF30C}.Release|Any CPU.Build.0 = Release|Any CPU
		{4E4FC552-E7B3-4B05-8B1D-A9BF7B91588C}.Debug|Any CPU.ActiveCfg = Debug|Any CPU
		{4E4FC552-E7B3-4B05-8B1D-A9BF7B91588C}.Debug|Any CPU.Build.0 = Debug|Any CPU
		{4E4FC552-E7B3-4B05-8B1D-A9BF7B91588C}.Release|Any CPU.ActiveCfg = Release|Any CPU
		{4E4FC552-E7B3-4B05-8B1D-A9BF7B91588C}.Release|Any CPU.Build.0 = Release|Any CPU
		{0CD16F2D-7EED-40CE-A8B3-D6BD0F2ED360}.Debug|Any CPU.ActiveCfg = Debug|Any CPU
		{0CD16F2D-7EED-40CE-A8B3-D6BD0F2ED360}.Debug|Any CPU.Build.0 = Debug|Any CPU
		{0CD16F2D-7EED-40CE-A8B3-D6BD0F2ED360}.Release|Any CPU.ActiveCfg = Release|Any CPU
		{0CD16F2D-7EED-40CE-A8B3-D6BD0F2ED360}.Release|Any CPU.Build.0 = Release|Any CPU
		{3F8215EA-022B-4ABF-886E-5E9DF95F7050}.Debug|Any CPU.ActiveCfg = Debug|Any CPU
		{3F8215EA-022B-4ABF-886E-5E9DF95F7050}.Debug|Any CPU.Build.0 = Debug|Any CPU
		{3F8215EA-022B-4ABF-886E-5E9DF95F7050}.Release|Any CPU.ActiveCfg = Release|Any CPU
		{3F8215EA-022B-4ABF-886E-5E9DF95F7050}.Release|Any CPU.Build.0 = Release|Any CPU
		{6007A586-5B8F-4D02-866E-D442784E3BF4}.Debug|Any CPU.ActiveCfg = Debug|Any CPU
		{6007A586-5B8F-4D02-866E-D442784E3BF4}.Debug|Any CPU.Build.0 = Debug|Any CPU
		{6007A586-5B8F-4D02-866E-D442784E3BF4}.Release|Any CPU.ActiveCfg = Release|Any CPU
		{6007A586-5B8F-4D02-866E-D442784E3BF4}.Release|Any CPU.Build.0 = Release|Any CPU
		{85ED1FC8-E305-4A0E-8F08-B2F41C1CC714}.Debug|Any CPU.ActiveCfg = Debug|Any CPU
		{85ED1FC8-E305-4A0E-8F08-B2F41C1CC714}.Debug|Any CPU.Build.0 = Debug|Any CPU
		{85ED1FC8-E305-4A0E-8F08-B2F41C1CC714}.Release|Any CPU.ActiveCfg = Release|Any CPU
		{85ED1FC8-E305-4A0E-8F08-B2F41C1CC714}.Release|Any CPU.Build.0 = Release|Any CPU
		{A8E01B0A-452B-4379-B6CB-C7ACDACE41BA}.Debug|Any CPU.ActiveCfg = Debug|Any CPU
		{A8E01B0A-452B-4379-B6CB-C7ACDACE41BA}.Debug|Any CPU.Build.0 = Debug|Any CPU
		{A8E01B0A-452B-4379-B6CB-C7ACDACE41BA}.Release|Any CPU.ActiveCfg = Release|Any CPU
		{A8E01B0A-452B-4379-B6CB-C7ACDACE41BA}.Release|Any CPU.Build.0 = Release|Any CPU
		{696CDD4D-43C2-4ADE-9F6F-659BC283D44E}.Debug|Any CPU.ActiveCfg = Debug|Any CPU
		{696CDD4D-43C2-4ADE-9F6F-659BC283D44E}.Debug|Any CPU.Build.0 = Debug|Any CPU
		{696CDD4D-43C2-4ADE-9F6F-659BC283D44E}.Release|Any CPU.ActiveCfg = Release|Any CPU
		{696CDD4D-43C2-4ADE-9F6F-659BC283D44E}.Release|Any CPU.Build.0 = Release|Any CPU
		{2AF95081-A938-4360-83F2-3976660C60C0}.Debug|Any CPU.ActiveCfg = Debug|Any CPU
		{2AF95081-A938-4360-83F2-3976660C60C0}.Debug|Any CPU.Build.0 = Debug|Any CPU
		{2AF95081-A938-4360-83F2-3976660C60C0}.Release|Any CPU.ActiveCfg = Release|Any CPU
		{2AF95081-A938-4360-83F2-3976660C60C0}.Release|Any CPU.Build.0 = Release|Any CPU
		{BB149F0A-FDFF-4005-819F-F505E216F5AE}.Debug|Any CPU.ActiveCfg = Debug|Any CPU
		{BB149F0A-FDFF-4005-819F-F505E216F5AE}.Debug|Any CPU.Build.0 = Debug|Any CPU
		{BB149F0A-FDFF-4005-819F-F505E216F5AE}.Release|Any CPU.ActiveCfg = Release|Any CPU
		{BB149F0A-FDFF-4005-819F-F505E216F5AE}.Release|Any CPU.Build.0 = Release|Any CPU
		{AA40130E-529F-4750-BC8C-0DFCE97510EA}.Debug|Any CPU.ActiveCfg = Debug|Any CPU
		{AA40130E-529F-4750-BC8C-0DFCE97510EA}.Debug|Any CPU.Build.0 = Debug|Any CPU
		{AA40130E-529F-4750-BC8C-0DFCE97510EA}.Release|Any CPU.ActiveCfg = Release|Any CPU
		{AA40130E-529F-4750-BC8C-0DFCE97510EA}.Release|Any CPU.Build.0 = Release|Any CPU
		{60F03897-2502-4AD5-8672-89CA5176F41D}.Debug|Any CPU.ActiveCfg = Debug|Any CPU
		{60F03897-2502-4AD5-8672-89CA5176F41D}.Debug|Any CPU.Build.0 = Debug|Any CPU
		{60F03897-2502-4AD5-8672-89CA5176F41D}.Release|Any CPU.ActiveCfg = Release|Any CPU
		{60F03897-2502-4AD5-8672-89CA5176F41D}.Release|Any CPU.Build.0 = Release|Any CPU
		{A8F37172-9272-4BE0-BEC2-E8F5D06110B0}.Debug|Any CPU.ActiveCfg = Debug|Any CPU
		{A8F37172-9272-4BE0-BEC2-E8F5D06110B0}.Debug|Any CPU.Build.0 = Debug|Any CPU
		{A8F37172-9272-4BE0-BEC2-E8F5D06110B0}.Release|Any CPU.ActiveCfg = Release|Any CPU
		{A8F37172-9272-4BE0-BEC2-E8F5D06110B0}.Release|Any CPU.Build.0 = Release|Any CPU
		{5F1DBF61-C2EE-43D1-927C-A0D8004BED78}.Debug|Any CPU.ActiveCfg = Debug|Any CPU
		{5F1DBF61-C2EE-43D1-927C-A0D8004BED78}.Debug|Any CPU.Build.0 = Debug|Any CPU
		{5F1DBF61-C2EE-43D1-927C-A0D8004BED78}.Release|Any CPU.ActiveCfg = Release|Any CPU
		{5F1DBF61-C2EE-43D1-927C-A0D8004BED78}.Release|Any CPU.Build.0 = Release|Any CPU
		{7A2537F0-2A44-474F-9CD5-2EC9AFC14D04}.Debug|Any CPU.ActiveCfg = Debug|Any CPU
		{7A2537F0-2A44-474F-9CD5-2EC9AFC14D04}.Debug|Any CPU.Build.0 = Debug|Any CPU
		{7A2537F0-2A44-474F-9CD5-2EC9AFC14D04}.Release|Any CPU.ActiveCfg = Release|Any CPU
		{7A2537F0-2A44-474F-9CD5-2EC9AFC14D04}.Release|Any CPU.Build.0 = Release|Any CPU
		{956C29F1-C8E9-44D8-BB20-6054E685DC06}.Debug|Any CPU.ActiveCfg = Debug|Any CPU
		{956C29F1-C8E9-44D8-BB20-6054E685DC06}.Debug|Any CPU.Build.0 = Debug|Any CPU
		{956C29F1-C8E9-44D8-BB20-6054E685DC06}.Release|Any CPU.ActiveCfg = Release|Any CPU
		{956C29F1-C8E9-44D8-BB20-6054E685DC06}.Release|Any CPU.Build.0 = Release|Any CPU
		{784F3DDB-7F42-4E59-AE94-D85215BD7BA9}.Debug|Any CPU.ActiveCfg = Debug|Any CPU
		{784F3DDB-7F42-4E59-AE94-D85215BD7BA9}.Debug|Any CPU.Build.0 = Debug|Any CPU
		{784F3DDB-7F42-4E59-AE94-D85215BD7BA9}.Release|Any CPU.ActiveCfg = Release|Any CPU
		{784F3DDB-7F42-4E59-AE94-D85215BD7BA9}.Release|Any CPU.Build.0 = Release|Any CPU
		{E387B816-8A38-4E7C-8716-480B99F65AAB}.Debug|Any CPU.ActiveCfg = Debug|Any CPU
		{E387B816-8A38-4E7C-8716-480B99F65AAB}.Debug|Any CPU.Build.0 = Debug|Any CPU
		{E387B816-8A38-4E7C-8716-480B99F65AAB}.Release|Any CPU.ActiveCfg = Release|Any CPU
		{E387B816-8A38-4E7C-8716-480B99F65AAB}.Release|Any CPU.Build.0 = Release|Any CPU
		{96B77555-E2C6-423E-BCA3-D0366FA31D11}.Debug|Any CPU.ActiveCfg = Debug|Any CPU
		{96B77555-E2C6-423E-BCA3-D0366FA31D11}.Debug|Any CPU.Build.0 = Debug|Any CPU
		{96B77555-E2C6-423E-BCA3-D0366FA31D11}.Release|Any CPU.ActiveCfg = Release|Any CPU
		{96B77555-E2C6-423E-BCA3-D0366FA31D11}.Release|Any CPU.Build.0 = Release|Any CPU
		{4631EA76-27E3-49C4-BF73-86B916B5F35D}.Debug|Any CPU.ActiveCfg = Debug|Any CPU
		{4631EA76-27E3-49C4-BF73-86B916B5F35D}.Debug|Any CPU.Build.0 = Debug|Any CPU
		{4631EA76-27E3-49C4-BF73-86B916B5F35D}.Release|Any CPU.ActiveCfg = Release|Any CPU
		{4631EA76-27E3-49C4-BF73-86B916B5F35D}.Release|Any CPU.Build.0 = Release|Any CPU
		{F28D1B10-4757-445C-9020-660FF98D05F4}.Debug|Any CPU.ActiveCfg = Debug|Any CPU
		{F28D1B10-4757-445C-9020-660FF98D05F4}.Debug|Any CPU.Build.0 = Debug|Any CPU
		{F28D1B10-4757-445C-9020-660FF98D05F4}.Release|Any CPU.ActiveCfg = Release|Any CPU
		{F28D1B10-4757-445C-9020-660FF98D05F4}.Release|Any CPU.Build.0 = Release|Any CPU
		{CDFCF2DC-FB80-45C7-AC0C-6A7F0B6D767D}.Debug|Any CPU.ActiveCfg = Debug|Any CPU
		{CDFCF2DC-FB80-45C7-AC0C-6A7F0B6D767D}.Debug|Any CPU.Build.0 = Debug|Any CPU
		{CDFCF2DC-FB80-45C7-AC0C-6A7F0B6D767D}.Release|Any CPU.ActiveCfg = Release|Any CPU
		{CDFCF2DC-FB80-45C7-AC0C-6A7F0B6D767D}.Release|Any CPU.Build.0 = Release|Any CPU
		{F3876324-9AA1-4AD2-94CD-15983B58A74F}.Debug|Any CPU.ActiveCfg = Debug|Any CPU
		{F3876324-9AA1-4AD2-94CD-15983B58A74F}.Debug|Any CPU.Build.0 = Debug|Any CPU
		{F3876324-9AA1-4AD2-94CD-15983B58A74F}.Release|Any CPU.ActiveCfg = Release|Any CPU
		{F3876324-9AA1-4AD2-94CD-15983B58A74F}.Release|Any CPU.Build.0 = Release|Any CPU
		{3DEEE0F3-22B8-4522-BF04-E66AAFE5BBAB}.Debug|Any CPU.ActiveCfg = Debug|Any CPU
		{3DEEE0F3-22B8-4522-BF04-E66AAFE5BBAB}.Debug|Any CPU.Build.0 = Debug|Any CPU
		{3DEEE0F3-22B8-4522-BF04-E66AAFE5BBAB}.Release|Any CPU.ActiveCfg = Release|Any CPU
		{3DEEE0F3-22B8-4522-BF04-E66AAFE5BBAB}.Release|Any CPU.Build.0 = Release|Any CPU
		{1391254E-3E94-4BD8-95BA-109EC81C6379}.Debug|Any CPU.ActiveCfg = Debug|Any CPU
		{1391254E-3E94-4BD8-95BA-109EC81C6379}.Debug|Any CPU.Build.0 = Debug|Any CPU
		{1391254E-3E94-4BD8-95BA-109EC81C6379}.Release|Any CPU.ActiveCfg = Release|Any CPU
		{1391254E-3E94-4BD8-95BA-109EC81C6379}.Release|Any CPU.Build.0 = Release|Any CPU
		{7C05ACA2-F4FB-4D5A-B53E-4A972E6E0A67}.Debug|Any CPU.ActiveCfg = Debug|Any CPU
		{7C05ACA2-F4FB-4D5A-B53E-4A972E6E0A67}.Debug|Any CPU.Build.0 = Debug|Any CPU
		{7C05ACA2-F4FB-4D5A-B53E-4A972E6E0A67}.Release|Any CPU.ActiveCfg = Release|Any CPU
		{7C05ACA2-F4FB-4D5A-B53E-4A972E6E0A67}.Release|Any CPU.Build.0 = Release|Any CPU
		{3D0B356A-DC11-4B65-B6B4-DF5CDE67B064}.Debug|Any CPU.ActiveCfg = Debug|Any CPU
		{3D0B356A-DC11-4B65-B6B4-DF5CDE67B064}.Debug|Any CPU.Build.0 = Debug|Any CPU
		{3D0B356A-DC11-4B65-B6B4-DF5CDE67B064}.Release|Any CPU.ActiveCfg = Release|Any CPU
		{3D0B356A-DC11-4B65-B6B4-DF5CDE67B064}.Release|Any CPU.Build.0 = Release|Any CPU
		{06D92A8A-6747-41A9-A326-B960D13CB577}.Debug|Any CPU.ActiveCfg = Debug|Any CPU
		{06D92A8A-6747-41A9-A326-B960D13CB577}.Debug|Any CPU.Build.0 = Debug|Any CPU
		{06D92A8A-6747-41A9-A326-B960D13CB577}.Release|Any CPU.ActiveCfg = Release|Any CPU
		{06D92A8A-6747-41A9-A326-B960D13CB577}.Release|Any CPU.Build.0 = Release|Any CPU
		{D9BBF93C-CA95-4C68-9C3B-B39E7A99D226}.Debug|Any CPU.ActiveCfg = Debug|Any CPU
		{D9BBF93C-CA95-4C68-9C3B-B39E7A99D226}.Debug|Any CPU.Build.0 = Debug|Any CPU
		{D9BBF93C-CA95-4C68-9C3B-B39E7A99D226}.Release|Any CPU.ActiveCfg = Release|Any CPU
		{D9BBF93C-CA95-4C68-9C3B-B39E7A99D226}.Release|Any CPU.Build.0 = Release|Any CPU
		{CC5128EA-9CD8-4A6F-9669-737C1D294E88}.Debug|Any CPU.ActiveCfg = Debug|Any CPU
		{CC5128EA-9CD8-4A6F-9669-737C1D294E88}.Debug|Any CPU.Build.0 = Debug|Any CPU
		{CC5128EA-9CD8-4A6F-9669-737C1D294E88}.Release|Any CPU.ActiveCfg = Release|Any CPU
		{CC5128EA-9CD8-4A6F-9669-737C1D294E88}.Release|Any CPU.Build.0 = Release|Any CPU
		{7216061B-A63A-484A-99E9-49BE876FEAEE}.Debug|Any CPU.ActiveCfg = Debug|Any CPU
		{7216061B-A63A-484A-99E9-49BE876FEAEE}.Debug|Any CPU.Build.0 = Debug|Any CPU
		{7216061B-A63A-484A-99E9-49BE876FEAEE}.Release|Any CPU.ActiveCfg = Release|Any CPU
		{7216061B-A63A-484A-99E9-49BE876FEAEE}.Release|Any CPU.Build.0 = Release|Any CPU
		{A0AD5FCC-AD53-4338-8F49-F055FAEE7516}.Debug|Any CPU.ActiveCfg = Debug|Any CPU
		{A0AD5FCC-AD53-4338-8F49-F055FAEE7516}.Debug|Any CPU.Build.0 = Debug|Any CPU
		{A0AD5FCC-AD53-4338-8F49-F055FAEE7516}.Release|Any CPU.ActiveCfg = Release|Any CPU
		{A0AD5FCC-AD53-4338-8F49-F055FAEE7516}.Release|Any CPU.Build.0 = Release|Any CPU
		{F1AA2FC7-A99B-4251-99FD-0870D9FEAE6F}.Debug|Any CPU.ActiveCfg = Debug|Any CPU
		{F1AA2FC7-A99B-4251-99FD-0870D9FEAE6F}.Debug|Any CPU.Build.0 = Debug|Any CPU
		{F1AA2FC7-A99B-4251-99FD-0870D9FEAE6F}.Release|Any CPU.ActiveCfg = Release|Any CPU
		{F1AA2FC7-A99B-4251-99FD-0870D9FEAE6F}.Release|Any CPU.Build.0 = Release|Any CPU
		{DB549E89-C71D-47BE-9CE6-5BA90FEDEEF3}.Debug|Any CPU.ActiveCfg = Debug|Any CPU
		{DB549E89-C71D-47BE-9CE6-5BA90FEDEEF3}.Debug|Any CPU.Build.0 = Debug|Any CPU
		{DB549E89-C71D-47BE-9CE6-5BA90FEDEEF3}.Release|Any CPU.ActiveCfg = Release|Any CPU
		{DB549E89-C71D-47BE-9CE6-5BA90FEDEEF3}.Release|Any CPU.Build.0 = Release|Any CPU
		{09B8B217-628F-4FBF-A4DB-D2D9AA2EDE70}.Debug|Any CPU.ActiveCfg = Debug|Any CPU
		{09B8B217-628F-4FBF-A4DB-D2D9AA2EDE70}.Debug|Any CPU.Build.0 = Debug|Any CPU
		{09B8B217-628F-4FBF-A4DB-D2D9AA2EDE70}.Release|Any CPU.ActiveCfg = Release|Any CPU
		{09B8B217-628F-4FBF-A4DB-D2D9AA2EDE70}.Release|Any CPU.Build.0 = Release|Any CPU
		{0C713A97-EA6A-49CC-8F5F-0D054C894BC0}.Debug|Any CPU.ActiveCfg = Debug|Any CPU
		{0C713A97-EA6A-49CC-8F5F-0D054C894BC0}.Debug|Any CPU.Build.0 = Debug|Any CPU
		{0C713A97-EA6A-49CC-8F5F-0D054C894BC0}.Release|Any CPU.ActiveCfg = Release|Any CPU
		{0C713A97-EA6A-49CC-8F5F-0D054C894BC0}.Release|Any CPU.Build.0 = Release|Any CPU
		{4D462F06-226E-4CB5-AE9D-12366B7B6C4E}.Debug|Any CPU.ActiveCfg = Debug|Any CPU
		{4D462F06-226E-4CB5-AE9D-12366B7B6C4E}.Debug|Any CPU.Build.0 = Debug|Any CPU
		{4D462F06-226E-4CB5-AE9D-12366B7B6C4E}.Release|Any CPU.ActiveCfg = Release|Any CPU
		{4D462F06-226E-4CB5-AE9D-12366B7B6C4E}.Release|Any CPU.Build.0 = Release|Any CPU
		{0FA8854E-94D4-4300-BAFE-C9D6E83F5597}.Debug|Any CPU.ActiveCfg = Debug|Any CPU
		{0FA8854E-94D4-4300-BAFE-C9D6E83F5597}.Debug|Any CPU.Build.0 = Debug|Any CPU
		{0FA8854E-94D4-4300-BAFE-C9D6E83F5597}.Release|Any CPU.ActiveCfg = Release|Any CPU
		{0FA8854E-94D4-4300-BAFE-C9D6E83F5597}.Release|Any CPU.Build.0 = Release|Any CPU
		{456E4813-C7E0-430B-B942-D541C70E27E4}.Debug|Any CPU.ActiveCfg = Debug|Any CPU
		{456E4813-C7E0-430B-B942-D541C70E27E4}.Debug|Any CPU.Build.0 = Debug|Any CPU
		{456E4813-C7E0-430B-B942-D541C70E27E4}.Release|Any CPU.ActiveCfg = Release|Any CPU
		{456E4813-C7E0-430B-B942-D541C70E27E4}.Release|Any CPU.Build.0 = Release|Any CPU
		{7F48B007-635A-4EE3-A97B-33BCA661C229}.Debug|Any CPU.ActiveCfg = Debug|Any CPU
		{7F48B007-635A-4EE3-A97B-33BCA661C229}.Debug|Any CPU.Build.0 = Debug|Any CPU
		{7F48B007-635A-4EE3-A97B-33BCA661C229}.Release|Any CPU.ActiveCfg = Release|Any CPU
		{7F48B007-635A-4EE3-A97B-33BCA661C229}.Release|Any CPU.Build.0 = Release|Any CPU
		{997F480A-B73A-467C-B892-8B54DA9AAED7}.Debug|Any CPU.ActiveCfg = Debug|Any CPU
		{997F480A-B73A-467C-B892-8B54DA9AAED7}.Debug|Any CPU.Build.0 = Debug|Any CPU
		{997F480A-B73A-467C-B892-8B54DA9AAED7}.Release|Any CPU.ActiveCfg = Release|Any CPU
		{997F480A-B73A-467C-B892-8B54DA9AAED7}.Release|Any CPU.Build.0 = Release|Any CPU
		{8786AA8B-8813-42F1-913C-F26922D130EC}.Debug|Any CPU.ActiveCfg = Debug|Any CPU
		{8786AA8B-8813-42F1-913C-F26922D130EC}.Debug|Any CPU.Build.0 = Debug|Any CPU
		{8786AA8B-8813-42F1-913C-F26922D130EC}.Release|Any CPU.ActiveCfg = Release|Any CPU
		{8786AA8B-8813-42F1-913C-F26922D130EC}.Release|Any CPU.Build.0 = Release|Any CPU
		{9A7AA2D1-6F89-4BA6-8BE2-80C53BACED22}.Debug|Any CPU.ActiveCfg = Debug|Any CPU
		{9A7AA2D1-6F89-4BA6-8BE2-80C53BACED22}.Debug|Any CPU.Build.0 = Debug|Any CPU
		{9A7AA2D1-6F89-4BA6-8BE2-80C53BACED22}.Release|Any CPU.ActiveCfg = Release|Any CPU
		{9A7AA2D1-6F89-4BA6-8BE2-80C53BACED22}.Release|Any CPU.Build.0 = Release|Any CPU
		{9452CD76-5D7A-4EC5-AAA4-ED34B4F3287E}.Debug|Any CPU.ActiveCfg = Debug|Any CPU
		{9452CD76-5D7A-4EC5-AAA4-ED34B4F3287E}.Debug|Any CPU.Build.0 = Debug|Any CPU
		{9452CD76-5D7A-4EC5-AAA4-ED34B4F3287E}.Release|Any CPU.ActiveCfg = Release|Any CPU
		{9452CD76-5D7A-4EC5-AAA4-ED34B4F3287E}.Release|Any CPU.Build.0 = Release|Any CPU
		{A37E6721-47DA-462F-A44F-2F045CD96206}.Debug|Any CPU.ActiveCfg = Debug|Any CPU
		{A37E6721-47DA-462F-A44F-2F045CD96206}.Debug|Any CPU.Build.0 = Debug|Any CPU
		{A37E6721-47DA-462F-A44F-2F045CD96206}.Release|Any CPU.ActiveCfg = Release|Any CPU
		{A37E6721-47DA-462F-A44F-2F045CD96206}.Release|Any CPU.Build.0 = Release|Any CPU
		{10B1B9AB-2008-4359-9B22-FB038D591009}.Debug|Any CPU.ActiveCfg = Debug|Any CPU
		{10B1B9AB-2008-4359-9B22-FB038D591009}.Debug|Any CPU.Build.0 = Debug|Any CPU
		{10B1B9AB-2008-4359-9B22-FB038D591009}.Release|Any CPU.ActiveCfg = Release|Any CPU
		{10B1B9AB-2008-4359-9B22-FB038D591009}.Release|Any CPU.Build.0 = Release|Any CPU
		{55EF71F3-ADFB-42B0-AF03-DD1FBB1204E9}.Debug|Any CPU.ActiveCfg = Debug|Any CPU
		{55EF71F3-ADFB-42B0-AF03-DD1FBB1204E9}.Debug|Any CPU.Build.0 = Debug|Any CPU
		{55EF71F3-ADFB-42B0-AF03-DD1FBB1204E9}.Release|Any CPU.ActiveCfg = Release|Any CPU
		{55EF71F3-ADFB-42B0-AF03-DD1FBB1204E9}.Release|Any CPU.Build.0 = Release|Any CPU
		{C379BB86-DB18-49B2-A287-E4E14D148E44}.Debug|Any CPU.ActiveCfg = Debug|Any CPU
		{C379BB86-DB18-49B2-A287-E4E14D148E44}.Debug|Any CPU.Build.0 = Debug|Any CPU
		{C379BB86-DB18-49B2-A287-E4E14D148E44}.Release|Any CPU.ActiveCfg = Release|Any CPU
		{C379BB86-DB18-49B2-A287-E4E14D148E44}.Release|Any CPU.Build.0 = Release|Any CPU
		{3F9F75DB-B1D6-47D2-8729-B28109E5BCAC}.Debug|Any CPU.ActiveCfg = Debug|Any CPU
		{3F9F75DB-B1D6-47D2-8729-B28109E5BCAC}.Debug|Any CPU.Build.0 = Debug|Any CPU
		{3F9F75DB-B1D6-47D2-8729-B28109E5BCAC}.Release|Any CPU.ActiveCfg = Release|Any CPU
		{3F9F75DB-B1D6-47D2-8729-B28109E5BCAC}.Release|Any CPU.Build.0 = Release|Any CPU
		{173A2A6F-1F02-46EC-A9D0-AB42BD83EE42}.Debug|Any CPU.ActiveCfg = Debug|Any CPU
		{173A2A6F-1F02-46EC-A9D0-AB42BD83EE42}.Debug|Any CPU.Build.0 = Debug|Any CPU
		{173A2A6F-1F02-46EC-A9D0-AB42BD83EE42}.Release|Any CPU.ActiveCfg = Release|Any CPU
		{173A2A6F-1F02-46EC-A9D0-AB42BD83EE42}.Release|Any CPU.Build.0 = Release|Any CPU
		{6664C976-D8C2-4050-89D7-897542BB2E8F}.Debug|Any CPU.ActiveCfg = Debug|Any CPU
		{6664C976-D8C2-4050-89D7-897542BB2E8F}.Debug|Any CPU.Build.0 = Debug|Any CPU
		{6664C976-D8C2-4050-89D7-897542BB2E8F}.Release|Any CPU.ActiveCfg = Release|Any CPU
		{6664C976-D8C2-4050-89D7-897542BB2E8F}.Release|Any CPU.Build.0 = Release|Any CPU
		{4201F995-22EF-4FC6-A825-F621825912E3}.Debug|Any CPU.ActiveCfg = Debug|Any CPU
		{4201F995-22EF-4FC6-A825-F621825912E3}.Debug|Any CPU.Build.0 = Debug|Any CPU
		{4201F995-22EF-4FC6-A825-F621825912E3}.Release|Any CPU.ActiveCfg = Release|Any CPU
		{4201F995-22EF-4FC6-A825-F621825912E3}.Release|Any CPU.Build.0 = Release|Any CPU
		{601F064A-5D17-44C5-9355-4FC0DC15E33D}.Debug|Any CPU.ActiveCfg = Debug|Any CPU
		{601F064A-5D17-44C5-9355-4FC0DC15E33D}.Debug|Any CPU.Build.0 = Debug|Any CPU
		{601F064A-5D17-44C5-9355-4FC0DC15E33D}.Release|Any CPU.ActiveCfg = Release|Any CPU
		{601F064A-5D17-44C5-9355-4FC0DC15E33D}.Release|Any CPU.Build.0 = Release|Any CPU
		{F04F5228-58D1-438D-AD11-3BB47D2FB410}.Debug|Any CPU.ActiveCfg = Debug|Any CPU
		{F04F5228-58D1-438D-AD11-3BB47D2FB410}.Debug|Any CPU.Build.0 = Debug|Any CPU
		{F04F5228-58D1-438D-AD11-3BB47D2FB410}.Release|Any CPU.ActiveCfg = Release|Any CPU
		{F04F5228-58D1-438D-AD11-3BB47D2FB410}.Release|Any CPU.Build.0 = Release|Any CPU
		{A4874A95-E2A9-4F5A-8B07-DA526332B51E}.Debug|Any CPU.ActiveCfg = Debug|Any CPU
		{A4874A95-E2A9-4F5A-8B07-DA526332B51E}.Debug|Any CPU.Build.0 = Debug|Any CPU
		{A4874A95-E2A9-4F5A-8B07-DA526332B51E}.Release|Any CPU.ActiveCfg = Release|Any CPU
		{A4874A95-E2A9-4F5A-8B07-DA526332B51E}.Release|Any CPU.Build.0 = Release|Any CPU
		{83BD5A38-CD1B-465D-ABFD-BBB320A28C3A}.Debug|Any CPU.ActiveCfg = Debug|Any CPU
		{83BD5A38-CD1B-465D-ABFD-BBB320A28C3A}.Debug|Any CPU.Build.0 = Debug|Any CPU
		{83BD5A38-CD1B-465D-ABFD-BBB320A28C3A}.Release|Any CPU.ActiveCfg = Release|Any CPU
		{83BD5A38-CD1B-465D-ABFD-BBB320A28C3A}.Release|Any CPU.Build.0 = Release|Any CPU
		{CFF263E4-FC8D-4436-906C-BD264451783D}.Debug|Any CPU.ActiveCfg = Debug|Any CPU
		{CFF263E4-FC8D-4436-906C-BD264451783D}.Debug|Any CPU.Build.0 = Debug|Any CPU
		{CFF263E4-FC8D-4436-906C-BD264451783D}.Release|Any CPU.ActiveCfg = Release|Any CPU
		{CFF263E4-FC8D-4436-906C-BD264451783D}.Release|Any CPU.Build.0 = Release|Any CPU
		{EB81655A-D484-4C69-895A-643CFC5767A6}.Debug|Any CPU.ActiveCfg = Debug|Any CPU
		{EB81655A-D484-4C69-895A-643CFC5767A6}.Debug|Any CPU.Build.0 = Debug|Any CPU
		{EB81655A-D484-4C69-895A-643CFC5767A6}.Release|Any CPU.ActiveCfg = Release|Any CPU
		{EB81655A-D484-4C69-895A-643CFC5767A6}.Release|Any CPU.Build.0 = Release|Any CPU
		{E4D2E11E-1697-4EDE-8ADD-709DCD262D33}.Debug|Any CPU.ActiveCfg = Debug|Any CPU
		{E4D2E11E-1697-4EDE-8ADD-709DCD262D33}.Debug|Any CPU.Build.0 = Debug|Any CPU
		{E4D2E11E-1697-4EDE-8ADD-709DCD262D33}.Release|Any CPU.ActiveCfg = Release|Any CPU
		{E4D2E11E-1697-4EDE-8ADD-709DCD262D33}.Release|Any CPU.Build.0 = Release|Any CPU
		{9AA17C05-4FC6-4B39-843A-B3E9669819EB}.Debug|Any CPU.ActiveCfg = Debug|Any CPU
		{9AA17C05-4FC6-4B39-843A-B3E9669819EB}.Debug|Any CPU.Build.0 = Debug|Any CPU
		{9AA17C05-4FC6-4B39-843A-B3E9669819EB}.Release|Any CPU.ActiveCfg = Release|Any CPU
		{9AA17C05-4FC6-4B39-843A-B3E9669819EB}.Release|Any CPU.Build.0 = Release|Any CPU
		{761BA43B-7D1E-477B-AE41-A88200409105}.Debug|Any CPU.ActiveCfg = Debug|Any CPU
		{761BA43B-7D1E-477B-AE41-A88200409105}.Debug|Any CPU.Build.0 = Debug|Any CPU
		{761BA43B-7D1E-477B-AE41-A88200409105}.Release|Any CPU.ActiveCfg = Release|Any CPU
		{761BA43B-7D1E-477B-AE41-A88200409105}.Release|Any CPU.Build.0 = Release|Any CPU
		{012D5ECB-D451-4AA4-A12E-385F7A329666}.Debug|Any CPU.ActiveCfg = Debug|Any CPU
		{012D5ECB-D451-4AA4-A12E-385F7A329666}.Debug|Any CPU.Build.0 = Debug|Any CPU
		{012D5ECB-D451-4AA4-A12E-385F7A329666}.Release|Any CPU.ActiveCfg = Release|Any CPU
		{012D5ECB-D451-4AA4-A12E-385F7A329666}.Release|Any CPU.Build.0 = Release|Any CPU
		{8BBBB6D8-556B-4CE1-A6C2-1E2682335F95}.Debug|Any CPU.ActiveCfg = Debug|Any CPU
		{8BBBB6D8-556B-4CE1-A6C2-1E2682335F95}.Debug|Any CPU.Build.0 = Debug|Any CPU
		{8BBBB6D8-556B-4CE1-A6C2-1E2682335F95}.Release|Any CPU.ActiveCfg = Release|Any CPU
		{8BBBB6D8-556B-4CE1-A6C2-1E2682335F95}.Release|Any CPU.Build.0 = Release|Any CPU
		{A066B435-1CFF-47FD-BFDB-E597DFAA2518}.Debug|Any CPU.ActiveCfg = Debug|Any CPU
		{A066B435-1CFF-47FD-BFDB-E597DFAA2518}.Debug|Any CPU.Build.0 = Debug|Any CPU
		{A066B435-1CFF-47FD-BFDB-E597DFAA2518}.Release|Any CPU.ActiveCfg = Release|Any CPU
		{A066B435-1CFF-47FD-BFDB-E597DFAA2518}.Release|Any CPU.Build.0 = Release|Any CPU
		{5B4BA9C2-5E4E-44FE-A4AF-F0536DAD2532}.Debug|Any CPU.ActiveCfg = Debug|Any CPU
		{5B4BA9C2-5E4E-44FE-A4AF-F0536DAD2532}.Debug|Any CPU.Build.0 = Debug|Any CPU
		{5B4BA9C2-5E4E-44FE-A4AF-F0536DAD2532}.Release|Any CPU.ActiveCfg = Release|Any CPU
		{5B4BA9C2-5E4E-44FE-A4AF-F0536DAD2532}.Release|Any CPU.Build.0 = Release|Any CPU
		{CC6A791D-140E-4BCB-AC27-F70EF0BA8E55}.Debug|Any CPU.ActiveCfg = Debug|Any CPU
		{CC6A791D-140E-4BCB-AC27-F70EF0BA8E55}.Debug|Any CPU.Build.0 = Debug|Any CPU
		{CC6A791D-140E-4BCB-AC27-F70EF0BA8E55}.Release|Any CPU.ActiveCfg = Release|Any CPU
		{CC6A791D-140E-4BCB-AC27-F70EF0BA8E55}.Release|Any CPU.Build.0 = Release|Any CPU
		{94EA8011-65B0-416A-B2CF-E764F838472B}.Debug|Any CPU.ActiveCfg = Debug|Any CPU
		{94EA8011-65B0-416A-B2CF-E764F838472B}.Debug|Any CPU.Build.0 = Debug|Any CPU
		{94EA8011-65B0-416A-B2CF-E764F838472B}.Release|Any CPU.ActiveCfg = Release|Any CPU
		{94EA8011-65B0-416A-B2CF-E764F838472B}.Release|Any CPU.Build.0 = Release|Any CPU
		{FA7E2852-8A34-445C-A68D-5FA875EF6B85}.Debug|Any CPU.ActiveCfg = Debug|Any CPU
		{FA7E2852-8A34-445C-A68D-5FA875EF6B85}.Debug|Any CPU.Build.0 = Debug|Any CPU
		{FA7E2852-8A34-445C-A68D-5FA875EF6B85}.Release|Any CPU.ActiveCfg = Release|Any CPU
		{FA7E2852-8A34-445C-A68D-5FA875EF6B85}.Release|Any CPU.Build.0 = Release|Any CPU
		{7ECF3667-5AC4-49B9-B8AE-E20FA47276B5}.Debug|Any CPU.ActiveCfg = Debug|Any CPU
		{7ECF3667-5AC4-49B9-B8AE-E20FA47276B5}.Debug|Any CPU.Build.0 = Debug|Any CPU
		{7ECF3667-5AC4-49B9-B8AE-E20FA47276B5}.Release|Any CPU.ActiveCfg = Release|Any CPU
		{7ECF3667-5AC4-49B9-B8AE-E20FA47276B5}.Release|Any CPU.Build.0 = Release|Any CPU
		{870AFDE7-09C4-4632-8E13-8BF41BE3F002}.Debug|Any CPU.ActiveCfg = Debug|Any CPU
		{870AFDE7-09C4-4632-8E13-8BF41BE3F002}.Debug|Any CPU.Build.0 = Debug|Any CPU
		{870AFDE7-09C4-4632-8E13-8BF41BE3F002}.Release|Any CPU.ActiveCfg = Release|Any CPU
		{870AFDE7-09C4-4632-8E13-8BF41BE3F002}.Release|Any CPU.Build.0 = Release|Any CPU
		{73E2C5D1-B768-45BD-B808-FE5CF7384F54}.Debug|Any CPU.ActiveCfg = Debug|Any CPU
		{73E2C5D1-B768-45BD-B808-FE5CF7384F54}.Debug|Any CPU.Build.0 = Debug|Any CPU
		{73E2C5D1-B768-45BD-B808-FE5CF7384F54}.Release|Any CPU.ActiveCfg = Release|Any CPU
		{73E2C5D1-B768-45BD-B808-FE5CF7384F54}.Release|Any CPU.Build.0 = Release|Any CPU
		{AE3456E0-F34E-47E7-81DD-2F36AC62BA80}.Debug|Any CPU.ActiveCfg = Debug|Any CPU
		{AE3456E0-F34E-47E7-81DD-2F36AC62BA80}.Debug|Any CPU.Build.0 = Debug|Any CPU
		{AE3456E0-F34E-47E7-81DD-2F36AC62BA80}.Release|Any CPU.ActiveCfg = Release|Any CPU
		{AE3456E0-F34E-47E7-81DD-2F36AC62BA80}.Release|Any CPU.Build.0 = Release|Any CPU
		{BAC01AC6-C2D5-410D-8AB7-89C3CE3CE3A6}.Debug|Any CPU.ActiveCfg = Debug|Any CPU
		{BAC01AC6-C2D5-410D-8AB7-89C3CE3CE3A6}.Debug|Any CPU.Build.0 = Debug|Any CPU
		{BAC01AC6-C2D5-410D-8AB7-89C3CE3CE3A6}.Release|Any CPU.ActiveCfg = Release|Any CPU
		{BAC01AC6-C2D5-410D-8AB7-89C3CE3CE3A6}.Release|Any CPU.Build.0 = Release|Any CPU
		{93436B73-9556-4261-BA61-2EFF800A4C99}.Debug|Any CPU.ActiveCfg = Debug|Any CPU
		{93436B73-9556-4261-BA61-2EFF800A4C99}.Debug|Any CPU.Build.0 = Debug|Any CPU
		{93436B73-9556-4261-BA61-2EFF800A4C99}.Release|Any CPU.ActiveCfg = Release|Any CPU
		{93436B73-9556-4261-BA61-2EFF800A4C99}.Release|Any CPU.Build.0 = Release|Any CPU
		{79F2F9D9-B89D-430C-A542-C1C86279435E}.Debug|Any CPU.ActiveCfg = Debug|Any CPU
		{79F2F9D9-B89D-430C-A542-C1C86279435E}.Debug|Any CPU.Build.0 = Debug|Any CPU
		{79F2F9D9-B89D-430C-A542-C1C86279435E}.Release|Any CPU.ActiveCfg = Release|Any CPU
		{79F2F9D9-B89D-430C-A542-C1C86279435E}.Release|Any CPU.Build.0 = Release|Any CPU
		{DE12EFB0-8CDA-4587-86B9-994EF09C574A}.Debug|Any CPU.ActiveCfg = Debug|Any CPU
		{DE12EFB0-8CDA-4587-86B9-994EF09C574A}.Debug|Any CPU.Build.0 = Debug|Any CPU
		{DE12EFB0-8CDA-4587-86B9-994EF09C574A}.Release|Any CPU.ActiveCfg = Release|Any CPU
		{DE12EFB0-8CDA-4587-86B9-994EF09C574A}.Release|Any CPU.Build.0 = Release|Any CPU
		{D7C299F1-2DCE-4707-AD90-566F92970B7D}.Debug|Any CPU.ActiveCfg = Debug|Any CPU
		{D7C299F1-2DCE-4707-AD90-566F92970B7D}.Debug|Any CPU.Build.0 = Debug|Any CPU
		{D7C299F1-2DCE-4707-AD90-566F92970B7D}.Release|Any CPU.ActiveCfg = Release|Any CPU
		{D7C299F1-2DCE-4707-AD90-566F92970B7D}.Release|Any CPU.Build.0 = Release|Any CPU
		{FE05DB57-2398-4A3D-8029-AB576D185B22}.Debug|Any CPU.ActiveCfg = Debug|Any CPU
		{FE05DB57-2398-4A3D-8029-AB576D185B22}.Debug|Any CPU.Build.0 = Debug|Any CPU
		{FE05DB57-2398-4A3D-8029-AB576D185B22}.Release|Any CPU.ActiveCfg = Release|Any CPU
		{FE05DB57-2398-4A3D-8029-AB576D185B22}.Release|Any CPU.Build.0 = Release|Any CPU
		{7FE739AD-9660-49B9-86EA-4A381969D057}.Debug|Any CPU.ActiveCfg = Debug|Any CPU
		{7FE739AD-9660-49B9-86EA-4A381969D057}.Debug|Any CPU.Build.0 = Debug|Any CPU
		{7FE739AD-9660-49B9-86EA-4A381969D057}.Release|Any CPU.ActiveCfg = Release|Any CPU
		{7FE739AD-9660-49B9-86EA-4A381969D057}.Release|Any CPU.Build.0 = Release|Any CPU
		{DA2A2B22-0E28-4C58-ADFE-0F466A2C4C34}.Debug|Any CPU.ActiveCfg = Debug|Any CPU
		{DA2A2B22-0E28-4C58-ADFE-0F466A2C4C34}.Debug|Any CPU.Build.0 = Debug|Any CPU
		{DA2A2B22-0E28-4C58-ADFE-0F466A2C4C34}.Release|Any CPU.ActiveCfg = Release|Any CPU
		{DA2A2B22-0E28-4C58-ADFE-0F466A2C4C34}.Release|Any CPU.Build.0 = Release|Any CPU
		{E633CB34-EB6B-4410-9F90-65BDE4AB85FC}.Debug|Any CPU.ActiveCfg = Debug|Any CPU
		{E633CB34-EB6B-4410-9F90-65BDE4AB85FC}.Debug|Any CPU.Build.0 = Debug|Any CPU
		{E633CB34-EB6B-4410-9F90-65BDE4AB85FC}.Release|Any CPU.ActiveCfg = Release|Any CPU
		{E633CB34-EB6B-4410-9F90-65BDE4AB85FC}.Release|Any CPU.Build.0 = Release|Any CPU
		{E417804D-38E3-47D4-8E94-02A516ED0831}.Debug|Any CPU.ActiveCfg = Debug|Any CPU
		{E417804D-38E3-47D4-8E94-02A516ED0831}.Debug|Any CPU.Build.0 = Debug|Any CPU
		{E417804D-38E3-47D4-8E94-02A516ED0831}.Release|Any CPU.ActiveCfg = Release|Any CPU
		{E417804D-38E3-47D4-8E94-02A516ED0831}.Release|Any CPU.Build.0 = Release|Any CPU
		{811999AF-1E1B-40E8-BDAD-3601E23437BD}.Debug|Any CPU.ActiveCfg = Debug|Any CPU
		{811999AF-1E1B-40E8-BDAD-3601E23437BD}.Debug|Any CPU.Build.0 = Debug|Any CPU
		{811999AF-1E1B-40E8-BDAD-3601E23437BD}.Release|Any CPU.ActiveCfg = Release|Any CPU
		{811999AF-1E1B-40E8-BDAD-3601E23437BD}.Release|Any CPU.Build.0 = Release|Any CPU
		{339F4369-CEB9-477F-9023-72E9FD5D77AA}.Debug|Any CPU.ActiveCfg = Debug|Any CPU
		{339F4369-CEB9-477F-9023-72E9FD5D77AA}.Debug|Any CPU.Build.0 = Debug|Any CPU
		{339F4369-CEB9-477F-9023-72E9FD5D77AA}.Release|Any CPU.ActiveCfg = Release|Any CPU
		{339F4369-CEB9-477F-9023-72E9FD5D77AA}.Release|Any CPU.Build.0 = Release|Any CPU
		{4E208B88-5851-469A-874B-0F1A895677B7}.Debug|Any CPU.ActiveCfg = Debug|Any CPU
		{4E208B88-5851-469A-874B-0F1A895677B7}.Debug|Any CPU.Build.0 = Debug|Any CPU
		{4E208B88-5851-469A-874B-0F1A895677B7}.Release|Any CPU.ActiveCfg = Release|Any CPU
		{4E208B88-5851-469A-874B-0F1A895677B7}.Release|Any CPU.Build.0 = Release|Any CPU
		{920C796F-DA3C-4747-B66C-33AF40182401}.Debug|Any CPU.ActiveCfg = Debug|Any CPU
		{920C796F-DA3C-4747-B66C-33AF40182401}.Debug|Any CPU.Build.0 = Debug|Any CPU
		{920C796F-DA3C-4747-B66C-33AF40182401}.Release|Any CPU.ActiveCfg = Release|Any CPU
		{920C796F-DA3C-4747-B66C-33AF40182401}.Release|Any CPU.Build.0 = Release|Any CPU
		{9BB85AF4-668C-4BF2-AA8E-B31074B60A81}.Debug|Any CPU.ActiveCfg = Debug|Any CPU
		{9BB85AF4-668C-4BF2-AA8E-B31074B60A81}.Debug|Any CPU.Build.0 = Debug|Any CPU
		{9BB85AF4-668C-4BF2-AA8E-B31074B60A81}.Release|Any CPU.ActiveCfg = Release|Any CPU
		{9BB85AF4-668C-4BF2-AA8E-B31074B60A81}.Release|Any CPU.Build.0 = Release|Any CPU
		{5060E1E8-8DA7-4523-B88A-6E8A3ED219FD}.Debug|Any CPU.ActiveCfg = Debug|Any CPU
		{5060E1E8-8DA7-4523-B88A-6E8A3ED219FD}.Debug|Any CPU.Build.0 = Debug|Any CPU
		{5060E1E8-8DA7-4523-B88A-6E8A3ED219FD}.Release|Any CPU.ActiveCfg = Release|Any CPU
		{5060E1E8-8DA7-4523-B88A-6E8A3ED219FD}.Release|Any CPU.Build.0 = Release|Any CPU
		{F9579DBE-9535-4978-B418-3C2D162B478E}.Debug|Any CPU.ActiveCfg = Debug|Any CPU
		{F9579DBE-9535-4978-B418-3C2D162B478E}.Debug|Any CPU.Build.0 = Debug|Any CPU
		{F9579DBE-9535-4978-B418-3C2D162B478E}.Release|Any CPU.ActiveCfg = Release|Any CPU
		{F9579DBE-9535-4978-B418-3C2D162B478E}.Release|Any CPU.Build.0 = Release|Any CPU
		{6B33C531-68B7-4A70-9745-B832BEDC541E}.Debug|Any CPU.ActiveCfg = Debug|Any CPU
		{6B33C531-68B7-4A70-9745-B832BEDC541E}.Debug|Any CPU.Build.0 = Debug|Any CPU
		{6B33C531-68B7-4A70-9745-B832BEDC541E}.Release|Any CPU.ActiveCfg = Release|Any CPU
		{6B33C531-68B7-4A70-9745-B832BEDC541E}.Release|Any CPU.Build.0 = Release|Any CPU
		{68882911-2CF0-4B18-8C41-65E7EE529352}.Debug|Any CPU.ActiveCfg = Debug|Any CPU
		{68882911-2CF0-4B18-8C41-65E7EE529352}.Debug|Any CPU.Build.0 = Debug|Any CPU
		{68882911-2CF0-4B18-8C41-65E7EE529352}.Release|Any CPU.ActiveCfg = Release|Any CPU
		{68882911-2CF0-4B18-8C41-65E7EE529352}.Release|Any CPU.Build.0 = Release|Any CPU
		{2BF0216D-098F-41E7-9231-4C3B24969997}.Debug|Any CPU.ActiveCfg = Debug|Any CPU
		{2BF0216D-098F-41E7-9231-4C3B24969997}.Debug|Any CPU.Build.0 = Debug|Any CPU
		{2BF0216D-098F-41E7-9231-4C3B24969997}.Release|Any CPU.ActiveCfg = Release|Any CPU
		{2BF0216D-098F-41E7-9231-4C3B24969997}.Release|Any CPU.Build.0 = Release|Any CPU
		{462448D9-D269-4369-8658-4E8EC8C3BA94}.Debug|Any CPU.ActiveCfg = Debug|Any CPU
		{462448D9-D269-4369-8658-4E8EC8C3BA94}.Debug|Any CPU.Build.0 = Debug|Any CPU
		{462448D9-D269-4369-8658-4E8EC8C3BA94}.Release|Any CPU.ActiveCfg = Release|Any CPU
		{462448D9-D269-4369-8658-4E8EC8C3BA94}.Release|Any CPU.Build.0 = Release|Any CPU
		{3804D34F-055A-4110-9940-D38842412A90}.Debug|Any CPU.ActiveCfg = Debug|Any CPU
		{3804D34F-055A-4110-9940-D38842412A90}.Debug|Any CPU.Build.0 = Debug|Any CPU
		{3804D34F-055A-4110-9940-D38842412A90}.Release|Any CPU.ActiveCfg = Release|Any CPU
		{3804D34F-055A-4110-9940-D38842412A90}.Release|Any CPU.Build.0 = Release|Any CPU
		{5C3F870A-0649-4A86-A20F-A6B53AB34049}.Debug|Any CPU.ActiveCfg = Debug|Any CPU
		{5C3F870A-0649-4A86-A20F-A6B53AB34049}.Debug|Any CPU.Build.0 = Debug|Any CPU
		{5C3F870A-0649-4A86-A20F-A6B53AB34049}.Release|Any CPU.ActiveCfg = Release|Any CPU
		{5C3F870A-0649-4A86-A20F-A6B53AB34049}.Release|Any CPU.Build.0 = Release|Any CPU
		{8EAE9F59-8759-4087-BD14-CF455DCD5A5F}.Debug|Any CPU.ActiveCfg = Debug|Any CPU
		{8EAE9F59-8759-4087-BD14-CF455DCD5A5F}.Debug|Any CPU.Build.0 = Debug|Any CPU
		{8EAE9F59-8759-4087-BD14-CF455DCD5A5F}.Release|Any CPU.ActiveCfg = Release|Any CPU
		{8EAE9F59-8759-4087-BD14-CF455DCD5A5F}.Release|Any CPU.Build.0 = Release|Any CPU
		{0F90F060-305C-4DE3-BEC7-52D4C7DDB442}.Debug|Any CPU.ActiveCfg = Debug|Any CPU
		{0F90F060-305C-4DE3-BEC7-52D4C7DDB442}.Debug|Any CPU.Build.0 = Debug|Any CPU
		{0F90F060-305C-4DE3-BEC7-52D4C7DDB442}.Release|Any CPU.ActiveCfg = Release|Any CPU
		{0F90F060-305C-4DE3-BEC7-52D4C7DDB442}.Release|Any CPU.Build.0 = Release|Any CPU
		{53E458D3-E2EC-4D3B-847F-6E552808FB1A}.Debug|Any CPU.ActiveCfg = Debug|Any CPU
		{53E458D3-E2EC-4D3B-847F-6E552808FB1A}.Debug|Any CPU.Build.0 = Debug|Any CPU
		{53E458D3-E2EC-4D3B-847F-6E552808FB1A}.Release|Any CPU.ActiveCfg = Release|Any CPU
		{53E458D3-E2EC-4D3B-847F-6E552808FB1A}.Release|Any CPU.Build.0 = Release|Any CPU
		{C34EEB3F-1958-4B34-B3D3-B1C0A72EA4F6}.Debug|Any CPU.ActiveCfg = Debug|Any CPU
		{C34EEB3F-1958-4B34-B3D3-B1C0A72EA4F6}.Debug|Any CPU.Build.0 = Debug|Any CPU
		{C34EEB3F-1958-4B34-B3D3-B1C0A72EA4F6}.Release|Any CPU.ActiveCfg = Release|Any CPU
		{C34EEB3F-1958-4B34-B3D3-B1C0A72EA4F6}.Release|Any CPU.Build.0 = Release|Any CPU
		{A111AA5C-7CD1-4795-A28A-DB132413D272}.Debug|Any CPU.ActiveCfg = Debug|Any CPU
		{A111AA5C-7CD1-4795-A28A-DB132413D272}.Debug|Any CPU.Build.0 = Debug|Any CPU
		{A111AA5C-7CD1-4795-A28A-DB132413D272}.Release|Any CPU.ActiveCfg = Release|Any CPU
		{A111AA5C-7CD1-4795-A28A-DB132413D272}.Release|Any CPU.Build.0 = Release|Any CPU
		{A1725D63-A5E5-46A4-9C35-D66B73134C12}.Debug|Any CPU.ActiveCfg = Debug|Any CPU
		{A1725D63-A5E5-46A4-9C35-D66B73134C12}.Debug|Any CPU.Build.0 = Debug|Any CPU
		{A1725D63-A5E5-46A4-9C35-D66B73134C12}.Release|Any CPU.ActiveCfg = Release|Any CPU
		{A1725D63-A5E5-46A4-9C35-D66B73134C12}.Release|Any CPU.Build.0 = Release|Any CPU
		{0BD6D6EB-17D4-4244-AA1C-0C2A75D1613B}.Debug|Any CPU.ActiveCfg = Debug|Any CPU
		{0BD6D6EB-17D4-4244-AA1C-0C2A75D1613B}.Debug|Any CPU.Build.0 = Debug|Any CPU
		{0BD6D6EB-17D4-4244-AA1C-0C2A75D1613B}.Release|Any CPU.ActiveCfg = Release|Any CPU
		{0BD6D6EB-17D4-4244-AA1C-0C2A75D1613B}.Release|Any CPU.Build.0 = Release|Any CPU
		{3D99F586-C5AF-4581-895D-A864D77160C4}.Debug|Any CPU.ActiveCfg = Debug|Any CPU
		{3D99F586-C5AF-4581-895D-A864D77160C4}.Debug|Any CPU.Build.0 = Debug|Any CPU
		{3D99F586-C5AF-4581-895D-A864D77160C4}.Release|Any CPU.ActiveCfg = Release|Any CPU
		{3D99F586-C5AF-4581-895D-A864D77160C4}.Release|Any CPU.Build.0 = Release|Any CPU
	EndGlobalSection
	GlobalSection(NestedProjects) = preSolution
		{76C86F43-09EE-4191-89A6-E3530337CAF9} = {454E5EBA-0E20-467A-8A03-E0920C69C7E6}
		{43C4E630-8E54-4386-A46D-DBC85A6D4D68} = {76C86F43-09EE-4191-89A6-E3530337CAF9}
		{52C1F688-E5E1-4503-B9D6-BE2143E24C24} = {76C86F43-09EE-4191-89A6-E3530337CAF9}
		{9B590F8B-D79C-4F42-920A-9F36C1598B61} = {454E5EBA-0E20-467A-8A03-E0920C69C7E6}
		{11261901-1A8B-4F15-8ECA-1193DE56D1AE} = {9B590F8B-D79C-4F42-920A-9F36C1598B61}
		{ED3EA40F-130C-48F1-B81F-33BCA2EAB704} = {9B590F8B-D79C-4F42-920A-9F36C1598B61}
		{DB4C4094-BB20-4E32-8683-5AC42AC757C9} = {7207594B-BE73-4647-BB26-AD610B752D25}
		{9D042AAF-8B6C-4CAB-87EA-111A7E4E16D7} = {DB4C4094-BB20-4E32-8683-5AC42AC757C9}
		{B5715DCE-2608-4ACB-B0DF-B47AF81DCDE9} = {DB4C4094-BB20-4E32-8683-5AC42AC757C9}
		{9E410857-C2C3-4B02-9DF2-E22463BCC8EE} = {7207594B-BE73-4647-BB26-AD610B752D25}
		{6AC9A68A-E2D2-4C4A-91E5-8B2D564E5A30} = {9E410857-C2C3-4B02-9DF2-E22463BCC8EE}
		{A3163F67-91C7-4384-8736-ABA41A4E16C4} = {9E410857-C2C3-4B02-9DF2-E22463BCC8EE}
		{B76DFC23-8004-4B79-BA0F-01F6A7A1E055} = {7207594B-BE73-4647-BB26-AD610B752D25}
		{F6B66312-E432-4AC6-9918-2FA58FE05984} = {B76DFC23-8004-4B79-BA0F-01F6A7A1E055}
		{24A0BF20-6E91-43D7-8233-A580546FF30C} = {B76DFC23-8004-4B79-BA0F-01F6A7A1E055}
		{728A11D2-57DC-4CB2-8943-78B139A8846B} = {7207594B-BE73-4647-BB26-AD610B752D25}
		{4E4FC552-E7B3-4B05-8B1D-A9BF7B91588C} = {728A11D2-57DC-4CB2-8943-78B139A8846B}
		{0CD16F2D-7EED-40CE-A8B3-D6BD0F2ED360} = {728A11D2-57DC-4CB2-8943-78B139A8846B}
		{C4BBF283-C9DB-43DD-84C4-E225728E7C7C} = {860908B5-7DF3-4D84-9A6F-1C0E8A04E564}
		{3F8215EA-022B-4ABF-886E-5E9DF95F7050} = {C4BBF283-C9DB-43DD-84C4-E225728E7C7C}
		{6007A586-5B8F-4D02-866E-D442784E3BF4} = {C4BBF283-C9DB-43DD-84C4-E225728E7C7C}
		{921F8FC5-DEE8-47E3-92EA-254ED96613CD} = {860908B5-7DF3-4D84-9A6F-1C0E8A04E564}
		{85ED1FC8-E305-4A0E-8F08-B2F41C1CC714} = {921F8FC5-DEE8-47E3-92EA-254ED96613CD}
		{A8E01B0A-452B-4379-B6CB-C7ACDACE41BA} = {921F8FC5-DEE8-47E3-92EA-254ED96613CD}
		{491D6446-26BC-440F-9EFB-BE218FC786DC} = {860908B5-7DF3-4D84-9A6F-1C0E8A04E564}
		{696CDD4D-43C2-4ADE-9F6F-659BC283D44E} = {491D6446-26BC-440F-9EFB-BE218FC786DC}
		{2AF95081-A938-4360-83F2-3976660C60C0} = {491D6446-26BC-440F-9EFB-BE218FC786DC}
		{DB289173-6F3B-4B17-BF37-67CDF79E7080} = {860908B5-7DF3-4D84-9A6F-1C0E8A04E564}
		{BB149F0A-FDFF-4005-819F-F505E216F5AE} = {DB289173-6F3B-4B17-BF37-67CDF79E7080}
		{AA40130E-529F-4750-BC8C-0DFCE97510EA} = {DB289173-6F3B-4B17-BF37-67CDF79E7080}
		{AE55DC19-2E2E-4B41-A088-06AEDEC1B64D} = {860908B5-7DF3-4D84-9A6F-1C0E8A04E564}
		{60F03897-2502-4AD5-8672-89CA5176F41D} = {AE55DC19-2E2E-4B41-A088-06AEDEC1B64D}
		{A8F37172-9272-4BE0-BEC2-E8F5D06110B0} = {AE55DC19-2E2E-4B41-A088-06AEDEC1B64D}
		{3321D22C-0174-4297-9D9B-6AA65104CA2C} = {860908B5-7DF3-4D84-9A6F-1C0E8A04E564}
		{5F1DBF61-C2EE-43D1-927C-A0D8004BED78} = {3321D22C-0174-4297-9D9B-6AA65104CA2C}
		{7A2537F0-2A44-474F-9CD5-2EC9AFC14D04} = {3321D22C-0174-4297-9D9B-6AA65104CA2C}
		{5720DF5E-80AF-4C87-A577-7D720574B381} = {860908B5-7DF3-4D84-9A6F-1C0E8A04E564}
		{956C29F1-C8E9-44D8-BB20-6054E685DC06} = {5720DF5E-80AF-4C87-A577-7D720574B381}
		{784F3DDB-7F42-4E59-AE94-D85215BD7BA9} = {5720DF5E-80AF-4C87-A577-7D720574B381}
		{1BBEA571-8F8B-4731-A623-E91DCF19037B} = {0E0D6B6B-8406-4C24-877B-8198105F3F92}
		{E387B816-8A38-4E7C-8716-480B99F65AAB} = {1BBEA571-8F8B-4731-A623-E91DCF19037B}
		{96B77555-E2C6-423E-BCA3-D0366FA31D11} = {1BBEA571-8F8B-4731-A623-E91DCF19037B}
		{2C05B5B8-3625-4D6E-8C68-5DF8069B69F4} = {0E0D6B6B-8406-4C24-877B-8198105F3F92}
		{4631EA76-27E3-49C4-BF73-86B916B5F35D} = {2C05B5B8-3625-4D6E-8C68-5DF8069B69F4}
		{F28D1B10-4757-445C-9020-660FF98D05F4} = {2C05B5B8-3625-4D6E-8C68-5DF8069B69F4}
		{44D5E39B-1B92-43D3-A18C-5D53A17933D0} = {0E0D6B6B-8406-4C24-877B-8198105F3F92}
		{CDFCF2DC-FB80-45C7-AC0C-6A7F0B6D767D} = {44D5E39B-1B92-43D3-A18C-5D53A17933D0}
		{F3876324-9AA1-4AD2-94CD-15983B58A74F} = {44D5E39B-1B92-43D3-A18C-5D53A17933D0}
		{2894608A-48C7-4FD7-8410-686C5FFB99CC} = {0E0D6B6B-8406-4C24-877B-8198105F3F92}
		{3DEEE0F3-22B8-4522-BF04-E66AAFE5BBAB} = {2894608A-48C7-4FD7-8410-686C5FFB99CC}
		{1391254E-3E94-4BD8-95BA-109EC81C6379} = {2894608A-48C7-4FD7-8410-686C5FFB99CC}
		{AE50FC55-D4CE-4818-A9D7-AFD161C25AFC} = {0E0D6B6B-8406-4C24-877B-8198105F3F92}
		{7C05ACA2-F4FB-4D5A-B53E-4A972E6E0A67} = {AE50FC55-D4CE-4818-A9D7-AFD161C25AFC}
		{3D0B356A-DC11-4B65-B6B4-DF5CDE67B064} = {AE50FC55-D4CE-4818-A9D7-AFD161C25AFC}
		{62803C07-EC41-4AFF-9CF8-A4528F3FD162} = {0E0D6B6B-8406-4C24-877B-8198105F3F92}
		{06D92A8A-6747-41A9-A326-B960D13CB577} = {62803C07-EC41-4AFF-9CF8-A4528F3FD162}
		{D9BBF93C-CA95-4C68-9C3B-B39E7A99D226} = {62803C07-EC41-4AFF-9CF8-A4528F3FD162}
		{BB647F6C-C958-468B-9B91-35318B7131B3} = {0E0D6B6B-8406-4C24-877B-8198105F3F92}
		{CC5128EA-9CD8-4A6F-9669-737C1D294E88} = {BB647F6C-C958-468B-9B91-35318B7131B3}
		{7216061B-A63A-484A-99E9-49BE876FEAEE} = {BB647F6C-C958-468B-9B91-35318B7131B3}
		{6FEC8664-4C4F-43D3-8793-2A53205DAD0D} = {0E0D6B6B-8406-4C24-877B-8198105F3F92}
		{A0AD5FCC-AD53-4338-8F49-F055FAEE7516} = {6FEC8664-4C4F-43D3-8793-2A53205DAD0D}
		{F1AA2FC7-A99B-4251-99FD-0870D9FEAE6F} = {6FEC8664-4C4F-43D3-8793-2A53205DAD0D}
		{FF552559-F102-422B-A31B-5A72CFD01713} = {0E0D6B6B-8406-4C24-877B-8198105F3F92}
		{DB549E89-C71D-47BE-9CE6-5BA90FEDEEF3} = {FF552559-F102-422B-A31B-5A72CFD01713}
		{09B8B217-628F-4FBF-A4DB-D2D9AA2EDE70} = {FF552559-F102-422B-A31B-5A72CFD01713}
		{7AABE815-DAA1-42E3-9FEF-33D242AF238D} = {0E0D6B6B-8406-4C24-877B-8198105F3F92}
		{0C713A97-EA6A-49CC-8F5F-0D054C894BC0} = {7AABE815-DAA1-42E3-9FEF-33D242AF238D}
		{4D462F06-226E-4CB5-AE9D-12366B7B6C4E} = {7AABE815-DAA1-42E3-9FEF-33D242AF238D}
		{5C35BCD9-E6A7-4ADA-9442-99C4FE220F48} = {0E0D6B6B-8406-4C24-877B-8198105F3F92}
		{0FA8854E-94D4-4300-BAFE-C9D6E83F5597} = {5C35BCD9-E6A7-4ADA-9442-99C4FE220F48}
		{456E4813-C7E0-430B-B942-D541C70E27E4} = {5C35BCD9-E6A7-4ADA-9442-99C4FE220F48}
		{2A8E869A-F801-4FFE-8454-0AB2DA3F92CD} = {0E0D6B6B-8406-4C24-877B-8198105F3F92}
		{7F48B007-635A-4EE3-A97B-33BCA661C229} = {2A8E869A-F801-4FFE-8454-0AB2DA3F92CD}
		{997F480A-B73A-467C-B892-8B54DA9AAED7} = {2A8E869A-F801-4FFE-8454-0AB2DA3F92CD}
		{1C6DE711-FCC2-4F1D-8E7C-10B65E65BAAE} = {0E0D6B6B-8406-4C24-877B-8198105F3F92}
		{8786AA8B-8813-42F1-913C-F26922D130EC} = {1C6DE711-FCC2-4F1D-8E7C-10B65E65BAAE}
		{9A7AA2D1-6F89-4BA6-8BE2-80C53BACED22} = {1C6DE711-FCC2-4F1D-8E7C-10B65E65BAAE}
		{A1A1EC19-FF7C-4695-9596-A72D1FEED686} = {0E0D6B6B-8406-4C24-877B-8198105F3F92}
		{9452CD76-5D7A-4EC5-AAA4-ED34B4F3287E} = {A1A1EC19-FF7C-4695-9596-A72D1FEED686}
		{A37E6721-47DA-462F-A44F-2F045CD96206} = {A1A1EC19-FF7C-4695-9596-A72D1FEED686}
		{12D1C689-50E1-4D8D-A779-AB8019616EBB} = {860908B5-7DF3-4D84-9A6F-1C0E8A04E564}
		{10B1B9AB-2008-4359-9B22-FB038D591009} = {12D1C689-50E1-4D8D-A779-AB8019616EBB}
		{55EF71F3-ADFB-42B0-AF03-DD1FBB1204E9} = {12D1C689-50E1-4D8D-A779-AB8019616EBB}
		{B82D4B4E-7FA6-4806-AE2E-C7240D70E048} = {860908B5-7DF3-4D84-9A6F-1C0E8A04E564}
		{C379BB86-DB18-49B2-A287-E4E14D148E44} = {B82D4B4E-7FA6-4806-AE2E-C7240D70E048}
		{3F9F75DB-B1D6-47D2-8729-B28109E5BCAC} = {B82D4B4E-7FA6-4806-AE2E-C7240D70E048}
		{A0E3823B-4387-450B-A002-D48C67DCF2D9} = {7207594B-BE73-4647-BB26-AD610B752D25}
		{173A2A6F-1F02-46EC-A9D0-AB42BD83EE42} = {A0E3823B-4387-450B-A002-D48C67DCF2D9}
		{6664C976-D8C2-4050-89D7-897542BB2E8F} = {A0E3823B-4387-450B-A002-D48C67DCF2D9}
		{3D6F1689-1837-4541-9D6A-30318CAD38B3} = {860908B5-7DF3-4D84-9A6F-1C0E8A04E564}
		{4201F995-22EF-4FC6-A825-F621825912E3} = {3D6F1689-1837-4541-9D6A-30318CAD38B3}
		{601F064A-5D17-44C5-9355-4FC0DC15E33D} = {3D6F1689-1837-4541-9D6A-30318CAD38B3}
		{A7B36462-48E6-47E4-972D-5F75D0E46C16} = {0E0D6B6B-8406-4C24-877B-8198105F3F92}
		{F04F5228-58D1-438D-AD11-3BB47D2FB410} = {A7B36462-48E6-47E4-972D-5F75D0E46C16}
		{A4874A95-E2A9-4F5A-8B07-DA526332B51E} = {A7B36462-48E6-47E4-972D-5F75D0E46C16}
		{835D6AB6-70BC-46F9-AD44-FE8C6302B513} = {0E0D6B6B-8406-4C24-877B-8198105F3F92}
		{83BD5A38-CD1B-465D-ABFD-BBB320A28C3A} = {835D6AB6-70BC-46F9-AD44-FE8C6302B513}
		{CFF263E4-FC8D-4436-906C-BD264451783D} = {835D6AB6-70BC-46F9-AD44-FE8C6302B513}
		{1952A34C-C4A5-416F-81F1-85DAAC87828A} = {454E5EBA-0E20-467A-8A03-E0920C69C7E6}
		{EB81655A-D484-4C69-895A-643CFC5767A6} = {1952A34C-C4A5-416F-81F1-85DAAC87828A}
		{E4D2E11E-1697-4EDE-8ADD-709DCD262D33} = {1952A34C-C4A5-416F-81F1-85DAAC87828A}
		{A7BF917B-50CF-41EC-B7DC-35649D032C1C} = {860908B5-7DF3-4D84-9A6F-1C0E8A04E564}
		{9AA17C05-4FC6-4B39-843A-B3E9669819EB} = {A7BF917B-50CF-41EC-B7DC-35649D032C1C}
		{761BA43B-7D1E-477B-AE41-A88200409105} = {A7BF917B-50CF-41EC-B7DC-35649D032C1C}
		{78850216-F18C-474B-82A4-36AF9FFBB978} = {860908B5-7DF3-4D84-9A6F-1C0E8A04E564}
		{012D5ECB-D451-4AA4-A12E-385F7A329666} = {78850216-F18C-474B-82A4-36AF9FFBB978}
		{8BBBB6D8-556B-4CE1-A6C2-1E2682335F95} = {78850216-F18C-474B-82A4-36AF9FFBB978}
		{7039BF42-4974-4628-81B3-3BEDA28EF4F3} = {860908B5-7DF3-4D84-9A6F-1C0E8A04E564}
		{A066B435-1CFF-47FD-BFDB-E597DFAA2518} = {7039BF42-4974-4628-81B3-3BEDA28EF4F3}
		{5B4BA9C2-5E4E-44FE-A4AF-F0536DAD2532} = {7039BF42-4974-4628-81B3-3BEDA28EF4F3}
		{4E413769-C681-46B5-9090-C2739A8283F7} = {D826BD8B-7824-4AFB-BD6B-8B68CCD80206}
		{CC6A791D-140E-4BCB-AC27-F70EF0BA8E55} = {4E413769-C681-46B5-9090-C2739A8283F7}
		{94EA8011-65B0-416A-B2CF-E764F838472B} = {4E413769-C681-46B5-9090-C2739A8283F7}
		{0A83BA32-8E9B-4EA8-BB88-08684F288FF1} = {0E0D6B6B-8406-4C24-877B-8198105F3F92}
		{FA7E2852-8A34-445C-A68D-5FA875EF6B85} = {0A83BA32-8E9B-4EA8-BB88-08684F288FF1}
		{7ECF3667-5AC4-49B9-B8AE-E20FA47276B5} = {0A83BA32-8E9B-4EA8-BB88-08684F288FF1}
		{906AC5D8-B6DF-48D1-8565-A1EDC82D25F2} = {0E0D6B6B-8406-4C24-877B-8198105F3F92}
		{870AFDE7-09C4-4632-8E13-8BF41BE3F002} = {906AC5D8-B6DF-48D1-8565-A1EDC82D25F2}
		{73E2C5D1-B768-45BD-B808-FE5CF7384F54} = {906AC5D8-B6DF-48D1-8565-A1EDC82D25F2}
		{FDEAFF7D-1C34-4A0E-9E2C-B265522181A0} = {0E0D6B6B-8406-4C24-877B-8198105F3F92}
		{AE3456E0-F34E-47E7-81DD-2F36AC62BA80} = {FDEAFF7D-1C34-4A0E-9E2C-B265522181A0}
		{BAC01AC6-C2D5-410D-8AB7-89C3CE3CE3A6} = {FDEAFF7D-1C34-4A0E-9E2C-B265522181A0}
		{7A603CBD-998C-47FB-B081-B3D595917F9E} = {0E0D6B6B-8406-4C24-877B-8198105F3F92}
		{93436B73-9556-4261-BA61-2EFF800A4C99} = {7A603CBD-998C-47FB-B081-B3D595917F9E}
		{79F2F9D9-B89D-430C-A542-C1C86279435E} = {7A603CBD-998C-47FB-B081-B3D595917F9E}
		{A5AEDE3A-9705-46BF-960B-467BB5C85028} = {0E0D6B6B-8406-4C24-877B-8198105F3F92}
		{DE12EFB0-8CDA-4587-86B9-994EF09C574A} = {A5AEDE3A-9705-46BF-960B-467BB5C85028}
		{D7C299F1-2DCE-4707-AD90-566F92970B7D} = {A5AEDE3A-9705-46BF-960B-467BB5C85028}
		{1965CC25-B606-4A09-A388-1ACEBD9D9A7C} = {0E0D6B6B-8406-4C24-877B-8198105F3F92}
		{FE05DB57-2398-4A3D-8029-AB576D185B22} = {1965CC25-B606-4A09-A388-1ACEBD9D9A7C}
		{7FE739AD-9660-49B9-86EA-4A381969D057} = {1965CC25-B606-4A09-A388-1ACEBD9D9A7C}
		{2A7D593E-6421-42B2-AAFC-C5DEF18BEA44} = {0E0D6B6B-8406-4C24-877B-8198105F3F92}
		{DA2A2B22-0E28-4C58-ADFE-0F466A2C4C34} = {2A7D593E-6421-42B2-AAFC-C5DEF18BEA44}
		{E633CB34-EB6B-4410-9F90-65BDE4AB85FC} = {2A7D593E-6421-42B2-AAFC-C5DEF18BEA44}
		{E68ACE26-484B-4B67-A732-023CF89CEC18} = {0E0D6B6B-8406-4C24-877B-8198105F3F92}
		{E417804D-38E3-47D4-8E94-02A516ED0831} = {E68ACE26-484B-4B67-A732-023CF89CEC18}
		{811999AF-1E1B-40E8-BDAD-3601E23437BD} = {E68ACE26-484B-4B67-A732-023CF89CEC18}
		{58CD37EE-7BA9-4523-B962-A93EAE287FA0} = {0E0D6B6B-8406-4C24-877B-8198105F3F92}
		{339F4369-CEB9-477F-9023-72E9FD5D77AA} = {58CD37EE-7BA9-4523-B962-A93EAE287FA0}
		{4E208B88-5851-469A-874B-0F1A895677B7} = {58CD37EE-7BA9-4523-B962-A93EAE287FA0}
		{61C2C03E-E95A-4A96-9F30-0B8EC7D858E4} = {860908B5-7DF3-4D84-9A6F-1C0E8A04E564}
		{920C796F-DA3C-4747-B66C-33AF40182401} = {61C2C03E-E95A-4A96-9F30-0B8EC7D858E4}
		{9BB85AF4-668C-4BF2-AA8E-B31074B60A81} = {61C2C03E-E95A-4A96-9F30-0B8EC7D858E4}
		{895414F7-45B4-4F19-9A72-2E86B1BF37D9} = {860908B5-7DF3-4D84-9A6F-1C0E8A04E564}
		{5060E1E8-8DA7-4523-B88A-6E8A3ED219FD} = {895414F7-45B4-4F19-9A72-2E86B1BF37D9}
		{F9579DBE-9535-4978-B418-3C2D162B478E} = {895414F7-45B4-4F19-9A72-2E86B1BF37D9}
		{62CB367C-68F8-47F6-BE77-1746CB9E9BDA} = {860908B5-7DF3-4D84-9A6F-1C0E8A04E564}
		{6B33C531-68B7-4A70-9745-B832BEDC541E} = {62CB367C-68F8-47F6-BE77-1746CB9E9BDA}
		{68882911-2CF0-4B18-8C41-65E7EE529352} = {62CB367C-68F8-47F6-BE77-1746CB9E9BDA}
		{890A28D4-5984-43AB-B6F1-57C5603F2805} = {860908B5-7DF3-4D84-9A6F-1C0E8A04E564}
		{2BF0216D-098F-41E7-9231-4C3B24969997} = {890A28D4-5984-43AB-B6F1-57C5603F2805}
		{462448D9-D269-4369-8658-4E8EC8C3BA94} = {890A28D4-5984-43AB-B6F1-57C5603F2805}
		{9F43FBD0-1DB6-4C4D-81C2-E74324D3E852} = {860908B5-7DF3-4D84-9A6F-1C0E8A04E564}
		{3804D34F-055A-4110-9940-D38842412A90} = {9F43FBD0-1DB6-4C4D-81C2-E74324D3E852}
		{5C3F870A-0649-4A86-A20F-A6B53AB34049} = {9F43FBD0-1DB6-4C4D-81C2-E74324D3E852}
		{30B87549-DC54-439D-93A4-B44E911A2445} = {860908B5-7DF3-4D84-9A6F-1C0E8A04E564}
		{8EAE9F59-8759-4087-BD14-CF455DCD5A5F} = {30B87549-DC54-439D-93A4-B44E911A2445}
		{0F90F060-305C-4DE3-BEC7-52D4C7DDB442} = {30B87549-DC54-439D-93A4-B44E911A2445}
		{41BBD809-8772-48A3-8DBB-5D06A2F929C0} = {860908B5-7DF3-4D84-9A6F-1C0E8A04E564}
		{53E458D3-E2EC-4D3B-847F-6E552808FB1A} = {41BBD809-8772-48A3-8DBB-5D06A2F929C0}
		{C34EEB3F-1958-4B34-B3D3-B1C0A72EA4F6} = {41BBD809-8772-48A3-8DBB-5D06A2F929C0}
		{EF618FBA-12E5-4EFE-92F8-96A43BFBB00E} = {860908B5-7DF3-4D84-9A6F-1C0E8A04E564}
		{A111AA5C-7CD1-4795-A28A-DB132413D272} = {EF618FBA-12E5-4EFE-92F8-96A43BFBB00E}
		{A1725D63-A5E5-46A4-9C35-D66B73134C12} = {EF618FBA-12E5-4EFE-92F8-96A43BFBB00E}
		{A94BD8F5-18E3-4570-81C5-1F1C3D544568} = {860908B5-7DF3-4D84-9A6F-1C0E8A04E564}
		{0BD6D6EB-17D4-4244-AA1C-0C2A75D1613B} = {A94BD8F5-18E3-4570-81C5-1F1C3D544568}
		{3D99F586-C5AF-4581-895D-A864D77160C4} = {A94BD8F5-18E3-4570-81C5-1F1C3D544568}
	EndGlobalSection
EndGlobal
