
Microsoft Visual Studio Solution File, Format Version 12.00
# Visual Studio Version 16
VisualStudioVersion = 16.0.30114.105
MinimumVisualStudioVersion = 10.0.40219.1
Project("{FAE04EC0-301F-11D3-BF4B-00C04F79EFBC}") = "NarcissisticNumbers.Logic", "NarcissisticNumbers.Logic\NarcissisticNumbers.Logic.csproj", "{0F565794-584C-4304-9B56-177844FAAB71}"
EndProject
Project("{FAE04EC0-301F-11D3-BF4B-00C04F79EFBC}") = "NarcissisticNumbers.UnitTests", "NarcissisticNumbers.UnitTests\NarcissisticNumbers.UnitTests.csproj", "{866EB3D9-0F32-4799-AC8C-93B724E70037}"
EndProject
Global
	GlobalSection(SolutionConfigurationPlatforms) = preSolution
		Debug|Any CPU = Debug|Any CPU
		Release|Any CPU = Release|Any CPU
	EndGlobalSection
	GlobalSection(SolutionProperties) = preSolution
		HideSolutionNode = FALSE
	EndGlobalSection
	GlobalSection(ProjectConfigurationPlatforms) = postSolution
		{0F565794-584C-4304-9B56-177844FAAB71}.Debug|Any CPU.ActiveCfg = Debug|Any CPU
		{0F565794-584C-4304-9B56-177844FAAB71}.Debug|Any CPU.Build.0 = Debug|Any CPU
		{0F565794-584C-4304-9B56-177844FAAB71}.Release|Any CPU.ActiveCfg = Release|Any CPU
		{0F565794-584C-4304-9B56-177844FAAB71}.Release|Any CPU.Build.0 = Release|Any CPU
		{866EB3D9-0F32-4799-AC8C-93B724E70037}.Debug|Any CPU.ActiveCfg = Debug|Any CPU
		{866EB3D9-0F32-4799-AC8C-93B724E70037}.Debug|Any CPU.Build.0 = Debug|Any CPU
		{866EB3D9-0F32-4799-AC8C-93B724E70037}.Release|Any CPU.ActiveCfg = Release|Any CPU
		{866EB3D9-0F32-4799-AC8C-93B724E70037}.Release|Any CPU.Build.0 = Release|Any CPU
	EndGlobalSection
EndGlobal
