
Microsoft Visual Studio Solution File, Format Version 12.00
# Visual Studio Version 16
VisualStudioVersion = 16.0.30114.105
MinimumVisualStudioVersion = 10.0.40219.1
Project("{FAE04EC0-301F-11D3-BF4B-00C04F79EFBC}") = "Day18.Logic", "Day18.Logic\Day18.Logic.csproj", "{0B8C3781-0D89-4DCB-AE59-5596E1E3F7F3}"
EndProject
Project("{FAE04EC0-301F-11D3-BF4B-00C04F79EFBC}") = "Day18.UnitTests", "Day18.UnitTests\Day18.UnitTests.csproj", "{BFD8DE3B-D02B-4C65-9C40-D004EACB75AD}"
EndProject
Global
	GlobalSection(SolutionConfigurationPlatforms) = preSolution
		Debug|Any CPU = Debug|Any CPU
		Debug|x64 = Debug|x64
		Debug|x86 = Debug|x86
		Release|Any CPU = Release|Any CPU
		Release|x64 = Release|x64
		Release|x86 = Release|x86
	EndGlobalSection
	GlobalSection(SolutionProperties) = preSolution
		HideSolutionNode = FALSE
	EndGlobalSection
	GlobalSection(ProjectConfigurationPlatforms) = postSolution
		{0B8C3781-0D89-4DCB-AE59-5596E1E3F7F3}.Debug|Any CPU.ActiveCfg = Debug|Any CPU
		{0B8C3781-0D89-4DCB-AE59-5596E1E3F7F3}.Debug|Any CPU.Build.0 = Debug|Any CPU
		{0B8C3781-0D89-4DCB-AE59-5596E1E3F7F3}.Debug|x64.ActiveCfg = Debug|Any CPU
		{0B8C3781-0D89-4DCB-AE59-5596E1E3F7F3}.Debug|x64.Build.0 = Debug|Any CPU
		{0B8C3781-0D89-4DCB-AE59-5596E1E3F7F3}.Debug|x86.ActiveCfg = Debug|Any CPU
		{0B8C3781-0D89-4DCB-AE59-5596E1E3F7F3}.Debug|x86.Build.0 = Debug|Any CPU
		{0B8C3781-0D89-4DCB-AE59-5596E1E3F7F3}.Release|Any CPU.ActiveCfg = Release|Any CPU
		{0B8C3781-0D89-4DCB-AE59-5596E1E3F7F3}.Release|Any CPU.Build.0 = Release|Any CPU
		{0B8C3781-0D89-4DCB-AE59-5596E1E3F7F3}.Release|x64.ActiveCfg = Release|Any CPU
		{0B8C3781-0D89-4DCB-AE59-5596E1E3F7F3}.Release|x64.Build.0 = Release|Any CPU
		{0B8C3781-0D89-4DCB-AE59-5596E1E3F7F3}.Release|x86.ActiveCfg = Release|Any CPU
		{0B8C3781-0D89-4DCB-AE59-5596E1E3F7F3}.Release|x86.Build.0 = Release|Any CPU
		{BFD8DE3B-D02B-4C65-9C40-D004EACB75AD}.Debug|Any CPU.ActiveCfg = Debug|Any CPU
		{BFD8DE3B-D02B-4C65-9C40-D004EACB75AD}.Debug|Any CPU.Build.0 = Debug|Any CPU
		{BFD8DE3B-D02B-4C65-9C40-D004EACB75AD}.Debug|x64.ActiveCfg = Debug|Any CPU
		{BFD8DE3B-D02B-4C65-9C40-D004EACB75AD}.Debug|x64.Build.0 = Debug|Any CPU
		{BFD8DE3B-D02B-4C65-9C40-D004EACB75AD}.Debug|x86.ActiveCfg = Debug|Any CPU
		{BFD8DE3B-D02B-4C65-9C40-D004EACB75AD}.Debug|x86.Build.0 = Debug|Any CPU
		{BFD8DE3B-D02B-4C65-9C40-D004EACB75AD}.Release|Any CPU.ActiveCfg = Release|Any CPU
		{BFD8DE3B-D02B-4C65-9C40-D004EACB75AD}.Release|Any CPU.Build.0 = Release|Any CPU
		{BFD8DE3B-D02B-4C65-9C40-D004EACB75AD}.Release|x64.ActiveCfg = Release|Any CPU
		{BFD8DE3B-D02B-4C65-9C40-D004EACB75AD}.Release|x64.Build.0 = Release|Any CPU
		{BFD8DE3B-D02B-4C65-9C40-D004EACB75AD}.Release|x86.ActiveCfg = Release|Any CPU
		{BFD8DE3B-D02B-4C65-9C40-D004EACB75AD}.Release|x86.Build.0 = Release|Any CPU
	EndGlobalSection
EndGlobal
