
Microsoft Visual Studio Solution File, Format Version 12.00
# Visual Studio 15
VisualStudioVersion = 15.0.26124.0
MinimumVisualStudioVersion = 15.0.26124.0
Project("{FAE04EC0-301F-11D3-BF4B-00C04F79EFBC}") = "Day9.Logic", "Day9.Logic\Day9.Logic.csproj", "{494F29E7-5B87-466A-BC77-CD65C2677DFD}"
EndProject
Project("{FAE04EC0-301F-11D3-BF4B-00C04F79EFBC}") = "Day9.UnitTests", "Day9.UnitTests\Day9.UnitTests.csproj", "{A0C5DD9C-32C4-4090-B06A-77EB0FFA0F8F}"
EndProject
Global
	GlobalSection(SolutionConfigurationPlatforms) = preSolution
		Debug|Any CPU = Debug|Any CPU
		Debug|x64 = Debug|x64
		Debug|x86 = Debug|x86
		Release|Any CPU = Release|Any CPU
		Release|x64 = Release|x64
		Release|x86 = Release|x86
	EndGlobalSection
	GlobalSection(SolutionProperties) = preSolution
		HideSolutionNode = FALSE
	EndGlobalSection
	GlobalSection(ProjectConfigurationPlatforms) = postSolution
		{494F29E7-5B87-466A-BC77-CD65C2677DFD}.Debug|Any CPU.ActiveCfg = Debug|Any CPU
		{494F29E7-5B87-466A-BC77-CD65C2677DFD}.Debug|Any CPU.Build.0 = Debug|Any CPU
		{494F29E7-5B87-466A-BC77-CD65C2677DFD}.Debug|x64.ActiveCfg = Debug|Any CPU
		{494F29E7-5B87-466A-BC77-CD65C2677DFD}.Debug|x64.Build.0 = Debug|Any CPU
		{494F29E7-5B87-466A-BC77-CD65C2677DFD}.Debug|x86.ActiveCfg = Debug|Any CPU
		{494F29E7-5B87-466A-BC77-CD65C2677DFD}.Debug|x86.Build.0 = Debug|Any CPU
		{494F29E7-5B87-466A-BC77-CD65C2677DFD}.Release|Any CPU.ActiveCfg = Release|Any CPU
		{494F29E7-5B87-466A-BC77-CD65C2677DFD}.Release|Any CPU.Build.0 = Release|Any CPU
		{494F29E7-5B87-466A-BC77-CD65C2677DFD}.Release|x64.ActiveCfg = Release|Any CPU
		{494F29E7-5B87-466A-BC77-CD65C2677DFD}.Release|x64.Build.0 = Release|Any CPU
		{494F29E7-5B87-466A-BC77-CD65C2677DFD}.Release|x86.ActiveCfg = Release|Any CPU
		{494F29E7-5B87-466A-BC77-CD65C2677DFD}.Release|x86.Build.0 = Release|Any CPU
		{A0C5DD9C-32C4-4090-B06A-77EB0FFA0F8F}.Debug|Any CPU.ActiveCfg = Debug|Any CPU
		{A0C5DD9C-32C4-4090-B06A-77EB0FFA0F8F}.Debug|Any CPU.Build.0 = Debug|Any CPU
		{A0C5DD9C-32C4-4090-B06A-77EB0FFA0F8F}.Debug|x64.ActiveCfg = Debug|Any CPU
		{A0C5DD9C-32C4-4090-B06A-77EB0FFA0F8F}.Debug|x64.Build.0 = Debug|Any CPU
		{A0C5DD9C-32C4-4090-B06A-77EB0FFA0F8F}.Debug|x86.ActiveCfg = Debug|Any CPU
		{A0C5DD9C-32C4-4090-B06A-77EB0FFA0F8F}.Debug|x86.Build.0 = Debug|Any CPU
		{A0C5DD9C-32C4-4090-B06A-77EB0FFA0F8F}.Release|Any CPU.ActiveCfg = Release|Any CPU
		{A0C5DD9C-32C4-4090-B06A-77EB0FFA0F8F}.Release|Any CPU.Build.0 = Release|Any CPU
		{A0C5DD9C-32C4-4090-B06A-77EB0FFA0F8F}.Release|x64.ActiveCfg = Release|Any CPU
		{A0C5DD9C-32C4-4090-B06A-77EB0FFA0F8F}.Release|x64.Build.0 = Release|Any CPU
		{A0C5DD9C-32C4-4090-B06A-77EB0FFA0F8F}.Release|x86.ActiveCfg = Release|Any CPU
		{A0C5DD9C-32C4-4090-B06A-77EB0FFA0F8F}.Release|x86.Build.0 = Release|Any CPU
	EndGlobalSection
EndGlobal
