
Microsoft Visual Studio Solution File, Format Version 12.00
# Visual Studio Version 17
VisualStudioVersion = 17.0.31903.59
MinimumVisualStudioVersion = 10.0.40219.1
Project("{FAE04EC0-301F-11D3-BF4B-00C04F79EFBC}") = "DecipherThis.Logic", "DecipherThis.Logic\DecipherThis.Logic.csproj", "{7ABFE1F2-6F20-4F4C-BBE9-51EB4B9401B3}"
EndProject
Project("{FAE04EC0-301F-11D3-BF4B-00C04F79EFBC}") = "DecipherThis.UnitTests", "DecipherThis.UnitTests\DecipherThis.UnitTests.csproj", "{AD8B430D-9D16-4811-B217-E28D318515C8}"
EndProject
Global
	GlobalSection(SolutionConfigurationPlatforms) = preSolution
		Debug|Any CPU = Debug|Any CPU
		Release|Any CPU = Release|Any CPU
	EndGlobalSection
	GlobalSection(SolutionProperties) = preSolution
		HideSolutionNode = FALSE
	EndGlobalSection
	GlobalSection(ProjectConfigurationPlatforms) = postSolution
		{7ABFE1F2-6F20-4F4C-BBE9-51EB4B9401B3}.Debug|Any CPU.ActiveCfg = Debug|Any CPU
		{7ABFE1F2-6F20-4F4C-BBE9-51EB4B9401B3}.Debug|Any CPU.Build.0 = Debug|Any CPU
		{7ABFE1F2-6F20-4F4C-BBE9-51EB4B9401B3}.Release|Any CPU.ActiveCfg = Release|Any CPU
		{7ABFE1F2-6F20-4F4C-BBE9-51EB4B9401B3}.Release|Any CPU.Build.0 = Release|Any CPU
		{AD8B430D-9D16-4811-B217-E28D318515C8}.Debug|Any CPU.ActiveCfg = Debug|Any CPU
		{AD8B430D-9D16-4811-B217-E28D318515C8}.Debug|Any CPU.Build.0 = Debug|Any CPU
		{AD8B430D-9D16-4811-B217-E28D318515C8}.Release|Any CPU.ActiveCfg = Release|Any CPU
		{AD8B430D-9D16-4811-B217-E28D318515C8}.Release|Any CPU.Build.0 = Release|Any CPU
	EndGlobalSection
EndGlobal
