
Microsoft Visual Studio Solution File, Format Version 12.00
# Visual Studio Version 17
VisualStudioVersion = 17.0.31903.59
MinimumVisualStudioVersion = 10.0.40219.1
Project("{FAE04EC0-301F-11D3-BF4B-00C04F79EFBC}") = "Day20.Logic", "Day20.Logic\Day20.Logic.csproj", "{08FCA50B-B616-4071-AF03-B1F3E2F497FF}"
EndProject
Project("{FAE04EC0-301F-11D3-BF4B-00C04F79EFBC}") = "Day20.UnitTests", "Day20.UnitTests\Day20.UnitTests.csproj", "{34BB91CB-55B7-4D5A-AFD5-B1339E80883C}"
EndProject
Global
	GlobalSection(SolutionConfigurationPlatforms) = preSolution
		Debug|Any CPU = Debug|Any CPU
		Release|Any CPU = Release|Any CPU
	EndGlobalSection
	GlobalSection(SolutionProperties) = preSolution
		HideSolutionNode = FALSE
	EndGlobalSection
	GlobalSection(ProjectConfigurationPlatforms) = postSolution
		{08FCA50B-B616-4071-AF03-B1F3E2F497FF}.Debug|Any CPU.ActiveCfg = Debug|Any CPU
		{08FCA50B-B616-4071-AF03-B1F3E2F497FF}.Debug|Any CPU.Build.0 = Debug|Any CPU
		{08FCA50B-B616-4071-AF03-B1F3E2F497FF}.Release|Any CPU.ActiveCfg = Release|Any CPU
		{08FCA50B-B616-4071-AF03-B1F3E2F497FF}.Release|Any CPU.Build.0 = Release|Any CPU
		{34BB91CB-55B7-4D5A-AFD5-B1339E80883C}.Debug|Any CPU.ActiveCfg = Debug|Any CPU
		{34BB91CB-55B7-4D5A-AFD5-B1339E80883C}.Debug|Any CPU.Build.0 = Debug|Any CPU
		{34BB91CB-55B7-4D5A-AFD5-B1339E80883C}.Release|Any CPU.ActiveCfg = Release|Any CPU
		{34BB91CB-55B7-4D5A-AFD5-B1339E80883C}.Release|Any CPU.Build.0 = Release|Any CPU
	EndGlobalSection
EndGlobal
