
Microsoft Visual Studio Solution File, Format Version 12.00
# Visual Studio Version 17
VisualStudioVersion = 17.0.31903.59
MinimumVisualStudioVersion = 10.0.40219.1
Project("{FAE04EC0-301F-11D3-BF4B-00C04F79EFBC}") = "AdamAndEve.Logic", "AdamAndEve.Logic\AdamAndEve.Logic.csproj", "{5DDA2B8C-116F-424C-9F9F-B344B531965C}"
EndProject
Project("{FAE04EC0-301F-11D3-BF4B-00C04F79EFBC}") = "AdamAndEve.UnitTests", "AdamAndEve.UnitTests\AdamAndEve.UnitTests.csproj", "{4F3EB704-425A-4313-A5DF-29AD48779958}"
EndProject
Global
	GlobalSection(SolutionConfigurationPlatforms) = preSolution
		Debug|Any CPU = Debug|Any CPU
		Release|Any CPU = Release|Any CPU
	EndGlobalSection
	GlobalSection(SolutionProperties) = preSolution
		HideSolutionNode = FALSE
	EndGlobalSection
	GlobalSection(ProjectConfigurationPlatforms) = postSolution
		{5DDA2B8C-116F-424C-9F9F-B344B531965C}.Debug|Any CPU.ActiveCfg = Debug|Any CPU
		{5DDA2B8C-116F-424C-9F9F-B344B531965C}.Debug|Any CPU.Build.0 = Debug|Any CPU
		{5DDA2B8C-116F-424C-9F9F-B344B531965C}.Release|Any CPU.ActiveCfg = Release|Any CPU
		{5DDA2B8C-116F-424C-9F9F-B344B531965C}.Release|Any CPU.Build.0 = Release|Any CPU
		{4F3EB704-425A-4313-A5DF-29AD48779958}.Debug|Any CPU.ActiveCfg = Debug|Any CPU
		{4F3EB704-425A-4313-A5DF-29AD48779958}.Debug|Any CPU.Build.0 = Debug|Any CPU
		{4F3EB704-425A-4313-A5DF-29AD48779958}.Release|Any CPU.ActiveCfg = Release|Any CPU
		{4F3EB704-425A-4313-A5DF-29AD48779958}.Release|Any CPU.Build.0 = Release|Any CPU
	EndGlobalSection
EndGlobal
