
Microsoft Visual Studio Solution File, Format Version 12.00
# Visual Studio 15
VisualStudioVersion = 15.0.26124.0
MinimumVisualStudioVersion = 15.0.26124.0
Project("{2150E333-8FDC-42A3-9474-1A3956D46DE8}") = "Day1", "Day1", "{2AD317AB-C52E-41A5-BD06-FA08EBDFD106}"
EndProject
Project("{FAE04EC0-301F-11D3-BF4B-00C04F79EFBC}") = "Day1.Logic", "Day1\Day1.Logic\Day1.Logic.csproj", "{1E87B3B9-C937-4D7C-BDBF-EC8ACB4D70FE}"
EndProject
Project("{FAE04EC0-301F-11D3-BF4B-00C04F79EFBC}") = "Day1.UnitTests", "Day1\Day1.UnitTests\Day1.UnitTests.csproj", "{E3A2C8AE-988D-4259-9DC7-B713498A89C5}"
EndProject
Project("{2150E333-8FDC-42A3-9474-1A3956D46DE8}") = "Day2", "Day2", "{DFE44B67-2519-49AD-831B-8DC553371DDB}"
EndProject
Project("{FAE04EC0-301F-11D3-BF4B-00C04F79EFBC}") = "Day2.Logic", "Day2\Day2.Logic\Day2.Logic.csproj", "{46A26D8C-F10E-4549-A9B6-B2856D35DB45}"
EndProject
Project("{FAE04EC0-301F-11D3-BF4B-00C04F79EFBC}") = "Day2.UnitTests", "Day2\Day2.UnitTests\Day2.UnitTests.csproj", "{1DA6C20A-674E-4872-9398-B5AF7BCF0C1D}"
EndProject
Project("{2150E333-8FDC-42A3-9474-1A3956D46DE8}") = "Day3", "Day3", "{EAB12110-135C-49E6-9FA0-DDF3862E1FEA}"
EndProject
Project("{FAE04EC0-301F-11D3-BF4B-00C04F79EFBC}") = "Day3.Logic", "Day3\Day3.Logic\Day3.Logic.csproj", "{F7DB9222-2203-47FB-A5BD-DD29A6574DD4}"
EndProject
Project("{FAE04EC0-301F-11D3-BF4B-00C04F79EFBC}") = "Day3.UnitTests", "Day3\Day3.UnitTests\Day3.UnitTests.csproj", "{7DC2863A-5334-4B7D-BF2E-E39220CB12FA}"
EndProject
Project("{2150E333-8FDC-42A3-9474-1A3956D46DE8}") = "Day4", "Day4", "{15D40059-285A-48DA-ADAF-045E77E53408}"
EndProject
Project("{FAE04EC0-301F-11D3-BF4B-00C04F79EFBC}") = "Day4.Logic", "Day4\Day4.Logic\Day4.Logic.csproj", "{A5823316-7BBF-44A2-9B8A-3FEACB3A4B36}"
EndProject
Project("{FAE04EC0-301F-11D3-BF4B-00C04F79EFBC}") = "Day4.UnitTests", "Day4\Day4.UnitTests\Day4.UnitTests.csproj", "{7BB23740-DA4B-47B9-A5E3-EAC55323E0AD}"
EndProject
Project("{2150E333-8FDC-42A3-9474-1A3956D46DE8}") = "Day5", "Day5", "{E1C58B19-FC14-45E6-BBA8-C01DFF30EBDE}"
EndProject
Project("{FAE04EC0-301F-11D3-BF4B-00C04F79EFBC}") = "Day5.Logic", "Day5\Day5.Logic\Day5.Logic.csproj", "{EAB5CA67-F698-472D-B9E1-78DA3E63B418}"
EndProject
Project("{FAE04EC0-301F-11D3-BF4B-00C04F79EFBC}") = "Day5.UnitTests", "Day5\Day5.UnitTests\Day5.UnitTests.csproj", "{FE10CFF2-F0A4-498C-BC1F-CE2B6011F1D5}"
EndProject
Project("{2150E333-8FDC-42A3-9474-1A3956D46DE8}") = "Day6", "Day6", "{505BABDA-6989-48EE-A9A0-3014EA844123}"
EndProject
Project("{FAE04EC0-301F-11D3-BF4B-00C04F79EFBC}") = "Day6.Logic", "Day6\Day6.Logic\Day6.Logic.csproj", "{825C573C-8DC6-414D-9B1E-7BCB16FF4111}"
EndProject
Project("{FAE04EC0-301F-11D3-BF4B-00C04F79EFBC}") = "Day6.UnitTests", "Day6\Day6.UnitTests\Day6.UnitTests.csproj", "{63DB49C4-111A-4B7C-8E94-71D1B62658EF}"
EndProject
Project("{2150E333-8FDC-42A3-9474-1A3956D46DE8}") = "Day7", "Day7", "{E65FAEE5-2B16-4B52-BEA1-C172AAD0C28B}"
EndProject
Project("{FAE04EC0-301F-11D3-BF4B-00C04F79EFBC}") = "Day7.Logic", "Day7\Day7.Logic\Day7.Logic.csproj", "{AE8E6CE2-CE71-4F7F-826D-6DF302F91531}"
EndProject
Project("{FAE04EC0-301F-11D3-BF4B-00C04F79EFBC}") = "Day7.UnitTests", "Day7\Day7.UnitTests\Day7.UnitTests.csproj", "{DF279ED5-8F18-4648-9475-ED07EA48FB86}"
EndProject
Global
	GlobalSection(SolutionConfigurationPlatforms) = preSolution
		Debug|Any CPU = Debug|Any CPU
		Debug|x64 = Debug|x64
		Debug|x86 = Debug|x86
		Release|Any CPU = Release|Any CPU
		Release|x64 = Release|x64
		Release|x86 = Release|x86
	EndGlobalSection
	GlobalSection(SolutionProperties) = preSolution
		HideSolutionNode = FALSE
	EndGlobalSection
	GlobalSection(ProjectConfigurationPlatforms) = postSolution
		{1E87B3B9-C937-4D7C-BDBF-EC8ACB4D70FE}.Debug|Any CPU.ActiveCfg = Debug|Any CPU
		{1E87B3B9-C937-4D7C-BDBF-EC8ACB4D70FE}.Debug|Any CPU.Build.0 = Debug|Any CPU
		{1E87B3B9-C937-4D7C-BDBF-EC8ACB4D70FE}.Debug|x64.ActiveCfg = Debug|Any CPU
		{1E87B3B9-C937-4D7C-BDBF-EC8ACB4D70FE}.Debug|x64.Build.0 = Debug|Any CPU
		{1E87B3B9-C937-4D7C-BDBF-EC8ACB4D70FE}.Debug|x86.ActiveCfg = Debug|Any CPU
		{1E87B3B9-C937-4D7C-BDBF-EC8ACB4D70FE}.Debug|x86.Build.0 = Debug|Any CPU
		{1E87B3B9-C937-4D7C-BDBF-EC8ACB4D70FE}.Release|Any CPU.ActiveCfg = Release|Any CPU
		{1E87B3B9-C937-4D7C-BDBF-EC8ACB4D70FE}.Release|Any CPU.Build.0 = Release|Any CPU
		{1E87B3B9-C937-4D7C-BDBF-EC8ACB4D70FE}.Release|x64.ActiveCfg = Release|Any CPU
		{1E87B3B9-C937-4D7C-BDBF-EC8ACB4D70FE}.Release|x64.Build.0 = Release|Any CPU
		{1E87B3B9-C937-4D7C-BDBF-EC8ACB4D70FE}.Release|x86.ActiveCfg = Release|Any CPU
		{1E87B3B9-C937-4D7C-BDBF-EC8ACB4D70FE}.Release|x86.Build.0 = Release|Any CPU
		{E3A2C8AE-988D-4259-9DC7-B713498A89C5}.Debug|Any CPU.ActiveCfg = Debug|Any CPU
		{E3A2C8AE-988D-4259-9DC7-B713498A89C5}.Debug|Any CPU.Build.0 = Debug|Any CPU
		{E3A2C8AE-988D-4259-9DC7-B713498A89C5}.Debug|x64.ActiveCfg = Debug|Any CPU
		{E3A2C8AE-988D-4259-9DC7-B713498A89C5}.Debug|x64.Build.0 = Debug|Any CPU
		{E3A2C8AE-988D-4259-9DC7-B713498A89C5}.Debug|x86.ActiveCfg = Debug|Any CPU
		{E3A2C8AE-988D-4259-9DC7-B713498A89C5}.Debug|x86.Build.0 = Debug|Any CPU
		{E3A2C8AE-988D-4259-9DC7-B713498A89C5}.Release|Any CPU.ActiveCfg = Release|Any CPU
		{E3A2C8AE-988D-4259-9DC7-B713498A89C5}.Release|Any CPU.Build.0 = Release|Any CPU
		{E3A2C8AE-988D-4259-9DC7-B713498A89C5}.Release|x64.ActiveCfg = Release|Any CPU
		{E3A2C8AE-988D-4259-9DC7-B713498A89C5}.Release|x64.Build.0 = Release|Any CPU
		{E3A2C8AE-988D-4259-9DC7-B713498A89C5}.Release|x86.ActiveCfg = Release|Any CPU
		{E3A2C8AE-988D-4259-9DC7-B713498A89C5}.Release|x86.Build.0 = Release|Any CPU
		{46A26D8C-F10E-4549-A9B6-B2856D35DB45}.Debug|Any CPU.ActiveCfg = Debug|Any CPU
		{46A26D8C-F10E-4549-A9B6-B2856D35DB45}.Debug|Any CPU.Build.0 = Debug|Any CPU
		{46A26D8C-F10E-4549-A9B6-B2856D35DB45}.Debug|x64.ActiveCfg = Debug|Any CPU
		{46A26D8C-F10E-4549-A9B6-B2856D35DB45}.Debug|x64.Build.0 = Debug|Any CPU
		{46A26D8C-F10E-4549-A9B6-B2856D35DB45}.Debug|x86.ActiveCfg = Debug|Any CPU
		{46A26D8C-F10E-4549-A9B6-B2856D35DB45}.Debug|x86.Build.0 = Debug|Any CPU
		{46A26D8C-F10E-4549-A9B6-B2856D35DB45}.Release|Any CPU.ActiveCfg = Release|Any CPU
		{46A26D8C-F10E-4549-A9B6-B2856D35DB45}.Release|Any CPU.Build.0 = Release|Any CPU
		{46A26D8C-F10E-4549-A9B6-B2856D35DB45}.Release|x64.ActiveCfg = Release|Any CPU
		{46A26D8C-F10E-4549-A9B6-B2856D35DB45}.Release|x64.Build.0 = Release|Any CPU
		{46A26D8C-F10E-4549-A9B6-B2856D35DB45}.Release|x86.ActiveCfg = Release|Any CPU
		{46A26D8C-F10E-4549-A9B6-B2856D35DB45}.Release|x86.Build.0 = Release|Any CPU
		{1DA6C20A-674E-4872-9398-B5AF7BCF0C1D}.Debug|Any CPU.ActiveCfg = Debug|Any CPU
		{1DA6C20A-674E-4872-9398-B5AF7BCF0C1D}.Debug|Any CPU.Build.0 = Debug|Any CPU
		{1DA6C20A-674E-4872-9398-B5AF7BCF0C1D}.Debug|x64.ActiveCfg = Debug|Any CPU
		{1DA6C20A-674E-4872-9398-B5AF7BCF0C1D}.Debug|x64.Build.0 = Debug|Any CPU
		{1DA6C20A-674E-4872-9398-B5AF7BCF0C1D}.Debug|x86.ActiveCfg = Debug|Any CPU
		{1DA6C20A-674E-4872-9398-B5AF7BCF0C1D}.Debug|x86.Build.0 = Debug|Any CPU
		{1DA6C20A-674E-4872-9398-B5AF7BCF0C1D}.Release|Any CPU.ActiveCfg = Release|Any CPU
		{1DA6C20A-674E-4872-9398-B5AF7BCF0C1D}.Release|Any CPU.Build.0 = Release|Any CPU
		{1DA6C20A-674E-4872-9398-B5AF7BCF0C1D}.Release|x64.ActiveCfg = Release|Any CPU
		{1DA6C20A-674E-4872-9398-B5AF7BCF0C1D}.Release|x64.Build.0 = Release|Any CPU
		{1DA6C20A-674E-4872-9398-B5AF7BCF0C1D}.Release|x86.ActiveCfg = Release|Any CPU
		{1DA6C20A-674E-4872-9398-B5AF7BCF0C1D}.Release|x86.Build.0 = Release|Any CPU
		{F7DB9222-2203-47FB-A5BD-DD29A6574DD4}.Debug|Any CPU.ActiveCfg = Debug|Any CPU
		{F7DB9222-2203-47FB-A5BD-DD29A6574DD4}.Debug|Any CPU.Build.0 = Debug|Any CPU
		{F7DB9222-2203-47FB-A5BD-DD29A6574DD4}.Debug|x64.ActiveCfg = Debug|Any CPU
		{F7DB9222-2203-47FB-A5BD-DD29A6574DD4}.Debug|x64.Build.0 = Debug|Any CPU
		{F7DB9222-2203-47FB-A5BD-DD29A6574DD4}.Debug|x86.ActiveCfg = Debug|Any CPU
		{F7DB9222-2203-47FB-A5BD-DD29A6574DD4}.Debug|x86.Build.0 = Debug|Any CPU
		{F7DB9222-2203-47FB-A5BD-DD29A6574DD4}.Release|Any CPU.ActiveCfg = Release|Any CPU
		{F7DB9222-2203-47FB-A5BD-DD29A6574DD4}.Release|Any CPU.Build.0 = Release|Any CPU
		{F7DB9222-2203-47FB-A5BD-DD29A6574DD4}.Release|x64.ActiveCfg = Release|Any CPU
		{F7DB9222-2203-47FB-A5BD-DD29A6574DD4}.Release|x64.Build.0 = Release|Any CPU
		{F7DB9222-2203-47FB-A5BD-DD29A6574DD4}.Release|x86.ActiveCfg = Release|Any CPU
		{F7DB9222-2203-47FB-A5BD-DD29A6574DD4}.Release|x86.Build.0 = Release|Any CPU
		{7DC2863A-5334-4B7D-BF2E-E39220CB12FA}.Debug|Any CPU.ActiveCfg = Debug|Any CPU
		{7DC2863A-5334-4B7D-BF2E-E39220CB12FA}.Debug|Any CPU.Build.0 = Debug|Any CPU
		{7DC2863A-5334-4B7D-BF2E-E39220CB12FA}.Debug|x64.ActiveCfg = Debug|Any CPU
		{7DC2863A-5334-4B7D-BF2E-E39220CB12FA}.Debug|x64.Build.0 = Debug|Any CPU
		{7DC2863A-5334-4B7D-BF2E-E39220CB12FA}.Debug|x86.ActiveCfg = Debug|Any CPU
		{7DC2863A-5334-4B7D-BF2E-E39220CB12FA}.Debug|x86.Build.0 = Debug|Any CPU
		{7DC2863A-5334-4B7D-BF2E-E39220CB12FA}.Release|Any CPU.ActiveCfg = Release|Any CPU
		{7DC2863A-5334-4B7D-BF2E-E39220CB12FA}.Release|Any CPU.Build.0 = Release|Any CPU
		{7DC2863A-5334-4B7D-BF2E-E39220CB12FA}.Release|x64.ActiveCfg = Release|Any CPU
		{7DC2863A-5334-4B7D-BF2E-E39220CB12FA}.Release|x64.Build.0 = Release|Any CPU
		{7DC2863A-5334-4B7D-BF2E-E39220CB12FA}.Release|x86.ActiveCfg = Release|Any CPU
		{7DC2863A-5334-4B7D-BF2E-E39220CB12FA}.Release|x86.Build.0 = Release|Any CPU
		{A5823316-7BBF-44A2-9B8A-3FEACB3A4B36}.Debug|Any CPU.ActiveCfg = Debug|Any CPU
		{A5823316-7BBF-44A2-9B8A-3FEACB3A4B36}.Debug|Any CPU.Build.0 = Debug|Any CPU
		{A5823316-7BBF-44A2-9B8A-3FEACB3A4B36}.Debug|x64.ActiveCfg = Debug|Any CPU
		{A5823316-7BBF-44A2-9B8A-3FEACB3A4B36}.Debug|x64.Build.0 = Debug|Any CPU
		{A5823316-7BBF-44A2-9B8A-3FEACB3A4B36}.Debug|x86.ActiveCfg = Debug|Any CPU
		{A5823316-7BBF-44A2-9B8A-3FEACB3A4B36}.Debug|x86.Build.0 = Debug|Any CPU
		{A5823316-7BBF-44A2-9B8A-3FEACB3A4B36}.Release|Any CPU.ActiveCfg = Release|Any CPU
		{A5823316-7BBF-44A2-9B8A-3FEACB3A4B36}.Release|Any CPU.Build.0 = Release|Any CPU
		{A5823316-7BBF-44A2-9B8A-3FEACB3A4B36}.Release|x64.ActiveCfg = Release|Any CPU
		{A5823316-7BBF-44A2-9B8A-3FEACB3A4B36}.Release|x64.Build.0 = Release|Any CPU
		{A5823316-7BBF-44A2-9B8A-3FEACB3A4B36}.Release|x86.ActiveCfg = Release|Any CPU
		{A5823316-7BBF-44A2-9B8A-3FEACB3A4B36}.Release|x86.Build.0 = Release|Any CPU
		{7BB23740-DA4B-47B9-A5E3-EAC55323E0AD}.Debug|Any CPU.ActiveCfg = Debug|Any CPU
		{7BB23740-DA4B-47B9-A5E3-EAC55323E0AD}.Debug|Any CPU.Build.0 = Debug|Any CPU
		{7BB23740-DA4B-47B9-A5E3-EAC55323E0AD}.Debug|x64.ActiveCfg = Debug|Any CPU
		{7BB23740-DA4B-47B9-A5E3-EAC55323E0AD}.Debug|x64.Build.0 = Debug|Any CPU
		{7BB23740-DA4B-47B9-A5E3-EAC55323E0AD}.Debug|x86.ActiveCfg = Debug|Any CPU
		{7BB23740-DA4B-47B9-A5E3-EAC55323E0AD}.Debug|x86.Build.0 = Debug|Any CPU
		{7BB23740-DA4B-47B9-A5E3-EAC55323E0AD}.Release|Any CPU.ActiveCfg = Release|Any CPU
		{7BB23740-DA4B-47B9-A5E3-EAC55323E0AD}.Release|Any CPU.Build.0 = Release|Any CPU
		{7BB23740-DA4B-47B9-A5E3-EAC55323E0AD}.Release|x64.ActiveCfg = Release|Any CPU
		{7BB23740-DA4B-47B9-A5E3-EAC55323E0AD}.Release|x64.Build.0 = Release|Any CPU
		{7BB23740-DA4B-47B9-A5E3-EAC55323E0AD}.Release|x86.ActiveCfg = Release|Any CPU
		{7BB23740-DA4B-47B9-A5E3-EAC55323E0AD}.Release|x86.Build.0 = Release|Any CPU
		{EAB5CA67-F698-472D-B9E1-78DA3E63B418}.Debug|Any CPU.ActiveCfg = Debug|Any CPU
		{EAB5CA67-F698-472D-B9E1-78DA3E63B418}.Debug|Any CPU.Build.0 = Debug|Any CPU
		{EAB5CA67-F698-472D-B9E1-78DA3E63B418}.Debug|x64.ActiveCfg = Debug|Any CPU
		{EAB5CA67-F698-472D-B9E1-78DA3E63B418}.Debug|x64.Build.0 = Debug|Any CPU
		{EAB5CA67-F698-472D-B9E1-78DA3E63B418}.Debug|x86.ActiveCfg = Debug|Any CPU
		{EAB5CA67-F698-472D-B9E1-78DA3E63B418}.Debug|x86.Build.0 = Debug|Any CPU
		{EAB5CA67-F698-472D-B9E1-78DA3E63B418}.Release|Any CPU.ActiveCfg = Release|Any CPU
		{EAB5CA67-F698-472D-B9E1-78DA3E63B418}.Release|Any CPU.Build.0 = Release|Any CPU
		{EAB5CA67-F698-472D-B9E1-78DA3E63B418}.Release|x64.ActiveCfg = Release|Any CPU
		{EAB5CA67-F698-472D-B9E1-78DA3E63B418}.Release|x64.Build.0 = Release|Any CPU
		{EAB5CA67-F698-472D-B9E1-78DA3E63B418}.Release|x86.ActiveCfg = Release|Any CPU
		{EAB5CA67-F698-472D-B9E1-78DA3E63B418}.Release|x86.Build.0 = Release|Any CPU
		{FE10CFF2-F0A4-498C-BC1F-CE2B6011F1D5}.Debug|Any CPU.ActiveCfg = Debug|Any CPU
		{FE10CFF2-F0A4-498C-BC1F-CE2B6011F1D5}.Debug|Any CPU.Build.0 = Debug|Any CPU
		{FE10CFF2-F0A4-498C-BC1F-CE2B6011F1D5}.Debug|x64.ActiveCfg = Debug|Any CPU
		{FE10CFF2-F0A4-498C-BC1F-CE2B6011F1D5}.Debug|x64.Build.0 = Debug|Any CPU
		{FE10CFF2-F0A4-498C-BC1F-CE2B6011F1D5}.Debug|x86.ActiveCfg = Debug|Any CPU
		{FE10CFF2-F0A4-498C-BC1F-CE2B6011F1D5}.Debug|x86.Build.0 = Debug|Any CPU
		{FE10CFF2-F0A4-498C-BC1F-CE2B6011F1D5}.Release|Any CPU.ActiveCfg = Release|Any CPU
		{FE10CFF2-F0A4-498C-BC1F-CE2B6011F1D5}.Release|Any CPU.Build.0 = Release|Any CPU
		{FE10CFF2-F0A4-498C-BC1F-CE2B6011F1D5}.Release|x64.ActiveCfg = Release|Any CPU
		{FE10CFF2-F0A4-498C-BC1F-CE2B6011F1D5}.Release|x64.Build.0 = Release|Any CPU
		{FE10CFF2-F0A4-498C-BC1F-CE2B6011F1D5}.Release|x86.ActiveCfg = Release|Any CPU
		{FE10CFF2-F0A4-498C-BC1F-CE2B6011F1D5}.Release|x86.Build.0 = Release|Any CPU
		{825C573C-8DC6-414D-9B1E-7BCB16FF4111}.Debug|Any CPU.ActiveCfg = Debug|Any CPU
		{825C573C-8DC6-414D-9B1E-7BCB16FF4111}.Debug|Any CPU.Build.0 = Debug|Any CPU
		{825C573C-8DC6-414D-9B1E-7BCB16FF4111}.Debug|x64.ActiveCfg = Debug|Any CPU
		{825C573C-8DC6-414D-9B1E-7BCB16FF4111}.Debug|x64.Build.0 = Debug|Any CPU
		{825C573C-8DC6-414D-9B1E-7BCB16FF4111}.Debug|x86.ActiveCfg = Debug|Any CPU
		{825C573C-8DC6-414D-9B1E-7BCB16FF4111}.Debug|x86.Build.0 = Debug|Any CPU
		{825C573C-8DC6-414D-9B1E-7BCB16FF4111}.Release|Any CPU.ActiveCfg = Release|Any CPU
		{825C573C-8DC6-414D-9B1E-7BCB16FF4111}.Release|Any CPU.Build.0 = Release|Any CPU
		{825C573C-8DC6-414D-9B1E-7BCB16FF4111}.Release|x64.ActiveCfg = Release|Any CPU
		{825C573C-8DC6-414D-9B1E-7BCB16FF4111}.Release|x64.Build.0 = Release|Any CPU
		{825C573C-8DC6-414D-9B1E-7BCB16FF4111}.Release|x86.ActiveCfg = Release|Any CPU
		{825C573C-8DC6-414D-9B1E-7BCB16FF4111}.Release|x86.Build.0 = Release|Any CPU
		{63DB49C4-111A-4B7C-8E94-71D1B62658EF}.Debug|Any CPU.ActiveCfg = Debug|Any CPU
		{63DB49C4-111A-4B7C-8E94-71D1B62658EF}.Debug|Any CPU.Build.0 = Debug|Any CPU
		{63DB49C4-111A-4B7C-8E94-71D1B62658EF}.Debug|x64.ActiveCfg = Debug|Any CPU
		{63DB49C4-111A-4B7C-8E94-71D1B62658EF}.Debug|x64.Build.0 = Debug|Any CPU
		{63DB49C4-111A-4B7C-8E94-71D1B62658EF}.Debug|x86.ActiveCfg = Debug|Any CPU
		{63DB49C4-111A-4B7C-8E94-71D1B62658EF}.Debug|x86.Build.0 = Debug|Any CPU
		{63DB49C4-111A-4B7C-8E94-71D1B62658EF}.Release|Any CPU.ActiveCfg = Release|Any CPU
		{63DB49C4-111A-4B7C-8E94-71D1B62658EF}.Release|Any CPU.Build.0 = Release|Any CPU
		{63DB49C4-111A-4B7C-8E94-71D1B62658EF}.Release|x64.ActiveCfg = Release|Any CPU
		{63DB49C4-111A-4B7C-8E94-71D1B62658EF}.Release|x64.Build.0 = Release|Any CPU
		{63DB49C4-111A-4B7C-8E94-71D1B62658EF}.Release|x86.ActiveCfg = Release|Any CPU
		{63DB49C4-111A-4B7C-8E94-71D1B62658EF}.Release|x86.Build.0 = Release|Any CPU
		{AE8E6CE2-CE71-4F7F-826D-6DF302F91531}.Debug|Any CPU.ActiveCfg = Debug|Any CPU
		{AE8E6CE2-CE71-4F7F-826D-6DF302F91531}.Debug|Any CPU.Build.0 = Debug|Any CPU
		{AE8E6CE2-CE71-4F7F-826D-6DF302F91531}.Debug|x64.ActiveCfg = Debug|Any CPU
		{AE8E6CE2-CE71-4F7F-826D-6DF302F91531}.Debug|x64.Build.0 = Debug|Any CPU
		{AE8E6CE2-CE71-4F7F-826D-6DF302F91531}.Debug|x86.ActiveCfg = Debug|Any CPU
		{AE8E6CE2-CE71-4F7F-826D-6DF302F91531}.Debug|x86.Build.0 = Debug|Any CPU
		{AE8E6CE2-CE71-4F7F-826D-6DF302F91531}.Release|Any CPU.ActiveCfg = Release|Any CPU
		{AE8E6CE2-CE71-4F7F-826D-6DF302F91531}.Release|Any CPU.Build.0 = Release|Any CPU
		{AE8E6CE2-CE71-4F7F-826D-6DF302F91531}.Release|x64.ActiveCfg = Release|Any CPU
		{AE8E6CE2-CE71-4F7F-826D-6DF302F91531}.Release|x64.Build.0 = Release|Any CPU
		{AE8E6CE2-CE71-4F7F-826D-6DF302F91531}.Release|x86.ActiveCfg = Release|Any CPU
		{AE8E6CE2-CE71-4F7F-826D-6DF302F91531}.Release|x86.Build.0 = Release|Any CPU
		{DF279ED5-8F18-4648-9475-ED07EA48FB86}.Debug|Any CPU.ActiveCfg = Debug|Any CPU
		{DF279ED5-8F18-4648-9475-ED07EA48FB86}.Debug|Any CPU.Build.0 = Debug|Any CPU
		{DF279ED5-8F18-4648-9475-ED07EA48FB86}.Debug|x64.ActiveCfg = Debug|Any CPU
		{DF279ED5-8F18-4648-9475-ED07EA48FB86}.Debug|x64.Build.0 = Debug|Any CPU
		{DF279ED5-8F18-4648-9475-ED07EA48FB86}.Debug|x86.ActiveCfg = Debug|Any CPU
		{DF279ED5-8F18-4648-9475-ED07EA48FB86}.Debug|x86.Build.0 = Debug|Any CPU
		{DF279ED5-8F18-4648-9475-ED07EA48FB86}.Release|Any CPU.ActiveCfg = Release|Any CPU
		{DF279ED5-8F18-4648-9475-ED07EA48FB86}.Release|Any CPU.Build.0 = Release|Any CPU
		{DF279ED5-8F18-4648-9475-ED07EA48FB86}.Release|x64.ActiveCfg = Release|Any CPU
		{DF279ED5-8F18-4648-9475-ED07EA48FB86}.Release|x64.Build.0 = Release|Any CPU
		{DF279ED5-8F18-4648-9475-ED07EA48FB86}.Release|x86.ActiveCfg = Release|Any CPU
		{DF279ED5-8F18-4648-9475-ED07EA48FB86}.Release|x86.Build.0 = Release|Any CPU
	EndGlobalSection
	GlobalSection(NestedProjects) = preSolution
		{1E87B3B9-C937-4D7C-BDBF-EC8ACB4D70FE} = {2AD317AB-C52E-41A5-BD06-FA08EBDFD106}
		{E3A2C8AE-988D-4259-9DC7-B713498A89C5} = {2AD317AB-C52E-41A5-BD06-FA08EBDFD106}
		{46A26D8C-F10E-4549-A9B6-B2856D35DB45} = {DFE44B67-2519-49AD-831B-8DC553371DDB}
		{1DA6C20A-674E-4872-9398-B5AF7BCF0C1D} = {DFE44B67-2519-49AD-831B-8DC553371DDB}
		{F7DB9222-2203-47FB-A5BD-DD29A6574DD4} = {EAB12110-135C-49E6-9FA0-DDF3862E1FEA}
		{7DC2863A-5334-4B7D-BF2E-E39220CB12FA} = {EAB12110-135C-49E6-9FA0-DDF3862E1FEA}
		{A5823316-7BBF-44A2-9B8A-3FEACB3A4B36} = {15D40059-285A-48DA-ADAF-045E77E53408}
		{7BB23740-DA4B-47B9-A5E3-EAC55323E0AD} = {15D40059-285A-48DA-ADAF-045E77E53408}
		{EAB5CA67-F698-472D-B9E1-78DA3E63B418} = {E1C58B19-FC14-45E6-BBA8-C01DFF30EBDE}
		{FE10CFF2-F0A4-498C-BC1F-CE2B6011F1D5} = {E1C58B19-FC14-45E6-BBA8-C01DFF30EBDE}
		{825C573C-8DC6-414D-9B1E-7BCB16FF4111} = {505BABDA-6989-48EE-A9A0-3014EA844123}
		{63DB49C4-111A-4B7C-8E94-71D1B62658EF} = {505BABDA-6989-48EE-A9A0-3014EA844123}
		{AE8E6CE2-CE71-4F7F-826D-6DF302F91531} = {E65FAEE5-2B16-4B52-BEA1-C172AAD0C28B}
		{DF279ED5-8F18-4648-9475-ED07EA48FB86} = {E65FAEE5-2B16-4B52-BEA1-C172AAD0C28B}
	EndGlobalSection
EndGlobal
